{
  "version": 4,
  "terraform_version": "1.12.2",
  "serial": 263,
  "lineage": "50072b6b-be23-33a8-5d48-bb2764433b59",
  "outputs": {
    "aws_region": {
      "value": "ap-south-1",
      "type": "string"
    },
    "cicd_user_access_key_id": {
      "value": "AKIATZEETRH5P25LKYRF",
      "type": "string",
      "sensitive": true
    },
    "cicd_user_secret_access_key": {
      "value": "92a9Nq4aqQaIaaN1+XBNMKxchi3lOFoprK4qTAoU",
      "type": "string",
      "sensitive": true
    },
    "cluster_arn": {
      "value": "arn:aws:eks:ap-south-1:260123625978:cluster/learnsphere-cluster",
      "type": "string"
    },
    "cluster_endpoint": {
      "value": "https://9F70B750EDF8F237CC310A3124C7A53A.gr7.ap-south-1.eks.amazonaws.com",
      "type": "string"
    },
    "cluster_name": {
      "value": "learnsphere-cluster",
      "type": "string"
    },
    "cluster_oidc_issuer_url": {
      "value": "https://oidc.eks.ap-south-1.amazonaws.com/id/9F70B750EDF8F237CC310A3124C7A53A",
      "type": "string"
    },
    "ecr_repository_urls": {
      "value": {
        "auth_service": "260123625978.dkr.ecr.ap-south-1.amazonaws.com/learnsphere/auth-service",
        "course_service": "260123625978.dkr.ecr.ap-south-1.amazonaws.com/learnsphere/course-service",
        "enrollment_service": "260123625978.dkr.ecr.ap-south-1.amazonaws.com/learnsphere/enrollment-service",
        "media_service": "260123625978.dkr.ecr.ap-south-1.amazonaws.com/learnsphere/media-service",
        "notification_service": "260123625978.dkr.ecr.ap-south-1.amazonaws.com/learnsphere/notification-service",
        "user_service": "260123625978.dkr.ecr.ap-south-1.amazonaws.com/learnsphere/user-service"
      },
      "type": [
        "object",
        {
          "auth_service": "string",
          "course_service": "string",
          "enrollment_service": "string",
          "media_service": "string",
          "notification_service": "string",
          "user_service": "string"
        }
      ]
    },
    "media_service_access_key_id": {
      "value": "AKIATZEETRH5KFFSSQ4J",
      "type": "string",
      "sensitive": true
    },
    "media_service_secret_access_key": {
      "value": "1XrzDJ5w1s7xS4y8KimE3Gx6wSXb9B/VQxwZNAo/",
      "type": "string",
      "sensitive": true
    },
    "private_subnet_ids": {
      "value": [
        "subnet-09d891d297e5da53f",
        "subnet-03fbc737a43ee9792",
        "subnet-0b14807209f4d1c1c"
      ],
      "type": [
        "tuple",
        [
          "string",
          "string",
          "string"
        ]
      ]
    },
    "public_subnet_ids": {
      "value": [
        "subnet-08a135f30d6741541",
        "subnet-0e742a7bd61eaaad8",
        "subnet-06bb79fb16ebadf82"
      ],
      "type": [
        "tuple",
        [
          "string",
          "string",
          "string"
        ]
      ]
    },
    "s3_processed_media_bucket_name": {
      "value": "learnsphere-processed-media-whla9qxi",
      "type": "string"
    },
    "s3_raw_uploads_bucket_name": {
      "value": "learnsphere-raw-uploads-whla9qxi",
      "type": "string"
    },
    "sqs_s3_events_queue_url": {
      "value": "https://sqs.ap-south-1.amazonaws.com/260123625978/learnsphere-s3-events-queue",
      "type": "string"
    },
    "vpc_id": {
      "value": "vpc-035924343cca7a2a3",
      "type": "string"
    }
  },
  "resources": [
    {
      "mode": "managed",
      "type": "aws_iam_access_key",
      "name": "cicd_user_key",
      "provider": "provider[\"registry.terraform.io/hashicorp/aws\"]",
      "instances": [
        {
          "schema_version": 0,
          "attributes": {
            "create_date": "2025-07-03T03:02:22Z",
            "encrypted_secret": null,
            "encrypted_ses_smtp_password_v4": null,
            "id": "AKIATZEETRH5P25LKYRF",
            "key_fingerprint": null,
            "pgp_key": null,
            "secret": "92a9Nq4aqQaIaaN1+XBNMKxchi3lOFoprK4qTAoU",
            "ses_smtp_password_v4": "BHCm+cHGb26OABhumHQKsrXF4DN89suc2vXgwRTpRouP",
            "status": "Active",
            "user": "learnsphere-cicd-user"
          },
          "sensitive_attributes": [
            [
              {
                "type": "get_attr",
                "value": "secret"
              }
            ],
            [
              {
                "type": "get_attr",
                "value": "ses_smtp_password_v4"
              }
            ]
          ],
          "identity_schema_version": 0,
          "private": "bnVsbA==",
          "dependencies": [
            "aws_iam_user.cicd_user"
          ]
        }
      ]
    },
    {
      "mode": "managed",
      "type": "aws_iam_access_key",
      "name": "media_service_user_key",
      "provider": "provider[\"registry.terraform.io/hashicorp/aws\"]",
      "instances": [
        {
          "schema_version": 0,
          "attributes": {
            "create_date": "2025-07-03T03:02:22Z",
            "encrypted_secret": null,
            "encrypted_ses_smtp_password_v4": null,
            "id": "AKIATZEETRH5KFFSSQ4J",
            "key_fingerprint": null,
            "pgp_key": null,
            "secret": "1XrzDJ5w1s7xS4y8KimE3Gx6wSXb9B/VQxwZNAo/",
            "ses_smtp_password_v4": "BFQZGr+yu9QjkQfZthLqUsiegzAmNFncy+udCXhoWzxr",
            "status": "Active",
            "user": "learnsphere-media-service-user"
          },
          "sensitive_attributes": [
            [
              {
                "type": "get_attr",
                "value": "secret"
              }
            ],
            [
              {
                "type": "get_attr",
                "value": "ses_smtp_password_v4"
              }
            ]
          ],
          "identity_schema_version": 0,
          "private": "bnVsbA==",
          "dependencies": [
            "aws_iam_user.media_service_user"
          ]
        }
      ]
    },
    {
      "mode": "managed",
      "type": "aws_iam_policy",
      "name": "cicd_policy",
      "provider": "provider[\"registry.terraform.io/hashicorp/aws\"]",
      "instances": [
        {
          "schema_version": 0,
          "attributes": {
            "arn": "arn:aws:iam::260123625978:policy/learnsphere-CICDPolicy",
            "attachment_count": 1,
            "description": "Permissions for the LearnSphere GitHub Actions CI/CD pipeline",
            "id": "arn:aws:iam::260123625978:policy/learnsphere-CICDPolicy",
            "name": "learnsphere-CICDPolicy",
            "name_prefix": "",
            "path": "/",
            "policy": "{\"Statement\":[{\"Action\":\"ecr:GetAuthorizationToken\",\"Effect\":\"Allow\",\"Resource\":\"*\"},{\"Action\":[\"ecr:CompleteLayerUpload\",\"ecr:UploadLayerPart\",\"ecr:InitiateLayerUpload\",\"ecr:BatchCheckLayerAvailability\",\"ecr:PutImage\"],\"Effect\":\"Allow\",\"Resource\":[\"arn:aws:ecr:ap-south-1:260123625978:repository/learnsphere/auth-service\",\"arn:aws:ecr:ap-south-1:260123625978:repository/learnsphere/user-service\",\"arn:aws:ecr:ap-south-1:260123625978:repository/learnsphere/media-service\",\"arn:aws:ecr:ap-south-1:260123625978:repository/learnsphere/notification-service\",\"arn:aws:ecr:ap-south-1:260123625978:repository/learnsphere/course-service\",\"arn:aws:ecr:ap-south-1:260123625978:repository/learnsphere/enrollment-service\"]},{\"Action\":\"eks:DescribeCluster\",\"Effect\":\"Allow\",\"Resource\":\"arn:aws:eks:ap-south-1:260123625978:cluster/learnsphere-cluster\"}],\"Version\":\"2012-10-17\"}",
            "policy_id": "ANPATZEETRH5GHLTAUGOQ",
            "tags": {},
            "tags_all": {}
          },
          "sensitive_attributes": [],
          "identity_schema_version": 0,
          "private": "bnVsbA==",
          "dependencies": [
            "aws_iam_user.cicd_user",
            "module.ecr_auth_service.aws_ecr_repository.repo",
            "module.ecr_course_service.aws_ecr_repository.repo",
            "module.ecr_enrollment_service.aws_ecr_repository.repo",
            "module.ecr_media_service.aws_ecr_repository.repo",
            "module.ecr_notification_service.aws_ecr_repository.repo",
            "module.ecr_user_service.aws_ecr_repository.repo",
            "module.eks.module.eks.aws_cloudwatch_log_group.this",
            "module.eks.module.eks.aws_eks_access_entry.this",
            "module.eks.module.eks.aws_eks_access_policy_association.this",
            "module.eks.module.eks.aws_eks_cluster.this",
            "module.eks.module.eks.aws_iam_policy.cni_ipv6_policy",
            "module.eks.module.eks.aws_iam_role.this",
            "module.eks.module.eks.aws_iam_role_policy_attachment.this",
            "module.eks.module.eks.aws_security_group.cluster",
            "module.eks.module.eks.aws_security_group.node",
            "module.eks.module.eks.aws_security_group_rule.cluster",
            "module.eks.module.eks.aws_security_group_rule.node",
            "module.eks.module.eks.data.aws_caller_identity.current",
            "module.eks.module.eks.data.aws_iam_policy_document.assume_role_policy",
            "module.eks.module.eks.data.aws_iam_policy_document.cni_ipv6_policy",
            "module.eks.module.eks.data.aws_iam_session_context.current",
            "module.eks.module.eks.data.aws_partition.current",
            "module.eks.module.eks.module.kms.aws_kms_external_key.this",
            "module.eks.module.eks.module.kms.aws_kms_key.this",
            "module.eks.module.eks.module.kms.aws_kms_replica_external_key.this",
            "module.eks.module.eks.module.kms.aws_kms_replica_key.this",
            "module.eks.module.eks.module.kms.data.aws_caller_identity.current",
            "module.eks.module.eks.module.kms.data.aws_iam_policy_document.this",
            "module.eks.module.eks.module.kms.data.aws_partition.current",
            "module.vpc.module.vpc.aws_subnet.private",
            "module.vpc.module.vpc.aws_vpc.this",
            "module.vpc.module.vpc.aws_vpc_ipv4_cidr_block_association.this"
          ]
        }
      ]
    },
    {
      "mode": "managed",
      "type": "aws_iam_policy",
      "name": "media_service_policy",
      "provider": "provider[\"registry.terraform.io/hashicorp/aws\"]",
      "instances": [
        {
          "schema_version": 0,
          "attributes": {
            "arn": "arn:aws:iam::260123625978:policy/learnsphere-MediaServicePolicy",
            "attachment_count": 1,
            "description": "Permissions for the LearnSphere media-service application",
            "id": "arn:aws:iam::260123625978:policy/learnsphere-MediaServicePolicy",
            "name": "learnsphere-MediaServicePolicy",
            "name_prefix": "",
            "path": "/",
            "policy": "{\"Statement\":[{\"Action\":[\"s3:PutObject\",\"s3:GetObject\",\"s3:GetObjectTagging\"],\"Effect\":\"Allow\",\"Resource\":[\"arn:aws:s3:::learnsphere-raw-uploads-whla9qxi/*\",\"arn:aws:s3:::learnsphere-processed-media-whla9qxi/*\"]},{\"Action\":[\"sqs:ReceiveMessage\",\"sqs:DeleteMessage\",\"sqs:GetQueueAttributes\"],\"Effect\":\"Allow\",\"Resource\":\"arn:aws:sqs:ap-south-1:260123625978:learnsphere-s3-events-queue\"}],\"Version\":\"2012-10-17\"}",
            "policy_id": "ANPATZEETRH5C4K5P7JO7",
            "tags": {},
            "tags_all": {}
          },
          "sensitive_attributes": [],
          "identity_schema_version": 0,
          "private": "bnVsbA==",
          "dependencies": [
            "aws_s3_bucket.processed_media",
            "aws_s3_bucket.raw_uploads",
            "aws_sqs_queue.s3_events_dlq",
            "aws_sqs_queue.s3_events_queue",
            "random_string.bucket_suffix"
          ]
        }
      ]
    },
    {
      "mode": "managed",
      "type": "aws_iam_user",
      "name": "cicd_user",
      "provider": "provider[\"registry.terraform.io/hashicorp/aws\"]",
      "instances": [
        {
          "schema_version": 0,
          "attributes": {
            "arn": "arn:aws:iam::260123625978:user/learnsphere-cicd-user",
            "force_destroy": false,
            "id": "learnsphere-cicd-user",
            "name": "learnsphere-cicd-user",
            "path": "/",
            "permissions_boundary": "",
            "tags": {},
            "tags_all": {},
            "unique_id": "AIDATZEETRH5I2I76EB44"
          },
          "sensitive_attributes": [],
          "identity_schema_version": 0,
          "private": "bnVsbA=="
        }
      ]
    },
    {
      "mode": "managed",
      "type": "aws_iam_user",
      "name": "media_service_user",
      "provider": "provider[\"registry.terraform.io/hashicorp/aws\"]",
      "instances": [
        {
          "schema_version": 0,
          "attributes": {
            "arn": "arn:aws:iam::260123625978:user/learnsphere-media-service-user",
            "force_destroy": false,
            "id": "learnsphere-media-service-user",
            "name": "learnsphere-media-service-user",
            "path": "/",
            "permissions_boundary": "",
            "tags": {},
            "tags_all": {},
            "unique_id": "AIDATZEETRH5NAP4S42GY"
          },
          "sensitive_attributes": [],
          "identity_schema_version": 0,
          "private": "bnVsbA=="
        }
      ]
    },
    {
      "mode": "managed",
      "type": "aws_iam_user_policy_attachment",
      "name": "cicd_attach",
      "provider": "provider[\"registry.terraform.io/hashicorp/aws\"]",
      "instances": [
        {
          "schema_version": 0,
          "attributes": {
            "id": "learnsphere-cicd-user-20250703030223116900000002",
            "policy_arn": "arn:aws:iam::260123625978:policy/learnsphere-CICDPolicy",
            "user": "learnsphere-cicd-user"
          },
          "sensitive_attributes": [],
          "identity_schema_version": 0,
          "private": "bnVsbA==",
          "dependencies": [
            "aws_iam_policy.cicd_policy",
            "aws_iam_user.cicd_user",
            "module.ecr_auth_service.aws_ecr_repository.repo",
            "module.ecr_course_service.aws_ecr_repository.repo",
            "module.ecr_enrollment_service.aws_ecr_repository.repo",
            "module.ecr_media_service.aws_ecr_repository.repo",
            "module.ecr_notification_service.aws_ecr_repository.repo",
            "module.ecr_user_service.aws_ecr_repository.repo",
            "module.eks.module.eks.aws_cloudwatch_log_group.this",
            "module.eks.module.eks.aws_eks_access_entry.this",
            "module.eks.module.eks.aws_eks_access_policy_association.this",
            "module.eks.module.eks.aws_eks_cluster.this",
            "module.eks.module.eks.aws_iam_policy.cni_ipv6_policy",
            "module.eks.module.eks.aws_iam_role.this",
            "module.eks.module.eks.aws_iam_role_policy_attachment.this",
            "module.eks.module.eks.aws_security_group.cluster",
            "module.eks.module.eks.aws_security_group.node",
            "module.eks.module.eks.aws_security_group_rule.cluster",
            "module.eks.module.eks.aws_security_group_rule.node",
            "module.eks.module.eks.data.aws_caller_identity.current",
            "module.eks.module.eks.data.aws_iam_policy_document.assume_role_policy",
            "module.eks.module.eks.data.aws_iam_policy_document.cni_ipv6_policy",
            "module.eks.module.eks.data.aws_iam_session_context.current",
            "module.eks.module.eks.data.aws_partition.current",
            "module.eks.module.eks.module.kms.aws_kms_external_key.this",
            "module.eks.module.eks.module.kms.aws_kms_key.this",
            "module.eks.module.eks.module.kms.aws_kms_replica_external_key.this",
            "module.eks.module.eks.module.kms.aws_kms_replica_key.this",
            "module.eks.module.eks.module.kms.data.aws_caller_identity.current",
            "module.eks.module.eks.module.kms.data.aws_iam_policy_document.this",
            "module.eks.module.eks.module.kms.data.aws_partition.current",
            "module.vpc.module.vpc.aws_subnet.private",
            "module.vpc.module.vpc.aws_vpc.this",
            "module.vpc.module.vpc.aws_vpc_ipv4_cidr_block_association.this"
          ]
        }
      ]
    },
    {
      "mode": "managed",
      "type": "aws_iam_user_policy_attachment",
      "name": "media_service_attach",
      "provider": "provider[\"registry.terraform.io/hashicorp/aws\"]",
      "instances": [
        {
          "schema_version": 0,
          "attributes": {
            "id": "learnsphere-media-service-user-20250703030222960700000001",
            "policy_arn": "arn:aws:iam::260123625978:policy/learnsphere-MediaServicePolicy",
            "user": "learnsphere-media-service-user"
          },
          "sensitive_attributes": [],
          "identity_schema_version": 0,
          "private": "bnVsbA==",
          "dependencies": [
            "aws_iam_policy.media_service_policy",
            "aws_iam_user.media_service_user",
            "aws_s3_bucket.processed_media",
            "aws_s3_bucket.raw_uploads",
            "aws_sqs_queue.s3_events_dlq",
            "aws_sqs_queue.s3_events_queue",
            "random_string.bucket_suffix"
          ]
        }
      ]
    },
    {
      "mode": "managed",
      "type": "aws_s3_bucket",
      "name": "processed_media",
      "provider": "provider[\"registry.terraform.io/hashicorp/aws\"]",
      "instances": [
        {
          "schema_version": 0,
          "attributes": {
            "acceleration_status": "",
            "acl": null,
            "arn": "arn:aws:s3:::learnsphere-processed-media-whla9qxi",
            "bucket": "learnsphere-processed-media-whla9qxi",
            "bucket_domain_name": "learnsphere-processed-media-whla9qxi.s3.amazonaws.com",
            "bucket_prefix": "",
            "bucket_regional_domain_name": "learnsphere-processed-media-whla9qxi.s3.ap-south-1.amazonaws.com",
            "cors_rule": [],
            "force_destroy": false,
            "grant": [
              {
                "id": "fdb3128cb3b1825076d93c09b49550de4ef9d55de0261a3fc3207c4dfe5ccf33",
                "permissions": [
                  "FULL_CONTROL"
                ],
                "type": "CanonicalUser",
                "uri": ""
              }
            ],
            "hosted_zone_id": "Z11RGJOFQNVJUP",
            "id": "learnsphere-processed-media-whla9qxi",
            "lifecycle_rule": [],
            "logging": [],
            "object_lock_configuration": [],
            "object_lock_enabled": false,
            "policy": "{\"Statement\":[{\"Action\":\"s3:GetObject\",\"Effect\":\"Allow\",\"Principal\":\"*\",\"Resource\":\"arn:aws:s3:::learnsphere-processed-media-whla9qxi/*\"}],\"Version\":\"2012-10-17\"}",
            "region": "ap-south-1",
            "replication_configuration": [],
            "request_payer": "BucketOwner",
            "server_side_encryption_configuration": [
              {
                "rule": [
                  {
                    "apply_server_side_encryption_by_default": [
                      {
                        "kms_master_key_id": "",
                        "sse_algorithm": "AES256"
                      }
                    ],
                    "bucket_key_enabled": false
                  }
                ]
              }
            ],
            "tags": {},
            "tags_all": {},
            "timeouts": null,
            "versioning": [
              {
                "enabled": false,
                "mfa_delete": false
              }
            ],
            "website": [],
            "website_domain": null,
            "website_endpoint": null
          },
          "sensitive_attributes": [],
          "identity_schema_version": 0,
          "private": "eyJlMmJmYjczMC1lY2FhLTExZTYtOGY4OC0zNDM2M2JjN2M0YzAiOnsiY3JlYXRlIjoxMjAwMDAwMDAwMDAwLCJkZWxldGUiOjM2MDAwMDAwMDAwMDAsInJlYWQiOjEyMDAwMDAwMDAwMDAsInVwZGF0ZSI6MTIwMDAwMDAwMDAwMH19",
          "dependencies": [
            "random_string.bucket_suffix"
          ]
        }
      ]
    },
    {
      "mode": "managed",
      "type": "aws_s3_bucket",
      "name": "raw_uploads",
      "provider": "provider[\"registry.terraform.io/hashicorp/aws\"]",
      "instances": [
        {
          "schema_version": 0,
          "attributes": {
            "acceleration_status": "",
            "acl": null,
            "arn": "arn:aws:s3:::learnsphere-raw-uploads-whla9qxi",
            "bucket": "learnsphere-raw-uploads-whla9qxi",
            "bucket_domain_name": "learnsphere-raw-uploads-whla9qxi.s3.amazonaws.com",
            "bucket_prefix": "",
            "bucket_regional_domain_name": "learnsphere-raw-uploads-whla9qxi.s3.ap-south-1.amazonaws.com",
            "cors_rule": [
              {
                "allowed_headers": [
                  "*"
                ],
                "allowed_methods": [
                  "POST",
                  "PUT"
                ],
                "allowed_origins": [
                  "*"
                ],
                "expose_headers": [
                  "ETag"
                ],
                "max_age_seconds": 3000
              }
            ],
            "force_destroy": false,
            "grant": [
              {
                "id": "fdb3128cb3b1825076d93c09b49550de4ef9d55de0261a3fc3207c4dfe5ccf33",
                "permissions": [
                  "FULL_CONTROL"
                ],
                "type": "CanonicalUser",
                "uri": ""
              }
            ],
            "hosted_zone_id": "Z11RGJOFQNVJUP",
            "id": "learnsphere-raw-uploads-whla9qxi",
            "lifecycle_rule": [],
            "logging": [],
            "object_lock_configuration": [],
            "object_lock_enabled": false,
            "policy": "",
            "region": "ap-south-1",
            "replication_configuration": [],
            "request_payer": "BucketOwner",
            "server_side_encryption_configuration": [
              {
                "rule": [
                  {
                    "apply_server_side_encryption_by_default": [
                      {
                        "kms_master_key_id": "",
                        "sse_algorithm": "AES256"
                      }
                    ],
                    "bucket_key_enabled": false
                  }
                ]
              }
            ],
            "tags": {},
            "tags_all": {},
            "timeouts": null,
            "versioning": [
              {
                "enabled": false,
                "mfa_delete": false
              }
            ],
            "website": [],
            "website_domain": null,
            "website_endpoint": null
          },
          "sensitive_attributes": [],
          "identity_schema_version": 0,
          "private": "eyJlMmJmYjczMC1lY2FhLTExZTYtOGY4OC0zNDM2M2JjN2M0YzAiOnsiY3JlYXRlIjoxMjAwMDAwMDAwMDAwLCJkZWxldGUiOjM2MDAwMDAwMDAwMDAsInJlYWQiOjEyMDAwMDAwMDAwMDAsInVwZGF0ZSI6MTIwMDAwMDAwMDAwMH19",
          "dependencies": [
            "random_string.bucket_suffix"
          ]
        }
      ]
    },
    {
      "mode": "managed",
      "type": "aws_s3_bucket_cors_configuration",
      "name": "raw_uploads_cors",
      "provider": "provider[\"registry.terraform.io/hashicorp/aws\"]",
      "instances": [
        {
          "schema_version": 0,
          "attributes": {
            "bucket": "learnsphere-raw-uploads-whla9qxi",
            "cors_rule": [
              {
                "allowed_headers": [
                  "*"
                ],
                "allowed_methods": [
                  "POST",
                  "PUT"
                ],
                "allowed_origins": [
                  "*"
                ],
                "expose_headers": [
                  "ETag"
                ],
                "id": "",
                "max_age_seconds": 3000
              }
            ],
            "expected_bucket_owner": "",
            "id": "learnsphere-raw-uploads-whla9qxi"
          },
          "sensitive_attributes": [],
          "identity_schema_version": 0,
          "private": "bnVsbA==",
          "dependencies": [
            "aws_s3_bucket.raw_uploads",
            "random_string.bucket_suffix"
          ]
        }
      ]
    },
    {
      "mode": "managed",
      "type": "aws_s3_bucket_notification",
      "name": "bucket_notification",
      "provider": "provider[\"registry.terraform.io/hashicorp/aws\"]",
      "instances": [
        {
          "schema_version": 0,
          "attributes": {
            "bucket": "learnsphere-raw-uploads-whla9qxi",
            "eventbridge": false,
            "id": "learnsphere-raw-uploads-whla9qxi",
            "lambda_function": [],
            "queue": [
              {
                "events": [
                  "s3:ObjectCreated:*"
                ],
                "filter_prefix": "uploads/",
                "filter_suffix": "",
                "id": "tf-s3-queue-20250703025612974500000001",
                "queue_arn": "arn:aws:sqs:ap-south-1:260123625978:learnsphere-s3-events-queue"
              }
            ],
            "topic": []
          },
          "sensitive_attributes": [],
          "identity_schema_version": 0,
          "private": "bnVsbA==",
          "dependencies": [
            "aws_s3_bucket.raw_uploads",
            "aws_sqs_queue.s3_events_dlq",
            "aws_sqs_queue.s3_events_queue",
            "aws_sqs_queue_policy.s3_events_queue_policy",
            "random_string.bucket_suffix"
          ]
        }
      ]
    },
    {
      "mode": "managed",
      "type": "aws_s3_bucket_policy",
      "name": "processed_media_policy",
      "provider": "provider[\"registry.terraform.io/hashicorp/aws\"]",
      "instances": [
        {
          "schema_version": 0,
          "attributes": {
            "bucket": "learnsphere-processed-media-whla9qxi",
            "id": "learnsphere-processed-media-whla9qxi",
            "policy": "{\"Statement\":[{\"Action\":\"s3:GetObject\",\"Effect\":\"Allow\",\"Principal\":\"*\",\"Resource\":\"arn:aws:s3:::learnsphere-processed-media-whla9qxi/*\"}],\"Version\":\"2012-10-17\"}"
          },
          "sensitive_attributes": [],
          "identity_schema_version": 0,
          "private": "bnVsbA==",
          "dependencies": [
            "aws_s3_bucket.processed_media",
            "aws_s3_bucket_public_access_block.processed_media_access_block",
            "random_string.bucket_suffix"
          ]
        }
      ]
    },
    {
      "mode": "managed",
      "type": "aws_s3_bucket_public_access_block",
      "name": "processed_media_access_block",
      "provider": "provider[\"registry.terraform.io/hashicorp/aws\"]",
      "instances": [
        {
          "schema_version": 0,
          "attributes": {
            "block_public_acls": false,
            "block_public_policy": false,
            "bucket": "learnsphere-processed-media-whla9qxi",
            "id": "learnsphere-processed-media-whla9qxi",
            "ignore_public_acls": false,
            "restrict_public_buckets": false
          },
          "sensitive_attributes": [],
          "identity_schema_version": 0,
          "private": "bnVsbA==",
          "dependencies": [
            "aws_s3_bucket.processed_media",
            "random_string.bucket_suffix"
          ]
        }
      ]
    },
    {
      "mode": "managed",
      "type": "aws_s3_bucket_public_access_block",
      "name": "raw_uploads_access_block",
      "provider": "provider[\"registry.terraform.io/hashicorp/aws\"]",
      "instances": [
        {
          "schema_version": 0,
          "attributes": {
            "block_public_acls": true,
            "block_public_policy": true,
            "bucket": "learnsphere-raw-uploads-whla9qxi",
            "id": "learnsphere-raw-uploads-whla9qxi",
            "ignore_public_acls": true,
            "restrict_public_buckets": true
          },
          "sensitive_attributes": [],
          "identity_schema_version": 0,
          "private": "bnVsbA==",
          "dependencies": [
            "aws_s3_bucket.raw_uploads",
            "random_string.bucket_suffix"
          ]
        }
      ]
    },
    {
      "mode": "managed",
      "type": "aws_sqs_queue",
      "name": "s3_events_dlq",
      "provider": "provider[\"registry.terraform.io/hashicorp/aws\"]",
      "instances": [
        {
          "schema_version": 0,
          "attributes": {
            "arn": "arn:aws:sqs:ap-south-1:260123625978:learnsphere-s3-events-dlq",
            "content_based_deduplication": false,
            "deduplication_scope": "",
            "delay_seconds": 0,
            "fifo_queue": false,
            "fifo_throughput_limit": "",
            "id": "https://sqs.ap-south-1.amazonaws.com/260123625978/learnsphere-s3-events-dlq",
            "kms_data_key_reuse_period_seconds": 300,
            "kms_master_key_id": "",
            "max_message_size": 262144,
            "message_retention_seconds": 345600,
            "name": "learnsphere-s3-events-dlq",
            "name_prefix": "",
            "policy": "",
            "receive_wait_time_seconds": 0,
            "redrive_allow_policy": "",
            "redrive_policy": "",
            "sqs_managed_sse_enabled": true,
            "tags": {},
            "tags_all": {},
            "timeouts": null,
            "url": "https://sqs.ap-south-1.amazonaws.com/260123625978/learnsphere-s3-events-dlq",
            "visibility_timeout_seconds": 30
          },
          "sensitive_attributes": [],
          "identity_schema_version": 0,
          "private": "eyJlMmJmYjczMC1lY2FhLTExZTYtOGY4OC0zNDM2M2JjN2M0YzAiOnsiY3JlYXRlIjoxODAwMDAwMDAwMDAsImRlbGV0ZSI6MTgwMDAwMDAwMDAwLCJ1cGRhdGUiOjE4MDAwMDAwMDAwMH19"
        }
      ]
    },
    {
      "mode": "managed",
      "type": "aws_sqs_queue",
      "name": "s3_events_queue",
      "provider": "provider[\"registry.terraform.io/hashicorp/aws\"]",
      "instances": [
        {
          "schema_version": 0,
          "attributes": {
            "arn": "arn:aws:sqs:ap-south-1:260123625978:learnsphere-s3-events-queue",
            "content_based_deduplication": false,
            "deduplication_scope": "",
            "delay_seconds": 0,
            "fifo_queue": false,
            "fifo_throughput_limit": "",
            "id": "https://sqs.ap-south-1.amazonaws.com/260123625978/learnsphere-s3-events-queue",
            "kms_data_key_reuse_period_seconds": 300,
            "kms_master_key_id": "",
            "max_message_size": 262144,
            "message_retention_seconds": 345600,
            "name": "learnsphere-s3-events-queue",
            "name_prefix": "",
            "policy": "{\"Statement\":[{\"Action\":\"sqs:SendMessage\",\"Condition\":{\"ArnEquals\":{\"aws:SourceArn\":\"arn:aws:s3:::learnsphere-raw-uploads-whla9qxi\"}},\"Effect\":\"Allow\",\"Principal\":{\"Service\":\"s3.amazonaws.com\"},\"Resource\":\"arn:aws:sqs:ap-south-1:260123625978:learnsphere-s3-events-queue\"}],\"Version\":\"2012-10-17\"}",
            "receive_wait_time_seconds": 0,
            "redrive_allow_policy": "",
            "redrive_policy": "{\"deadLetterTargetArn\":\"arn:aws:sqs:ap-south-1:260123625978:learnsphere-s3-events-dlq\",\"maxReceiveCount\":3}",
            "sqs_managed_sse_enabled": true,
            "tags": {},
            "tags_all": {},
            "timeouts": null,
            "url": "https://sqs.ap-south-1.amazonaws.com/260123625978/learnsphere-s3-events-queue",
            "visibility_timeout_seconds": 30
          },
          "sensitive_attributes": [],
          "identity_schema_version": 0,
          "private": "eyJlMmJmYjczMC1lY2FhLTExZTYtOGY4OC0zNDM2M2JjN2M0YzAiOnsiY3JlYXRlIjoxODAwMDAwMDAwMDAsImRlbGV0ZSI6MTgwMDAwMDAwMDAwLCJ1cGRhdGUiOjE4MDAwMDAwMDAwMH19",
          "dependencies": [
            "aws_sqs_queue.s3_events_dlq"
          ]
        }
      ]
    },
    {
      "mode": "managed",
      "type": "aws_sqs_queue_policy",
      "name": "s3_events_queue_policy",
      "provider": "provider[\"registry.terraform.io/hashicorp/aws\"]",
      "instances": [
        {
          "schema_version": 1,
          "attributes": {
            "id": "https://sqs.ap-south-1.amazonaws.com/260123625978/learnsphere-s3-events-queue",
            "policy": "{\"Statement\":[{\"Action\":\"sqs:SendMessage\",\"Condition\":{\"ArnEquals\":{\"aws:SourceArn\":\"arn:aws:s3:::learnsphere-raw-uploads-whla9qxi\"}},\"Effect\":\"Allow\",\"Principal\":{\"Service\":\"s3.amazonaws.com\"},\"Resource\":\"arn:aws:sqs:ap-south-1:260123625978:learnsphere-s3-events-queue\"}],\"Version\":\"2012-10-17\"}",
            "queue_url": "https://sqs.ap-south-1.amazonaws.com/260123625978/learnsphere-s3-events-queue"
          },
          "sensitive_attributes": [],
          "identity_schema_version": 0,
          "private": "eyJzY2hlbWFfdmVyc2lvbiI6IjEifQ==",
          "dependencies": [
            "aws_s3_bucket.raw_uploads",
            "aws_sqs_queue.s3_events_dlq",
            "aws_sqs_queue.s3_events_queue",
            "random_string.bucket_suffix"
          ]
        }
      ]
    },
    {
      "mode": "managed",
      "type": "random_string",
      "name": "bucket_suffix",
      "provider": "provider[\"registry.terraform.io/hashicorp/random\"]",
      "instances": [
        {
          "schema_version": 2,
          "attributes": {
            "id": "whla9qxi",
            "keepers": null,
            "length": 8,
            "lower": true,
            "min_lower": 0,
            "min_numeric": 0,
            "min_special": 0,
            "min_upper": 0,
            "number": true,
            "numeric": true,
            "override_special": null,
            "result": "whla9qxi",
            "special": false,
            "upper": false
          },
          "sensitive_attributes": [],
          "identity_schema_version": 0
        }
      ]
    },
    {
      "module": "module.ecr_auth_service",
      "mode": "managed",
      "type": "aws_ecr_repository",
      "name": "repo",
      "provider": "provider[\"registry.terraform.io/hashicorp/aws\"]",
      "instances": [
        {
          "schema_version": 0,
          "attributes": {
            "arn": "arn:aws:ecr:ap-south-1:260123625978:repository/learnsphere/auth-service",
            "encryption_configuration": [
              {
                "encryption_type": "AES256",
                "kms_key": ""
              }
            ],
            "force_delete": null,
            "id": "learnsphere/auth-service",
            "image_scanning_configuration": [
              {
                "scan_on_push": true
              }
            ],
            "image_tag_mutability": "MUTABLE",
            "name": "learnsphere/auth-service",
            "registry_id": "260123625978",
            "repository_url": "260123625978.dkr.ecr.ap-south-1.amazonaws.com/learnsphere/auth-service",
            "tags": {
              "Project": "learnsphere"
            },
            "tags_all": {
              "Project": "learnsphere"
            },
            "timeouts": null
          },
          "sensitive_attributes": [],
          "identity_schema_version": 0,
          "private": "eyJlMmJmYjczMC1lY2FhLTExZTYtOGY4OC0zNDM2M2JjN2M0YzAiOnsiZGVsZXRlIjoxMjAwMDAwMDAwMDAwfX0="
        }
      ]
    },
    {
      "module": "module.ecr_course_service",
      "mode": "managed",
      "type": "aws_ecr_repository",
      "name": "repo",
      "provider": "provider[\"registry.terraform.io/hashicorp/aws\"]",
      "instances": [
        {
          "schema_version": 0,
          "attributes": {
            "arn": "arn:aws:ecr:ap-south-1:260123625978:repository/learnsphere/course-service",
            "encryption_configuration": [
              {
                "encryption_type": "AES256",
                "kms_key": ""
              }
            ],
            "force_delete": null,
            "id": "learnsphere/course-service",
            "image_scanning_configuration": [
              {
                "scan_on_push": true
              }
            ],
            "image_tag_mutability": "MUTABLE",
            "name": "learnsphere/course-service",
            "registry_id": "260123625978",
            "repository_url": "260123625978.dkr.ecr.ap-south-1.amazonaws.com/learnsphere/course-service",
            "tags": {
              "Project": "learnsphere"
            },
            "tags_all": {
              "Project": "learnsphere"
            },
            "timeouts": null
          },
          "sensitive_attributes": [],
          "identity_schema_version": 0,
          "private": "eyJlMmJmYjczMC1lY2FhLTExZTYtOGY4OC0zNDM2M2JjN2M0YzAiOnsiZGVsZXRlIjoxMjAwMDAwMDAwMDAwfX0="
        }
      ]
    },
    {
      "module": "module.ecr_enrollment_service",
      "mode": "managed",
      "type": "aws_ecr_repository",
      "name": "repo",
      "provider": "provider[\"registry.terraform.io/hashicorp/aws\"]",
      "instances": [
        {
          "schema_version": 0,
          "attributes": {
            "arn": "arn:aws:ecr:ap-south-1:260123625978:repository/learnsphere/enrollment-service",
            "encryption_configuration": [
              {
                "encryption_type": "AES256",
                "kms_key": ""
              }
            ],
            "force_delete": null,
            "id": "learnsphere/enrollment-service",
            "image_scanning_configuration": [
              {
                "scan_on_push": true
              }
            ],
            "image_tag_mutability": "MUTABLE",
            "name": "learnsphere/enrollment-service",
            "registry_id": "260123625978",
            "repository_url": "260123625978.dkr.ecr.ap-south-1.amazonaws.com/learnsphere/enrollment-service",
            "tags": {
              "Project": "learnsphere"
            },
            "tags_all": {
              "Project": "learnsphere"
            },
            "timeouts": null
          },
          "sensitive_attributes": [],
          "identity_schema_version": 0,
          "private": "eyJlMmJmYjczMC1lY2FhLTExZTYtOGY4OC0zNDM2M2JjN2M0YzAiOnsiZGVsZXRlIjoxMjAwMDAwMDAwMDAwfX0="
        }
      ]
    },
    {
      "module": "module.ecr_media_service",
      "mode": "managed",
      "type": "aws_ecr_repository",
      "name": "repo",
      "provider": "provider[\"registry.terraform.io/hashicorp/aws\"]",
      "instances": [
        {
          "schema_version": 0,
          "attributes": {
            "arn": "arn:aws:ecr:ap-south-1:260123625978:repository/learnsphere/media-service",
            "encryption_configuration": [
              {
                "encryption_type": "AES256",
                "kms_key": ""
              }
            ],
            "force_delete": null,
            "id": "learnsphere/media-service",
            "image_scanning_configuration": [
              {
                "scan_on_push": true
              }
            ],
            "image_tag_mutability": "MUTABLE",
            "name": "learnsphere/media-service",
            "registry_id": "260123625978",
            "repository_url": "260123625978.dkr.ecr.ap-south-1.amazonaws.com/learnsphere/media-service",
            "tags": {
              "Project": "learnsphere"
            },
            "tags_all": {
              "Project": "learnsphere"
            },
            "timeouts": null
          },
          "sensitive_attributes": [],
          "identity_schema_version": 0,
          "private": "eyJlMmJmYjczMC1lY2FhLTExZTYtOGY4OC0zNDM2M2JjN2M0YzAiOnsiZGVsZXRlIjoxMjAwMDAwMDAwMDAwfX0="
        }
      ]
    },
    {
      "module": "module.ecr_notification_service",
      "mode": "managed",
      "type": "aws_ecr_repository",
      "name": "repo",
      "provider": "provider[\"registry.terraform.io/hashicorp/aws\"]",
      "instances": [
        {
          "schema_version": 0,
          "attributes": {
            "arn": "arn:aws:ecr:ap-south-1:260123625978:repository/learnsphere/notification-service",
            "encryption_configuration": [
              {
                "encryption_type": "AES256",
                "kms_key": ""
              }
            ],
            "force_delete": null,
            "id": "learnsphere/notification-service",
            "image_scanning_configuration": [
              {
                "scan_on_push": true
              }
            ],
            "image_tag_mutability": "MUTABLE",
            "name": "learnsphere/notification-service",
            "registry_id": "260123625978",
            "repository_url": "260123625978.dkr.ecr.ap-south-1.amazonaws.com/learnsphere/notification-service",
            "tags": {
              "Project": "learnsphere"
            },
            "tags_all": {
              "Project": "learnsphere"
            },
            "timeouts": null
          },
          "sensitive_attributes": [],
          "identity_schema_version": 0,
          "private": "eyJlMmJmYjczMC1lY2FhLTExZTYtOGY4OC0zNDM2M2JjN2M0YzAiOnsiZGVsZXRlIjoxMjAwMDAwMDAwMDAwfX0="
        }
      ]
    },
    {
      "module": "module.ecr_user_service",
      "mode": "managed",
      "type": "aws_ecr_repository",
      "name": "repo",
      "provider": "provider[\"registry.terraform.io/hashicorp/aws\"]",
      "instances": [
        {
          "schema_version": 0,
          "attributes": {
            "arn": "arn:aws:ecr:ap-south-1:260123625978:repository/learnsphere/user-service",
            "encryption_configuration": [
              {
                "encryption_type": "AES256",
                "kms_key": ""
              }
            ],
            "force_delete": null,
            "id": "learnsphere/user-service",
            "image_scanning_configuration": [
              {
                "scan_on_push": true
              }
            ],
            "image_tag_mutability": "MUTABLE",
            "name": "learnsphere/user-service",
            "registry_id": "260123625978",
            "repository_url": "260123625978.dkr.ecr.ap-south-1.amazonaws.com/learnsphere/user-service",
            "tags": {
              "Project": "learnsphere"
            },
            "tags_all": {
              "Project": "learnsphere"
            },
            "timeouts": null
          },
          "sensitive_attributes": [],
          "identity_schema_version": 0,
          "private": "eyJlMmJmYjczMC1lY2FhLTExZTYtOGY4OC0zNDM2M2JjN2M0YzAiOnsiZGVsZXRlIjoxMjAwMDAwMDAwMDAwfX0="
        }
      ]
    },
    {
      "module": "module.eks.module.eks",
      "mode": "data",
      "type": "aws_caller_identity",
      "name": "current",
      "provider": "provider[\"registry.terraform.io/hashicorp/aws\"]",
      "instances": [
        {
          "schema_version": 0,
          "attributes": {
            "account_id": "260123625978",
            "arn": "arn:aws:iam::260123625978:user/badal_cloud",
            "id": "260123625978",
            "user_id": "AIDATZEETRH5HHM2NGIT4"
          },
          "sensitive_attributes": [],
          "identity_schema_version": 0
        }
      ]
    },
    {
      "module": "module.eks.module.eks",
      "mode": "data",
      "type": "aws_iam_policy_document",
      "name": "assume_role_policy",
      "provider": "provider[\"registry.terraform.io/hashicorp/aws\"]",
      "instances": [
        {
          "index_key": 0,
          "schema_version": 0,
          "attributes": {
            "id": "2764486067",
            "json": "{\n  \"Version\": \"2012-10-17\",\n  \"Statement\": [\n    {\n      \"Sid\": \"EKSClusterAssumeRole\",\n      \"Effect\": \"Allow\",\n      \"Action\": \"sts:AssumeRole\",\n      \"Principal\": {\n        \"Service\": \"eks.amazonaws.com\"\n      }\n    }\n  ]\n}",
            "minified_json": "{\"Version\":\"2012-10-17\",\"Statement\":[{\"Sid\":\"EKSClusterAssumeRole\",\"Effect\":\"Allow\",\"Action\":\"sts:AssumeRole\",\"Principal\":{\"Service\":\"eks.amazonaws.com\"}}]}",
            "override_json": null,
            "override_policy_documents": null,
            "policy_id": null,
            "source_json": null,
            "source_policy_documents": null,
            "statement": [
              {
                "actions": [
                  "sts:AssumeRole"
                ],
                "condition": [],
                "effect": "Allow",
                "not_actions": [],
                "not_principals": [],
                "not_resources": [],
                "principals": [
                  {
                    "identifiers": [
                      "eks.amazonaws.com"
                    ],
                    "type": "Service"
                  }
                ],
                "resources": [],
                "sid": "EKSClusterAssumeRole"
              }
            ],
            "version": "2012-10-17"
          },
          "sensitive_attributes": [],
          "identity_schema_version": 0
        }
      ]
    },
    {
      "module": "module.eks.module.eks",
      "mode": "data",
      "type": "aws_iam_session_context",
      "name": "current",
      "provider": "provider[\"registry.terraform.io/hashicorp/aws\"]",
      "instances": [
        {
          "schema_version": 0,
          "attributes": {
            "arn": "arn:aws:iam::260123625978:user/badal_cloud",
            "id": "arn:aws:iam::260123625978:user/badal_cloud",
            "issuer_arn": "arn:aws:iam::260123625978:user/badal_cloud",
            "issuer_id": "",
            "issuer_name": "",
            "session_name": ""
          },
          "sensitive_attributes": [],
          "identity_schema_version": 0
        }
      ]
    },
    {
      "module": "module.eks.module.eks",
      "mode": "data",
      "type": "aws_partition",
      "name": "current",
      "provider": "provider[\"registry.terraform.io/hashicorp/aws\"]",
      "instances": [
        {
          "schema_version": 0,
          "attributes": {
            "dns_suffix": "amazonaws.com",
            "id": "aws",
            "partition": "aws",
            "reverse_dns_prefix": "com.amazonaws"
          },
          "sensitive_attributes": [],
          "identity_schema_version": 0
        }
      ]
    },
    {
      "module": "module.eks.module.eks",
      "mode": "data",
      "type": "tls_certificate",
      "name": "this",
      "provider": "provider[\"registry.terraform.io/hashicorp/tls\"]",
      "instances": [
        {
          "index_key": 0,
          "schema_version": 0,
          "attributes": {
            "certificates": [
              {
                "cert_pem": "-----BEGIN CERTIFICATE-----\nMIIEkjCCA3qgAwIBAgITBn+USionzfP6wq4rAfkI7rnExjANBgkqhkiG9w0BAQsF\nADCBmDELMAkGA1UEBhMCVVMxEDAOBgNVBAgTB0FyaXpvbmExEzARBgNVBAcTClNj\nb3R0c2RhbGUxJTAjBgNVBAoTHFN0YXJmaWVsZCBUZWNobm9sb2dpZXMsIEluYy4x\nOzA5BgNVBAMTMlN0YXJmaWVsZCBTZXJ2aWNlcyBSb290IENlcnRpZmljYXRlIEF1\ndGhvcml0eSAtIEcyMB4XDTE1MDUyNTEyMDAwMFoXDTM3MTIzMTAxMDAwMFowOTEL\nMAkGA1UEBhMCVVMxDzANBgNVBAoTBkFtYXpvbjEZMBcGA1UEAxMQQW1hem9uIFJv\nb3QgQ0EgMTCCASIwDQYJKoZIhvcNAQEBBQADggEPADCCAQoCggEBALJ4gHHKeNXj\nca9HgFB0fW7Y14h29Jlo91ghYPl0hAEvrAIthtOgQ3pOsqTQNroBvo3bSMgHFzZM\n9O6II8c+6zf1tRn4SWiw3te5djgdYZ6k/oI2peVKVuRF4fn9tBb6dNqcmzU5L/qw\nIFAGbHrQgLKm+a/sRxmPUDgH3KKHOVj4utWp+UhnMJbulHheb4mjUcAwhmahRWa6\nVOujw5H5SNz/0egwLX0tdHA114gk957EWW67c4cX8jJGKLhD+rcdqsq08p8kDi1L\n93FcXmn/6pUCyziKrlA4b9v7LWIbxcceVOF34GfID5yHI9Y/QCB/IIDEgEw+OyQm\njgSubJrIqg0CAwEAAaOCATEwggEtMA8GA1UdEwEB/wQFMAMBAf8wDgYDVR0PAQH/\nBAQDAgGGMB0GA1UdDgQWBBSEGMyFNOy8DJSULghZnMeyEE4KCDAfBgNVHSMEGDAW\ngBScXwDfqgHXMCs4iKK4bUqc8hGRgzB4BggrBgEFBQcBAQRsMGowLgYIKwYBBQUH\nMAGGImh0dHA6Ly9vY3NwLnJvb3RnMi5hbWF6b250cnVzdC5jb20wOAYIKwYBBQUH\nMAKGLGh0dHA6Ly9jcnQucm9vdGcyLmFtYXpvbnRydXN0LmNvbS9yb290ZzIuY2Vy\nMD0GA1UdHwQ2MDQwMqAwoC6GLGh0dHA6Ly9jcmwucm9vdGcyLmFtYXpvbnRydXN0\nLmNvbS9yb290ZzIuY3JsMBEGA1UdIAQKMAgwBgYEVR0gADANBgkqhkiG9w0BAQsF\nAAOCAQEAYjdCXLwQtT6LLOkMm2xF4gcAevnFWAu5CIw+7bMlPLVvUOTNNWqnkzSW\nMiGpSESrnO09tKpzbeR/FoCJbM8oAxiDR3mjEH4wW6w7sGDgd9QIpuEdfF7Au/ma\neyKdpwAJfqxGF4PcnCZXmTA5YpaP7dreqsXMGz7KQ2hsVxa81Q4gLv7/wmpdLqBK\nbRRYh5TmOTFffHPLkIhqhBGWJ6bt2YFGpn6jcgAKUj6DiAdjd4lpFw85hdKrCEVN\n0FE6/V1dN2RMfjCyVSRCnTawXZwXgWHxyvkQAiSr6w10kY17RSlQOYiypok1JR4U\nakcjMS9cmvqtmg5iUaQqqcT5NJ0hGA==\n-----END CERTIFICATE-----\n",
                "is_ca": true,
                "issuer": "CN=Starfield Services Root Certificate Authority - G2,O=Starfield Technologies\\, Inc.,L=Scottsdale,ST=Arizona,C=US",
                "not_after": "2037-12-31T01:00:00Z",
                "not_before": "2015-05-25T12:00:00Z",
                "public_key_algorithm": "RSA",
                "serial_number": "144918191876577076464031512351042010504348870",
                "sha1_fingerprint": "06b25927c42a721631c1efd9431e648fa62e1e39",
                "signature_algorithm": "SHA256-RSA",
                "subject": "CN=Amazon Root CA 1,O=Amazon,C=US",
                "version": 3
              },
              {
                "cert_pem": "-----BEGIN CERTIFICATE-----\nMIIEXjCCA0agAwIBAgITB3MSTyqVLj7Rili9uF0bwM5fJzANBgkqhkiG9w0BAQsF\nADA5MQswCQYDVQQGEwJVUzEPMA0GA1UEChMGQW1hem9uMRkwFwYDVQQDExBBbWF6\nb24gUm9vdCBDQSAxMB4XDTIyMDgyMzIyMjYzNVoXDTMwMDgyMzIyMjYzNVowPDEL\nMAkGA1UEBhMCVVMxDzANBgNVBAoTBkFtYXpvbjEcMBoGA1UEAxMTQW1hem9uIFJT\nQSAyMDQ4IE0wNDCCASIwDQYJKoZIhvcNAQEBBQADggEPADCCAQoCggEBAM3pVR6A\nlQOp4xe776FdePXyejgA38mYx1ou9/jrpV6Sfn+/oqBKgwhY6ePsQHHQayWBJdBn\nv4Wz363qRI4XUh9swBFJ11TnZ3LqOMvHmWq2+loA0QPtOfXdJ2fHBLrBrngtJ/GB\n0p5olAVYrSZgvQGP16Rf8ddtNyxEEhYm3HuhmNi+vSeAq1tLYJPAvRCXonTpWdSD\nxY6hvdmxlqTYi82AtBXSfpGQ58HHM0hw0C6aQakghrwWi5fGslLOqzpimNMIsT7c\nqa0GJx6JfKqJqmQQNplO2h8n9ZsFJgBowof01ppdoLAWg6caMOM0om/VILKaa30F\n9W/r8Qjah7ltGVkCAwEAAaOCAVowggFWMBIGA1UdEwEB/wQIMAYBAf8CAQAwDgYD\nVR0PAQH/BAQDAgGGMB0GA1UdJQQWMBQGCCsGAQUFBwMBBggrBgEFBQcDAjAdBgNV\nHQ4EFgQUH1KSYVaCVH+BZtgdPQqqMlyH3QgwHwYDVR0jBBgwFoAUhBjMhTTsvAyU\nlC4IWZzHshBOCggwewYIKwYBBQUHAQEEbzBtMC8GCCsGAQUFBzABhiNodHRwOi8v\nb2NzcC5yb290Y2ExLmFtYXpvbnRydXN0LmNvbTA6BggrBgEFBQcwAoYuaHR0cDov\nL2NydC5yb290Y2ExLmFtYXpvbnRydXN0LmNvbS9yb290Y2ExLmNlcjA/BgNVHR8E\nODA2MDSgMqAwhi5odHRwOi8vY3JsLnJvb3RjYTEuYW1hem9udHJ1c3QuY29tL3Jv\nb3RjYTEuY3JsMBMGA1UdIAQMMAowCAYGZ4EMAQIBMA0GCSqGSIb3DQEBCwUAA4IB\nAQA+1O5UsAaNuW3lHzJtpNGwBnZd9QEYFtxpiAnIaV4qApnGS9OCw5ZPwie7YSlD\nZF5yyFPsFhUC2Q9uJHY/CRV1b5hIiGH0+6+w5PgKiY1MWuWT8VAaJjFxvuhM7a/e\nfN2TIw1Wd6WCl6YRisunjQOrSP+unqC8A540JNyZ1JOE3jVqat3OZBGgMvihdj2w\nY23EpwesrKiQzkHzmvSH67PVW4ycbPy08HVZnBxZ5NrlGG9bwXR3fNTaz+c+Ej6c\n5AnwI3qkOFgSkg3Y75cdFz6pO/olK+e3AqygAcv0WjzmkDPuBjssuZjCHMC56oH3\nGJkV29Di2j5prHJbwZjG1inU\n-----END CERTIFICATE-----\n",
                "is_ca": true,
                "issuer": "CN=Amazon Root CA 1,O=Amazon,C=US",
                "not_after": "2030-08-23T22:26:35Z",
                "not_before": "2022-08-23T22:26:35Z",
                "public_key_algorithm": "RSA",
                "serial_number": "166129359584585245282080020727744908546170663",
                "sha1_fingerprint": "e7b8b5a6743ce1b2f17b041de59558a41472d70c",
                "signature_algorithm": "SHA256-RSA",
                "subject": "CN=Amazon RSA 2048 M04,O=Amazon,C=US",
                "version": 3
              },
              {
                "cert_pem": "-----BEGIN CERTIFICATE-----\nMIIF5zCCBM+gAwIBAgIQCKWrXsqK18Q2YLMwlIpxvzANBgkqhkiG9w0BAQsFADA8\nMQswCQYDVQQGEwJVUzEPMA0GA1UEChMGQW1hem9uMRwwGgYDVQQDExNBbWF6b24g\nUlNBIDIwNDggTTA0MB4XDTI1MDQxNjAwMDAwMFoXDTI2MDMyNzIzNTk1OVowKTEn\nMCUGA1UEAwweKi5la3MuYXAtc291dGgtMS5hbWF6b25hd3MuY29tMIIBIjANBgkq\nhkiG9w0BAQEFAAOCAQ8AMIIBCgKCAQEAsF3UBE6MwBL0R1uu17hiu8kFhYQLKvUD\nmt2lrJOJ2qOvXqNbqLVhmjX6JH5G0YvvxdRSTXFerdAR6UFa46OFBYGCP1M2gna1\nUVwbfNMLv1ojSDUMdH9zU7uBpml/wyIYLJWK+/HphFvRwuOATTnF9aD3asi3vxcP\nwDr4GUh70ELRQxMCeFoPqNOHLm/uvVDPp8o0Qw/s0E1PJjqtIbHndXnqO825Sa9D\nqyDbrvpbPkZVQKZDJXs+TaLkHFr5iy5krTxTIxENsSpxxVsCxMwvN2R9xHV9lAY9\nm7hMLEMOvDeKJTxdBL4CSMZoj+MDQ1R8YLK/QTy+ChhKmvO5+BixIwIDAQABo4IC\n9jCCAvIwHwYDVR0jBBgwFoAUH1KSYVaCVH+BZtgdPQqqMlyH3QgwHQYDVR0OBBYE\nFMqHKfGG5cSRYsHiU/Ts0ST2PXi4MCkGA1UdEQQiMCCCHiouZWtzLmFwLXNvdXRo\nLTEuYW1hem9uYXdzLmNvbTATBgNVHSAEDDAKMAgGBmeBDAECATAOBgNVHQ8BAf8E\nBAMCBaAwHQYDVR0lBBYwFAYIKwYBBQUHAwEGCCsGAQUFBwMCMDsGA1UdHwQ0MDIw\nMKAuoCyGKmh0dHA6Ly9jcmwucjJtMDQuYW1hem9udHJ1c3QuY29tL3IybTA0LmNy\nbDB1BggrBgEFBQcBAQRpMGcwLQYIKwYBBQUHMAGGIWh0dHA6Ly9vY3NwLnIybTA0\nLmFtYXpvbnRydXN0LmNvbTA2BggrBgEFBQcwAoYqaHR0cDovL2NydC5yMm0wNC5h\nbWF6b250cnVzdC5jb20vcjJtMDQuY2VyMAwGA1UdEwEB/wQCMAAwggF9BgorBgEE\nAdZ5AgQCBIIBbQSCAWkBZwB2AA5XlLzzrqk+MxssmQez95Dfm8I9cTIl3SGpJaxh\nxU4hAAABlkCtjWIAAAQDAEcwRQIgdDsdr0eh/E6MSJ0W23I7HAUHIeRF9oPeUZH2\ni81/lUkCIQC1sbnmY/5My2XPHy6l4qHypypeFJWYUw98Crc+VldDlwB2AEmcm2ne\nHXzs/DbezYdkprhbrwqHgBnRVVL76esp3fjDAAABlkCtjawAAAQDAEcwRQIgAJjH\nDzPBPhT+A0bQY9BsMSi4rTtvVx+LdeLREmnu954CIQDUMFMlVIX45vU81ornb5Ea\nSjKskF0gT4MYtGyUAqKsGAB1AMs49xWJfIShRF9bwd37yW7ymlnNRwppBYWwyxTD\nFFjnAAABlkCtjWYAAAQDAEYwRAIgaw/Er8mSKbVHWf9gk0mmzqVSKgEUwwRTju8l\nUVvXUugCIARH59A1fykBTIHvGmd/bkPEmbc4WfCDO9BrJAaXieV4MA0GCSqGSIb3\nDQEBCwUAA4IBAQCfW7NAlIgXrWFKbq9KFyCjCw2iQZiwyZAlXcFruvwCgYy2jzzT\nwW1CqE50vx/q2RxHQPrSCvhnnh2UnB3EU8Ye+xX4Q/drEgNFcJWP1A3Ry38hlOcq\nZe9F6ZHcmZPf/JzU80hp7wMqhgE8L6c3w2a80OCcTftZFKfyvBkMcTKAvdjPU04E\nt+NXWizenXUFWFYOaHwwCjjIMzKWf6ttfWsQu88oToPLHknveSDclnW65oCTAkti\nkJQiury7gFh5AxQQK7jH+4xiwupeJmOkVQxlr4uLx1S29ztjja74ccPIdBVrlMuP\nWcqFPgS342Qf8girED9FL65ldFWLoV6+krzN\n-----END CERTIFICATE-----\n",
                "is_ca": false,
                "issuer": "CN=Amazon RSA 2048 M04,O=Amazon,C=US",
                "not_after": "2026-03-27T23:59:59Z",
                "not_before": "2025-04-16T00:00:00Z",
                "public_key_algorithm": "RSA",
                "serial_number": "11494028750110896993720723976017834431",
                "sha1_fingerprint": "6f4c138f25d854e1a619a34967d7448eecc899f8",
                "signature_algorithm": "SHA256-RSA",
                "subject": "CN=*.eks.ap-south-1.amazonaws.com",
                "version": 3
              }
            ],
            "content": null,
            "id": "2efe2bc0b862928b4aefe315c4a10c4ad5223ff5",
            "url": "https://oidc.eks.ap-south-1.amazonaws.com/id/9F70B750EDF8F237CC310A3124C7A53A",
            "verify_chain": true
          },
          "sensitive_attributes": [],
          "identity_schema_version": 0
        }
      ]
    },
    {
      "module": "module.eks.module.eks",
      "mode": "managed",
      "type": "aws_cloudwatch_log_group",
      "name": "this",
      "provider": "provider[\"registry.terraform.io/hashicorp/aws\"]",
      "instances": [
        {
          "index_key": 0,
          "schema_version": 0,
          "attributes": {
            "arn": "arn:aws:logs:ap-south-1:260123625978:log-group:/aws/eks/learnsphere-cluster/cluster",
            "id": "/aws/eks/learnsphere-cluster/cluster",
            "kms_key_id": "",
            "log_group_class": "STANDARD",
            "name": "/aws/eks/learnsphere-cluster/cluster",
            "name_prefix": "",
            "retention_in_days": 90,
            "skip_destroy": false,
            "tags": {
              "Environment": "development",
              "Name": "/aws/eks/learnsphere-cluster/cluster",
              "Project": "learnsphere",
              "Terraform": "true"
            },
            "tags_all": {
              "Environment": "development",
              "Name": "/aws/eks/learnsphere-cluster/cluster",
              "Project": "learnsphere",
              "Terraform": "true"
            }
          },
          "sensitive_attributes": [],
          "identity_schema_version": 0,
          "private": "bnVsbA==",
          "create_before_destroy": true
        }
      ]
    },
    {
      "module": "module.eks.module.eks",
      "mode": "managed",
      "type": "aws_ec2_tag",
      "name": "cluster_primary_security_group",
      "provider": "provider[\"registry.terraform.io/hashicorp/aws\"]",
      "instances": [
        {
          "index_key": "Environment",
          "schema_version": 0,
          "attributes": {
            "id": "sg-05c88006b92bf40f7,Environment",
            "key": "Environment",
            "resource_id": "sg-05c88006b92bf40f7",
            "value": "development"
          },
          "sensitive_attributes": [],
          "identity_schema_version": 0,
          "private": "bnVsbA==",
          "dependencies": [
            "module.eks.module.eks.aws_cloudwatch_log_group.this",
            "module.eks.module.eks.aws_eks_cluster.this",
            "module.eks.module.eks.aws_iam_policy.cni_ipv6_policy",
            "module.eks.module.eks.aws_iam_role.this",
            "module.eks.module.eks.aws_iam_role_policy_attachment.this",
            "module.eks.module.eks.aws_security_group.cluster",
            "module.eks.module.eks.aws_security_group.node",
            "module.eks.module.eks.aws_security_group_rule.cluster",
            "module.eks.module.eks.aws_security_group_rule.node",
            "module.eks.module.eks.data.aws_caller_identity.current",
            "module.eks.module.eks.data.aws_iam_policy_document.assume_role_policy",
            "module.eks.module.eks.data.aws_iam_policy_document.cni_ipv6_policy",
            "module.eks.module.eks.data.aws_iam_session_context.current",
            "module.eks.module.eks.data.aws_partition.current",
            "module.eks.module.eks.module.kms.aws_kms_external_key.this",
            "module.eks.module.eks.module.kms.aws_kms_key.this",
            "module.eks.module.eks.module.kms.aws_kms_replica_external_key.this",
            "module.eks.module.eks.module.kms.aws_kms_replica_key.this",
            "module.eks.module.eks.module.kms.data.aws_caller_identity.current",
            "module.eks.module.eks.module.kms.data.aws_iam_policy_document.this",
            "module.eks.module.eks.module.kms.data.aws_partition.current",
            "module.vpc.module.vpc.aws_subnet.private",
            "module.vpc.module.vpc.aws_vpc.this",
            "module.vpc.module.vpc.aws_vpc_ipv4_cidr_block_association.this"
          ]
        },
        {
          "index_key": "Project",
          "schema_version": 0,
          "attributes": {
            "id": "sg-05c88006b92bf40f7,Project",
            "key": "Project",
            "resource_id": "sg-05c88006b92bf40f7",
            "value": "learnsphere"
          },
          "sensitive_attributes": [],
          "identity_schema_version": 0,
          "private": "bnVsbA==",
          "dependencies": [
            "module.eks.module.eks.aws_cloudwatch_log_group.this",
            "module.eks.module.eks.aws_eks_cluster.this",
            "module.eks.module.eks.aws_iam_policy.cni_ipv6_policy",
            "module.eks.module.eks.aws_iam_role.this",
            "module.eks.module.eks.aws_iam_role_policy_attachment.this",
            "module.eks.module.eks.aws_security_group.cluster",
            "module.eks.module.eks.aws_security_group.node",
            "module.eks.module.eks.aws_security_group_rule.cluster",
            "module.eks.module.eks.aws_security_group_rule.node",
            "module.eks.module.eks.data.aws_caller_identity.current",
            "module.eks.module.eks.data.aws_iam_policy_document.assume_role_policy",
            "module.eks.module.eks.data.aws_iam_policy_document.cni_ipv6_policy",
            "module.eks.module.eks.data.aws_iam_session_context.current",
            "module.eks.module.eks.data.aws_partition.current",
            "module.eks.module.eks.module.kms.aws_kms_external_key.this",
            "module.eks.module.eks.module.kms.aws_kms_key.this",
            "module.eks.module.eks.module.kms.aws_kms_replica_external_key.this",
            "module.eks.module.eks.module.kms.aws_kms_replica_key.this",
            "module.eks.module.eks.module.kms.data.aws_caller_identity.current",
            "module.eks.module.eks.module.kms.data.aws_iam_policy_document.this",
            "module.eks.module.eks.module.kms.data.aws_partition.current",
            "module.vpc.module.vpc.aws_subnet.private",
            "module.vpc.module.vpc.aws_vpc.this",
            "module.vpc.module.vpc.aws_vpc_ipv4_cidr_block_association.this"
          ]
        },
        {
          "index_key": "Terraform",
          "schema_version": 0,
          "attributes": {
            "id": "sg-05c88006b92bf40f7,Terraform",
            "key": "Terraform",
            "resource_id": "sg-05c88006b92bf40f7",
            "value": "true"
          },
          "sensitive_attributes": [],
          "identity_schema_version": 0,
          "private": "bnVsbA==",
          "dependencies": [
            "module.eks.module.eks.aws_cloudwatch_log_group.this",
            "module.eks.module.eks.aws_eks_cluster.this",
            "module.eks.module.eks.aws_iam_policy.cni_ipv6_policy",
            "module.eks.module.eks.aws_iam_role.this",
            "module.eks.module.eks.aws_iam_role_policy_attachment.this",
            "module.eks.module.eks.aws_security_group.cluster",
            "module.eks.module.eks.aws_security_group.node",
            "module.eks.module.eks.aws_security_group_rule.cluster",
            "module.eks.module.eks.aws_security_group_rule.node",
            "module.eks.module.eks.data.aws_caller_identity.current",
            "module.eks.module.eks.data.aws_iam_policy_document.assume_role_policy",
            "module.eks.module.eks.data.aws_iam_policy_document.cni_ipv6_policy",
            "module.eks.module.eks.data.aws_iam_session_context.current",
            "module.eks.module.eks.data.aws_partition.current",
            "module.eks.module.eks.module.kms.aws_kms_external_key.this",
            "module.eks.module.eks.module.kms.aws_kms_key.this",
            "module.eks.module.eks.module.kms.aws_kms_replica_external_key.this",
            "module.eks.module.eks.module.kms.aws_kms_replica_key.this",
            "module.eks.module.eks.module.kms.data.aws_caller_identity.current",
            "module.eks.module.eks.module.kms.data.aws_iam_policy_document.this",
            "module.eks.module.eks.module.kms.data.aws_partition.current",
            "module.vpc.module.vpc.aws_subnet.private",
            "module.vpc.module.vpc.aws_vpc.this",
            "module.vpc.module.vpc.aws_vpc_ipv4_cidr_block_association.this"
          ]
        }
      ]
    },
    {
      "module": "module.eks.module.eks",
      "mode": "managed",
      "type": "aws_eks_access_entry",
      "name": "this",
      "provider": "provider[\"registry.terraform.io/hashicorp/aws\"]",
      "instances": [
        {
          "index_key": "cicd_user_admin",
          "schema_version": 0,
          "attributes": {
            "access_entry_arn": "arn:aws:eks:ap-south-1:260123625978:access-entry/learnsphere-cluster/user/260123625978/learnsphere-cicd-user/dccbe741-e2f7-4b13-863c-5e438383898d",
            "cluster_name": "learnsphere-cluster",
            "created_at": "2025-07-03T04:20:31Z",
            "id": "learnsphere-cluster:arn:aws:iam::260123625978:user/learnsphere-cicd-user",
            "kubernetes_groups": [],
            "modified_at": "2025-07-03T04:20:31Z",
            "principal_arn": "arn:aws:iam::260123625978:user/learnsphere-cicd-user",
            "tags": {
              "Environment": "development",
              "Project": "learnsphere",
              "Terraform": "true"
            },
            "tags_all": {
              "Environment": "development",
              "Project": "learnsphere",
              "Terraform": "true"
            },
            "timeouts": null,
            "type": "STANDARD",
            "user_name": "arn:aws:iam::260123625978:user/learnsphere-cicd-user"
          },
          "sensitive_attributes": [],
          "identity_schema_version": 0,
          "private": "eyJlMmJmYjczMC1lY2FhLTExZTYtOGY4OC0zNDM2M2JjN2M0YzAiOnsiY3JlYXRlIjo2MDAwMDAwMDAwMDAsImRlbGV0ZSI6NjAwMDAwMDAwMDAwfX0=",
          "dependencies": [
            "aws_iam_user.cicd_user",
            "module.eks.module.eks.aws_cloudwatch_log_group.this",
            "module.eks.module.eks.aws_eks_cluster.this",
            "module.eks.module.eks.aws_iam_policy.cni_ipv6_policy",
            "module.eks.module.eks.aws_iam_role.this",
            "module.eks.module.eks.aws_iam_role_policy_attachment.this",
            "module.eks.module.eks.aws_security_group.cluster",
            "module.eks.module.eks.aws_security_group.node",
            "module.eks.module.eks.aws_security_group_rule.cluster",
            "module.eks.module.eks.aws_security_group_rule.node",
            "module.eks.module.eks.data.aws_caller_identity.current",
            "module.eks.module.eks.data.aws_iam_policy_document.assume_role_policy",
            "module.eks.module.eks.data.aws_iam_policy_document.cni_ipv6_policy",
            "module.eks.module.eks.data.aws_iam_session_context.current",
            "module.eks.module.eks.data.aws_partition.current",
            "module.eks.module.eks.module.kms.aws_kms_external_key.this",
            "module.eks.module.eks.module.kms.aws_kms_key.this",
            "module.eks.module.eks.module.kms.aws_kms_replica_external_key.this",
            "module.eks.module.eks.module.kms.aws_kms_replica_key.this",
            "module.eks.module.eks.module.kms.data.aws_caller_identity.current",
            "module.eks.module.eks.module.kms.data.aws_iam_policy_document.this",
            "module.eks.module.eks.module.kms.data.aws_partition.current",
            "module.vpc.module.vpc.aws_subnet.private",
            "module.vpc.module.vpc.aws_vpc.this",
            "module.vpc.module.vpc.aws_vpc_ipv4_cidr_block_association.this"
          ]
        },
        {
          "index_key": "cluster_creator",
          "schema_version": 0,
          "attributes": {
            "access_entry_arn": "arn:aws:eks:ap-south-1:260123625978:access-entry/learnsphere-cluster/user/260123625978/badal_cloud/c0cbe711-b233-03e4-c0f6-adae78131790",
            "cluster_name": "learnsphere-cluster",
            "created_at": "2025-07-03T02:35:15Z",
            "id": "learnsphere-cluster:arn:aws:iam::260123625978:user/badal_cloud",
            "kubernetes_groups": [],
            "modified_at": "2025-07-03T02:35:15Z",
            "principal_arn": "arn:aws:iam::260123625978:user/badal_cloud",
            "tags": {
              "Environment": "development",
              "Project": "learnsphere",
              "Terraform": "true"
            },
            "tags_all": {
              "Environment": "development",
              "Project": "learnsphere",
              "Terraform": "true"
            },
            "timeouts": null,
            "type": "STANDARD",
            "user_name": "arn:aws:iam::260123625978:user/badal_cloud"
          },
          "sensitive_attributes": [],
          "identity_schema_version": 0,
          "private": "eyJlMmJmYjczMC1lY2FhLTExZTYtOGY4OC0zNDM2M2JjN2M0YzAiOnsiY3JlYXRlIjo2MDAwMDAwMDAwMDAsImRlbGV0ZSI6NjAwMDAwMDAwMDAwfX0=",
          "dependencies": [
            "aws_iam_user.cicd_user",
            "module.eks.module.eks.aws_cloudwatch_log_group.this",
            "module.eks.module.eks.aws_eks_cluster.this",
            "module.eks.module.eks.aws_iam_policy.cni_ipv6_policy",
            "module.eks.module.eks.aws_iam_role.this",
            "module.eks.module.eks.aws_iam_role_policy_attachment.this",
            "module.eks.module.eks.aws_security_group.cluster",
            "module.eks.module.eks.aws_security_group.node",
            "module.eks.module.eks.aws_security_group_rule.cluster",
            "module.eks.module.eks.aws_security_group_rule.node",
            "module.eks.module.eks.data.aws_caller_identity.current",
            "module.eks.module.eks.data.aws_iam_policy_document.assume_role_policy",
            "module.eks.module.eks.data.aws_iam_policy_document.cni_ipv6_policy",
            "module.eks.module.eks.data.aws_iam_session_context.current",
            "module.eks.module.eks.data.aws_partition.current",
            "module.eks.module.eks.module.kms.aws_kms_external_key.this",
            "module.eks.module.eks.module.kms.aws_kms_key.this",
            "module.eks.module.eks.module.kms.aws_kms_replica_external_key.this",
            "module.eks.module.eks.module.kms.aws_kms_replica_key.this",
            "module.eks.module.eks.module.kms.data.aws_caller_identity.current",
            "module.eks.module.eks.module.kms.data.aws_iam_policy_document.this",
            "module.eks.module.eks.module.kms.data.aws_partition.current",
            "module.vpc.module.vpc.aws_subnet.private",
            "module.vpc.module.vpc.aws_vpc.this",
            "module.vpc.module.vpc.aws_vpc_ipv4_cidr_block_association.this"
          ]
        }
      ]
    },
    {
      "module": "module.eks.module.eks",
      "mode": "managed",
      "type": "aws_eks_access_policy_association",
      "name": "this",
      "provider": "provider[\"registry.terraform.io/hashicorp/aws\"]",
      "instances": [
        {
          "index_key": "cicd_user_admin_cluster_admin",
          "schema_version": 0,
          "attributes": {
            "access_scope": [
              {
                "namespaces": null,
                "type": "cluster"
              }
            ],
            "associated_at": "2025-07-03 04:20:32.813 +0000 UTC",
            "cluster_name": "learnsphere-cluster",
            "id": "learnsphere-cluster#arn:aws:iam::260123625978:user/learnsphere-cicd-user#arn:aws:eks::aws:cluster-access-policy/AmazonEKSClusterAdminPolicy",
            "modified_at": "2025-07-03 04:20:32.813 +0000 UTC",
            "policy_arn": "arn:aws:eks::aws:cluster-access-policy/AmazonEKSClusterAdminPolicy",
            "principal_arn": "arn:aws:iam::260123625978:user/learnsphere-cicd-user",
            "timeouts": null
          },
          "sensitive_attributes": [],
          "identity_schema_version": 0,
          "private": "eyJlMmJmYjczMC1lY2FhLTExZTYtOGY4OC0zNDM2M2JjN2M0YzAiOnsiY3JlYXRlIjo2MDAwMDAwMDAwMDAsImRlbGV0ZSI6NjAwMDAwMDAwMDAwfX0=",
          "dependencies": [
            "aws_iam_user.cicd_user",
            "module.eks.module.eks.aws_cloudwatch_log_group.this",
            "module.eks.module.eks.aws_eks_access_entry.this",
            "module.eks.module.eks.aws_eks_cluster.this",
            "module.eks.module.eks.aws_iam_policy.cni_ipv6_policy",
            "module.eks.module.eks.aws_iam_role.this",
            "module.eks.module.eks.aws_iam_role_policy_attachment.this",
            "module.eks.module.eks.aws_security_group.cluster",
            "module.eks.module.eks.aws_security_group.node",
            "module.eks.module.eks.aws_security_group_rule.cluster",
            "module.eks.module.eks.aws_security_group_rule.node",
            "module.eks.module.eks.data.aws_caller_identity.current",
            "module.eks.module.eks.data.aws_iam_policy_document.assume_role_policy",
            "module.eks.module.eks.data.aws_iam_policy_document.cni_ipv6_policy",
            "module.eks.module.eks.data.aws_iam_session_context.current",
            "module.eks.module.eks.data.aws_partition.current",
            "module.eks.module.eks.module.kms.aws_kms_external_key.this",
            "module.eks.module.eks.module.kms.aws_kms_key.this",
            "module.eks.module.eks.module.kms.aws_kms_replica_external_key.this",
            "module.eks.module.eks.module.kms.aws_kms_replica_key.this",
            "module.eks.module.eks.module.kms.data.aws_caller_identity.current",
            "module.eks.module.eks.module.kms.data.aws_iam_policy_document.this",
            "module.eks.module.eks.module.kms.data.aws_partition.current",
            "module.vpc.module.vpc.aws_subnet.private",
            "module.vpc.module.vpc.aws_vpc.this",
            "module.vpc.module.vpc.aws_vpc_ipv4_cidr_block_association.this"
          ]
        },
        {
          "index_key": "cluster_creator_admin",
          "schema_version": 0,
          "attributes": {
            "access_scope": [
              {
                "namespaces": [],
                "type": "cluster"
              }
            ],
            "associated_at": "2025-07-03 02:35:16.618 +0000 UTC",
            "cluster_name": "learnsphere-cluster",
            "id": "learnsphere-cluster#arn:aws:iam::260123625978:user/badal_cloud#arn:aws:eks::aws:cluster-access-policy/AmazonEKSClusterAdminPolicy",
            "modified_at": "2025-07-03 02:35:16.618 +0000 UTC",
            "policy_arn": "arn:aws:eks::aws:cluster-access-policy/AmazonEKSClusterAdminPolicy",
            "principal_arn": "arn:aws:iam::260123625978:user/badal_cloud",
            "timeouts": null
          },
          "sensitive_attributes": [],
          "identity_schema_version": 0,
          "private": "eyJlMmJmYjczMC1lY2FhLTExZTYtOGY4OC0zNDM2M2JjN2M0YzAiOnsiY3JlYXRlIjo2MDAwMDAwMDAwMDAsImRlbGV0ZSI6NjAwMDAwMDAwMDAwfX0=",
          "dependencies": [
            "aws_iam_user.cicd_user",
            "module.eks.module.eks.aws_cloudwatch_log_group.this",
            "module.eks.module.eks.aws_eks_access_entry.this",
            "module.eks.module.eks.aws_eks_cluster.this",
            "module.eks.module.eks.aws_iam_policy.cni_ipv6_policy",
            "module.eks.module.eks.aws_iam_role.this",
            "module.eks.module.eks.aws_iam_role_policy_attachment.this",
            "module.eks.module.eks.aws_security_group.cluster",
            "module.eks.module.eks.aws_security_group.node",
            "module.eks.module.eks.aws_security_group_rule.cluster",
            "module.eks.module.eks.aws_security_group_rule.node",
            "module.eks.module.eks.data.aws_caller_identity.current",
            "module.eks.module.eks.data.aws_iam_policy_document.assume_role_policy",
            "module.eks.module.eks.data.aws_iam_policy_document.cni_ipv6_policy",
            "module.eks.module.eks.data.aws_iam_session_context.current",
            "module.eks.module.eks.data.aws_partition.current",
            "module.eks.module.eks.module.kms.aws_kms_external_key.this",
            "module.eks.module.eks.module.kms.aws_kms_key.this",
            "module.eks.module.eks.module.kms.aws_kms_replica_external_key.this",
            "module.eks.module.eks.module.kms.aws_kms_replica_key.this",
            "module.eks.module.eks.module.kms.data.aws_caller_identity.current",
            "module.eks.module.eks.module.kms.data.aws_iam_policy_document.this",
            "module.eks.module.eks.module.kms.data.aws_partition.current",
            "module.vpc.module.vpc.aws_subnet.private",
            "module.vpc.module.vpc.aws_vpc.this",
            "module.vpc.module.vpc.aws_vpc_ipv4_cidr_block_association.this"
          ]
        }
      ]
    },
    {
      "module": "module.eks.module.eks",
      "mode": "managed",
      "type": "aws_eks_cluster",
      "name": "this",
      "provider": "provider[\"registry.terraform.io/hashicorp/aws\"]",
      "instances": [
        {
          "index_key": 0,
          "schema_version": 1,
          "attributes": {
            "access_config": [
              {
                "authentication_mode": "API_AND_CONFIG_MAP",
                "bootstrap_cluster_creator_admin_permissions": false
              }
            ],
            "arn": "arn:aws:eks:ap-south-1:260123625978:cluster/learnsphere-cluster",
            "bootstrap_self_managed_addons": true,
            "certificate_authority": [
              {
                "data": "LS0tLS1CRUdJTiBDRVJUSUZJQ0FURS0tLS0tCk1JSURCVENDQWUyZ0F3SUJBZ0lJUUZvTWQ1UVR4bU13RFFZSktvWklodmNOQVFFTEJRQXdGVEVUTUJFR0ExVUUKQXhNS2EzVmlaWEp1WlhSbGN6QWVGdzB5TlRBM01ETXdNVFV5TlRaYUZ3MHpOVEEzTURFd01UVTNOVFphTUJVeApFekFSQmdOVkJBTVRDbXQxWW1WeWJtVjBaWE13Z2dFaU1BMEdDU3FHU0liM0RRRUJBUVVBQTRJQkR3QXdnZ0VLCkFvSUJBUUN2Um9QeU01TC9JOWYydjk1V3hRaXFEdGxhWkpRdnZtZ2Yrc0dCd3czUEJ1Rjd1TjhrWUJXd2JqR0IKcUpSVmFneEFsTi9MeW1CRk1rbHlvT3laVXFIUHd3RURFKzlsZy8yWHJmZ0FSaHAwYXFDOWtqdmtMaXVtbUlSdQp2ZHpaSGVMWS9ES3B5cXBJYjRxYW1LejA3UEFHVlBOYk0zZlF6SmxDU3FYdjBTeU0rcmRkSFJPMjRPR2FWWGdiCllvTTFsV1lwZFZmc0lRNWE4Qm0wMDA3VHQzcmpVU3kwSmtha1Ywc1JRbVV2aG9NMWJHMmc3NjNTdmZYQ1ZJNVEKYTNCVkhOS2FWWHJnYVRHM3BuMWhKcWoxK2JubmFhKy92Zkh2MGJlQWlGR2lwY3o5Wi9GNC9QTmdYbzhoZkdVRApJaGphYko4Nm9lY2FLelRDTVhZU05CTEdVNjVQQWdNQkFBR2pXVEJYTUE0R0ExVWREd0VCL3dRRUF3SUNwREFQCkJnTlZIUk1CQWY4RUJUQURBUUgvTUIwR0ExVWREZ1FXQkJTS1pWd091eVgzTkx4bVRvRjRqa3QvRFRTUEhUQVYKQmdOVkhSRUVEakFNZ2dwcmRXSmxjbTVsZEdWek1BMEdDU3FHU0liM0RRRUJDd1VBQTRJQkFRQW5xOGlITGxjTgo1cmkyWWM2MlNQUDljL1dhY0pwWk1ITW1iWGtzTUJkbXNkUzJPdDVQVlVkbWFBRVBlQy9GS0ZHNXlpVHBsNWc1Cnh2RGlsMUdvNEt6S2NhZkdkdlRRWGp3VCtUQTBDSHhaZEtGbGVGZkx3ZHI5MGExdTI0czlEay9TOXFtTEw0N00KcGNMdVlCQlpLckgvZElONmpMUjF4cE5idG8wQUxRU215NUtqS0F3elREN25ZNDVHR1I1L0tGWUxmZWNJODhpbApiL3Q4emgxWjc5TU82eThSYUhKQzFMNEczb1lzZGZ0cWJrMnJqbDdReG5EaWpwRlRiYWZoT1VaaUt4OVU1cGdVCnhpTmFQSWJ2WUhZUTFzK1hBRitJOUVkempOSlNPY2tDT2JYSGxyTXdZZHhPS3VSR1pFdlhZMkN2S3dpR2xJSEUKR0plTjkwY2VlMEI4Ci0tLS0tRU5EIENFUlRJRklDQVRFLS0tLS0K"
              }
            ],
            "cluster_id": null,
            "compute_config": [],
            "created_at": "2025-07-03T01:53:53Z",
            "enabled_cluster_log_types": [
              "api",
              "audit",
              "authenticator"
            ],
            "encryption_config": [
              {
                "provider": [
                  {
                    "key_arn": "arn:aws:kms:ap-south-1:260123625978:key/96e19846-9050-4128-b3b8-c911ed5e5f65"
                  }
                ],
                "resources": [
                  "secrets"
                ]
              }
            ],
            "endpoint": "https://9F70B750EDF8F237CC310A3124C7A53A.gr7.ap-south-1.eks.amazonaws.com",
            "force_update_version": null,
            "id": "learnsphere-cluster",
            "identity": [
              {
                "oidc": [
                  {
                    "issuer": "https://oidc.eks.ap-south-1.amazonaws.com/id/9F70B750EDF8F237CC310A3124C7A53A"
                  }
                ]
              }
            ],
            "kubernetes_network_config": [
              {
                "elastic_load_balancing": [
                  {
                    "enabled": false
                  }
                ],
                "ip_family": "ipv4",
                "service_ipv4_cidr": "172.20.0.0/16",
                "service_ipv6_cidr": ""
              }
            ],
            "name": "learnsphere-cluster",
            "outpost_config": [],
            "platform_version": "eks.29",
            "remote_network_config": [],
            "role_arn": "arn:aws:iam::260123625978:role/learnsphere-cluster-cluster-20250703015323654600000001",
            "status": "ACTIVE",
            "storage_config": [],
            "tags": {
              "Environment": "development",
              "Project": "learnsphere",
              "Terraform": "true",
              "terraform-aws-modules": "eks"
            },
            "tags_all": {
              "Environment": "development",
              "Project": "learnsphere",
              "Terraform": "true",
              "terraform-aws-modules": "eks"
            },
            "timeouts": {
              "create": null,
              "delete": null,
              "update": null
            },
            "upgrade_policy": [
              {
                "support_type": "EXTENDED"
              }
            ],
            "version": "1.31",
            "vpc_config": [
              {
                "cluster_security_group_id": "sg-05c88006b92bf40f7",
                "endpoint_private_access": true,
                "endpoint_public_access": true,
                "public_access_cidrs": [
                  "0.0.0.0/0"
                ],
                "security_group_ids": [
                  "sg-0d5a85600397c26c9"
                ],
                "subnet_ids": [
                  "subnet-03fbc737a43ee9792",
                  "subnet-09d891d297e5da53f",
                  "subnet-0b14807209f4d1c1c"
                ],
                "vpc_id": "vpc-035924343cca7a2a3"
              }
            ],
            "zonal_shift_config": []
          },
          "sensitive_attributes": [],
          "identity_schema_version": 0,
          "private": "eyJlMmJmYjczMC1lY2FhLTExZTYtOGY4OC0zNDM2M2JjN2M0YzAiOnsiY3JlYXRlIjoxODAwMDAwMDAwMDAwLCJkZWxldGUiOjkwMDAwMDAwMDAwMCwidXBkYXRlIjozNjAwMDAwMDAwMDAwfSwic2NoZW1hX3ZlcnNpb24iOiIxIn0=",
          "dependencies": [
            "module.eks.module.eks.aws_cloudwatch_log_group.this",
            "module.eks.module.eks.aws_iam_policy.cni_ipv6_policy",
            "module.eks.module.eks.aws_iam_role.this",
            "module.eks.module.eks.aws_iam_role_policy_attachment.this",
            "module.eks.module.eks.aws_security_group.cluster",
            "module.eks.module.eks.aws_security_group.node",
            "module.eks.module.eks.aws_security_group_rule.cluster",
            "module.eks.module.eks.aws_security_group_rule.node",
            "module.eks.module.eks.data.aws_caller_identity.current",
            "module.eks.module.eks.data.aws_iam_policy_document.assume_role_policy",
            "module.eks.module.eks.data.aws_iam_policy_document.cni_ipv6_policy",
            "module.eks.module.eks.data.aws_iam_session_context.current",
            "module.eks.module.eks.data.aws_partition.current",
            "module.eks.module.eks.module.kms.aws_kms_external_key.this",
            "module.eks.module.eks.module.kms.aws_kms_key.this",
            "module.eks.module.eks.module.kms.aws_kms_replica_external_key.this",
            "module.eks.module.eks.module.kms.aws_kms_replica_key.this",
            "module.eks.module.eks.module.kms.data.aws_caller_identity.current",
            "module.eks.module.eks.module.kms.data.aws_iam_policy_document.this",
            "module.eks.module.eks.module.kms.data.aws_partition.current",
            "module.vpc.module.vpc.aws_subnet.private",
            "module.vpc.module.vpc.aws_vpc.this",
            "module.vpc.module.vpc.aws_vpc_ipv4_cidr_block_association.this"
          ],
          "create_before_destroy": true
        }
      ]
    },
    {
      "module": "module.eks.module.eks",
      "mode": "managed",
      "type": "aws_iam_openid_connect_provider",
      "name": "oidc_provider",
      "provider": "provider[\"registry.terraform.io/hashicorp/aws\"]",
      "instances": [
        {
          "index_key": 0,
          "schema_version": 0,
          "attributes": {
            "arn": "arn:aws:iam::260123625978:oidc-provider/oidc.eks.ap-south-1.amazonaws.com/id/9F70B750EDF8F237CC310A3124C7A53A",
            "client_id_list": [
              "sts.amazonaws.com"
            ],
            "id": "arn:aws:iam::260123625978:oidc-provider/oidc.eks.ap-south-1.amazonaws.com/id/9F70B750EDF8F237CC310A3124C7A53A",
            "tags": {
              "Environment": "development",
              "Name": "learnsphere-cluster-eks-irsa",
              "Project": "learnsphere",
              "Terraform": "true"
            },
            "tags_all": {
              "Environment": "development",
              "Name": "learnsphere-cluster-eks-irsa",
              "Project": "learnsphere",
              "Terraform": "true"
            },
            "thumbprint_list": [
              "06b25927c42a721631c1efd9431e648fa62e1e39"
            ],
            "url": "oidc.eks.ap-south-1.amazonaws.com/id/9F70B750EDF8F237CC310A3124C7A53A"
          },
          "sensitive_attributes": [],
          "identity_schema_version": 0,
          "private": "bnVsbA==",
          "dependencies": [
            "module.eks.module.eks.aws_cloudwatch_log_group.this",
            "module.eks.module.eks.aws_eks_cluster.this",
            "module.eks.module.eks.aws_iam_policy.cni_ipv6_policy",
            "module.eks.module.eks.aws_iam_role.this",
            "module.eks.module.eks.aws_iam_role_policy_attachment.this",
            "module.eks.module.eks.aws_security_group.cluster",
            "module.eks.module.eks.aws_security_group.node",
            "module.eks.module.eks.aws_security_group_rule.cluster",
            "module.eks.module.eks.aws_security_group_rule.node",
            "module.eks.module.eks.data.aws_caller_identity.current",
            "module.eks.module.eks.data.aws_iam_policy_document.assume_role_policy",
            "module.eks.module.eks.data.aws_iam_policy_document.cni_ipv6_policy",
            "module.eks.module.eks.data.aws_iam_session_context.current",
            "module.eks.module.eks.data.aws_partition.current",
            "module.eks.module.eks.data.tls_certificate.this",
            "module.eks.module.eks.module.kms.aws_kms_external_key.this",
            "module.eks.module.eks.module.kms.aws_kms_key.this",
            "module.eks.module.eks.module.kms.aws_kms_replica_external_key.this",
            "module.eks.module.eks.module.kms.aws_kms_replica_key.this",
            "module.eks.module.eks.module.kms.data.aws_caller_identity.current",
            "module.eks.module.eks.module.kms.data.aws_iam_policy_document.this",
            "module.eks.module.eks.module.kms.data.aws_partition.current",
            "module.vpc.module.vpc.aws_subnet.private",
            "module.vpc.module.vpc.aws_vpc.this",
            "module.vpc.module.vpc.aws_vpc_ipv4_cidr_block_association.this"
          ]
        }
      ]
    },
    {
      "module": "module.eks.module.eks",
      "mode": "managed",
      "type": "aws_iam_policy",
      "name": "cluster_encryption",
      "provider": "provider[\"registry.terraform.io/hashicorp/aws\"]",
      "instances": [
        {
          "index_key": 0,
          "schema_version": 0,
          "attributes": {
            "arn": "arn:aws:iam::260123625978:policy/learnsphere-cluster-cluster-ClusterEncryption20250703015351115400000013",
            "attachment_count": 1,
            "description": "Cluster encryption policy to allow cluster role to utilize CMK provided",
            "id": "arn:aws:iam::260123625978:policy/learnsphere-cluster-cluster-ClusterEncryption20250703015351115400000013",
            "name": "learnsphere-cluster-cluster-ClusterEncryption20250703015351115400000013",
            "name_prefix": "learnsphere-cluster-cluster-ClusterEncryption",
            "path": "/",
            "policy": "{\"Statement\":[{\"Action\":[\"kms:Encrypt\",\"kms:Decrypt\",\"kms:ListGrants\",\"kms:DescribeKey\"],\"Effect\":\"Allow\",\"Resource\":\"arn:aws:kms:ap-south-1:260123625978:key/96e19846-9050-4128-b3b8-c911ed5e5f65\"}],\"Version\":\"2012-10-17\"}",
            "policy_id": "ANPATZEETRH5J7ZEY5OHK",
            "tags": {
              "Environment": "development",
              "Project": "learnsphere",
              "Terraform": "true"
            },
            "tags_all": {
              "Environment": "development",
              "Project": "learnsphere",
              "Terraform": "true"
            }
          },
          "sensitive_attributes": [],
          "identity_schema_version": 0,
          "private": "bnVsbA==",
          "dependencies": [
            "module.eks.module.eks.aws_iam_role.this",
            "module.eks.module.eks.data.aws_caller_identity.current",
            "module.eks.module.eks.data.aws_iam_policy_document.assume_role_policy",
            "module.eks.module.eks.data.aws_iam_session_context.current",
            "module.eks.module.eks.module.kms.aws_kms_external_key.this",
            "module.eks.module.eks.module.kms.aws_kms_key.this",
            "module.eks.module.eks.module.kms.aws_kms_replica_external_key.this",
            "module.eks.module.eks.module.kms.aws_kms_replica_key.this",
            "module.eks.module.eks.module.kms.data.aws_caller_identity.current",
            "module.eks.module.eks.module.kms.data.aws_iam_policy_document.this",
            "module.eks.module.eks.module.kms.data.aws_partition.current"
          ]
        }
      ]
    },
    {
      "module": "module.eks.module.eks",
      "mode": "managed",
      "type": "aws_iam_role",
      "name": "this",
      "provider": "provider[\"registry.terraform.io/hashicorp/aws\"]",
      "instances": [
        {
          "index_key": 0,
          "schema_version": 0,
          "attributes": {
            "arn": "arn:aws:iam::260123625978:role/learnsphere-cluster-cluster-20250703015323654600000001",
            "assume_role_policy": "{\"Statement\":[{\"Action\":\"sts:AssumeRole\",\"Effect\":\"Allow\",\"Principal\":{\"Service\":\"eks.amazonaws.com\"},\"Sid\":\"EKSClusterAssumeRole\"}],\"Version\":\"2012-10-17\"}",
            "create_date": "2025-07-03T01:53:26Z",
            "description": "",
            "force_detach_policies": true,
            "id": "learnsphere-cluster-cluster-20250703015323654600000001",
            "inline_policy": [
              {
                "name": "learnsphere-cluster-cluster",
                "policy": "{\"Version\":\"2012-10-17\",\"Statement\":[{\"Action\":[\"logs:CreateLogGroup\"],\"Effect\":\"Deny\",\"Resource\":\"*\"}]}"
              }
            ],
            "managed_policy_arns": [
              "arn:aws:iam::260123625978:policy/learnsphere-cluster-cluster-ClusterEncryption20250703015351115400000013",
              "arn:aws:iam::aws:policy/AmazonEKSClusterPolicy",
              "arn:aws:iam::aws:policy/AmazonEKSVPCResourceController"
            ],
            "max_session_duration": 3600,
            "name": "learnsphere-cluster-cluster-20250703015323654600000001",
            "name_prefix": "learnsphere-cluster-cluster-",
            "path": "/",
            "permissions_boundary": "",
            "tags": {
              "Environment": "development",
              "Project": "learnsphere",
              "Terraform": "true"
            },
            "tags_all": {
              "Environment": "development",
              "Project": "learnsphere",
              "Terraform": "true"
            },
            "unique_id": "AROATZEETRH5JDJ2GKGIQ"
          },
          "sensitive_attributes": [],
          "identity_schema_version": 0,
          "private": "bnVsbA==",
          "dependencies": [
            "module.eks.module.eks.data.aws_iam_policy_document.assume_role_policy"
          ],
          "create_before_destroy": true
        }
      ]
    },
    {
      "module": "module.eks.module.eks",
      "mode": "managed",
      "type": "aws_iam_role_policy_attachment",
      "name": "cluster_encryption",
      "provider": "provider[\"registry.terraform.io/hashicorp/aws\"]",
      "instances": [
        {
          "index_key": 0,
          "schema_version": 0,
          "attributes": {
            "id": "learnsphere-cluster-cluster-20250703015323654600000001-20250703015352672000000014",
            "policy_arn": "arn:aws:iam::260123625978:policy/learnsphere-cluster-cluster-ClusterEncryption20250703015351115400000013",
            "role": "learnsphere-cluster-cluster-20250703015323654600000001"
          },
          "sensitive_attributes": [],
          "identity_schema_version": 0,
          "private": "bnVsbA==",
          "dependencies": [
            "module.eks.module.eks.aws_iam_policy.cluster_encryption",
            "module.eks.module.eks.aws_iam_role.this",
            "module.eks.module.eks.data.aws_caller_identity.current",
            "module.eks.module.eks.data.aws_iam_policy_document.assume_role_policy",
            "module.eks.module.eks.data.aws_iam_session_context.current",
            "module.eks.module.eks.module.kms.aws_kms_external_key.this",
            "module.eks.module.eks.module.kms.aws_kms_key.this",
            "module.eks.module.eks.module.kms.aws_kms_replica_external_key.this",
            "module.eks.module.eks.module.kms.aws_kms_replica_key.this",
            "module.eks.module.eks.module.kms.data.aws_caller_identity.current",
            "module.eks.module.eks.module.kms.data.aws_iam_policy_document.this",
            "module.eks.module.eks.module.kms.data.aws_partition.current"
          ]
        }
      ]
    },
    {
      "module": "module.eks.module.eks",
      "mode": "managed",
      "type": "aws_iam_role_policy_attachment",
      "name": "this",
      "provider": "provider[\"registry.terraform.io/hashicorp/aws\"]",
      "instances": [
        {
          "index_key": "AmazonEKSClusterPolicy",
          "schema_version": 0,
          "attributes": {
            "id": "learnsphere-cluster-cluster-20250703015323654600000001-20250703015327755400000007",
            "policy_arn": "arn:aws:iam::aws:policy/AmazonEKSClusterPolicy",
            "role": "learnsphere-cluster-cluster-20250703015323654600000001"
          },
          "sensitive_attributes": [],
          "identity_schema_version": 0,
          "private": "bnVsbA==",
          "dependencies": [
            "module.eks.module.eks.aws_iam_role.this",
            "module.eks.module.eks.data.aws_iam_policy_document.assume_role_policy",
            "module.eks.module.eks.data.aws_partition.current"
          ],
          "create_before_destroy": true
        },
        {
          "index_key": "AmazonEKSVPCResourceController",
          "schema_version": 0,
          "attributes": {
            "id": "learnsphere-cluster-cluster-20250703015323654600000001-20250703015327909700000009",
            "policy_arn": "arn:aws:iam::aws:policy/AmazonEKSVPCResourceController",
            "role": "learnsphere-cluster-cluster-20250703015323654600000001"
          },
          "sensitive_attributes": [],
          "identity_schema_version": 0,
          "private": "bnVsbA==",
          "dependencies": [
            "module.eks.module.eks.aws_iam_role.this",
            "module.eks.module.eks.data.aws_iam_policy_document.assume_role_policy",
            "module.eks.module.eks.data.aws_partition.current"
          ],
          "create_before_destroy": true
        }
      ]
    },
    {
      "module": "module.eks.module.eks",
      "mode": "managed",
      "type": "aws_security_group",
      "name": "cluster",
      "provider": "provider[\"registry.terraform.io/hashicorp/aws\"]",
      "instances": [
        {
          "index_key": 0,
          "schema_version": 1,
          "attributes": {
            "arn": "arn:aws:ec2:ap-south-1:260123625978:security-group/sg-0d5a85600397c26c9",
            "description": "EKS cluster security group",
            "egress": [],
            "id": "sg-0d5a85600397c26c9",
            "ingress": [
              {
                "cidr_blocks": [],
                "description": "Node groups to cluster API",
                "from_port": 443,
                "ipv6_cidr_blocks": [],
                "prefix_list_ids": [],
                "protocol": "tcp",
                "security_groups": [
                  "sg-0b1350e32de407fc4"
                ],
                "self": false,
                "to_port": 443
              }
            ],
            "name": "learnsphere-cluster-cluster-2025070301533689130000000c",
            "name_prefix": "learnsphere-cluster-cluster-",
            "owner_id": "260123625978",
            "revoke_rules_on_delete": false,
            "tags": {
              "Environment": "development",
              "Name": "learnsphere-cluster-cluster",
              "Project": "learnsphere",
              "Terraform": "true"
            },
            "tags_all": {
              "Environment": "development",
              "Name": "learnsphere-cluster-cluster",
              "Project": "learnsphere",
              "Terraform": "true"
            },
            "timeouts": null,
            "vpc_id": "vpc-035924343cca7a2a3"
          },
          "sensitive_attributes": [],
          "identity_schema_version": 0,
          "private": "eyJlMmJmYjczMC1lY2FhLTExZTYtOGY4OC0zNDM2M2JjN2M0YzAiOnsiY3JlYXRlIjo2MDAwMDAwMDAwMDAsImRlbGV0ZSI6OTAwMDAwMDAwMDAwfSwic2NoZW1hX3ZlcnNpb24iOiIxIn0=",
          "dependencies": [
            "module.vpc.module.vpc.aws_vpc.this"
          ],
          "create_before_destroy": true
        }
      ]
    },
    {
      "module": "module.eks.module.eks",
      "mode": "managed",
      "type": "aws_security_group",
      "name": "node",
      "provider": "provider[\"registry.terraform.io/hashicorp/aws\"]",
      "instances": [
        {
          "index_key": 0,
          "schema_version": 1,
          "attributes": {
            "arn": "arn:aws:ec2:ap-south-1:260123625978:security-group/sg-0b1350e32de407fc4",
            "description": "EKS node shared security group",
            "egress": [
              {
                "cidr_blocks": [
                  "0.0.0.0/0"
                ],
                "description": "Allow all egress",
                "from_port": 0,
                "ipv6_cidr_blocks": [],
                "prefix_list_ids": [],
                "protocol": "-1",
                "security_groups": [],
                "self": false,
                "to_port": 0
              }
            ],
            "id": "sg-0b1350e32de407fc4",
            "ingress": [
              {
                "cidr_blocks": [],
                "description": "Cluster API to node 4443/tcp webhook",
                "from_port": 4443,
                "ipv6_cidr_blocks": [],
                "prefix_list_ids": [],
                "protocol": "tcp",
                "security_groups": [
                  "sg-0d5a85600397c26c9"
                ],
                "self": false,
                "to_port": 4443
              },
              {
                "cidr_blocks": [],
                "description": "Cluster API to node 6443/tcp webhook",
                "from_port": 6443,
                "ipv6_cidr_blocks": [],
                "prefix_list_ids": [],
                "protocol": "tcp",
                "security_groups": [
                  "sg-0d5a85600397c26c9"
                ],
                "self": false,
                "to_port": 6443
              },
              {
                "cidr_blocks": [],
                "description": "Cluster API to node 8443/tcp webhook",
                "from_port": 8443,
                "ipv6_cidr_blocks": [],
                "prefix_list_ids": [],
                "protocol": "tcp",
                "security_groups": [
                  "sg-0d5a85600397c26c9"
                ],
                "self": false,
                "to_port": 8443
              },
              {
                "cidr_blocks": [],
                "description": "Cluster API to node 9443/tcp webhook",
                "from_port": 9443,
                "ipv6_cidr_blocks": [],
                "prefix_list_ids": [],
                "protocol": "tcp",
                "security_groups": [
                  "sg-0d5a85600397c26c9"
                ],
                "self": false,
                "to_port": 9443
              },
              {
                "cidr_blocks": [],
                "description": "Cluster API to node groups",
                "from_port": 443,
                "ipv6_cidr_blocks": [],
                "prefix_list_ids": [],
                "protocol": "tcp",
                "security_groups": [
                  "sg-0d5a85600397c26c9"
                ],
                "self": false,
                "to_port": 443
              },
              {
                "cidr_blocks": [],
                "description": "Cluster API to node kubelets",
                "from_port": 10250,
                "ipv6_cidr_blocks": [],
                "prefix_list_ids": [],
                "protocol": "tcp",
                "security_groups": [
                  "sg-0d5a85600397c26c9"
                ],
                "self": false,
                "to_port": 10250
              },
              {
                "cidr_blocks": [],
                "description": "Node to node CoreDNS UDP",
                "from_port": 53,
                "ipv6_cidr_blocks": [],
                "prefix_list_ids": [],
                "protocol": "udp",
                "security_groups": [],
                "self": true,
                "to_port": 53
              },
              {
                "cidr_blocks": [],
                "description": "Node to node CoreDNS",
                "from_port": 53,
                "ipv6_cidr_blocks": [],
                "prefix_list_ids": [],
                "protocol": "tcp",
                "security_groups": [],
                "self": true,
                "to_port": 53
              },
              {
                "cidr_blocks": [],
                "description": "Node to node ingress on ephemeral ports",
                "from_port": 1025,
                "ipv6_cidr_blocks": [],
                "prefix_list_ids": [],
                "protocol": "tcp",
                "security_groups": [],
                "self": true,
                "to_port": 65535
              }
            ],
            "name": "learnsphere-cluster-node-2025070301533687070000000b",
            "name_prefix": "learnsphere-cluster-node-",
            "owner_id": "260123625978",
            "revoke_rules_on_delete": false,
            "tags": {
              "Environment": "development",
              "Name": "learnsphere-cluster-node",
              "Project": "learnsphere",
              "Terraform": "true",
              "kubernetes.io/cluster/learnsphere-cluster": "owned"
            },
            "tags_all": {
              "Environment": "development",
              "Name": "learnsphere-cluster-node",
              "Project": "learnsphere",
              "Terraform": "true",
              "kubernetes.io/cluster/learnsphere-cluster": "owned"
            },
            "timeouts": null,
            "vpc_id": "vpc-035924343cca7a2a3"
          },
          "sensitive_attributes": [],
          "identity_schema_version": 0,
          "private": "eyJlMmJmYjczMC1lY2FhLTExZTYtOGY4OC0zNDM2M2JjN2M0YzAiOnsiY3JlYXRlIjo2MDAwMDAwMDAwMDAsImRlbGV0ZSI6OTAwMDAwMDAwMDAwfSwic2NoZW1hX3ZlcnNpb24iOiIxIn0=",
          "dependencies": [
            "module.vpc.module.vpc.aws_vpc.this"
          ],
          "create_before_destroy": true
        }
      ]
    },
    {
      "module": "module.eks.module.eks",
      "mode": "managed",
      "type": "aws_security_group_rule",
      "name": "cluster",
      "provider": "provider[\"registry.terraform.io/hashicorp/aws\"]",
      "instances": [
        {
          "index_key": "ingress_nodes_443",
          "schema_version": 2,
          "attributes": {
            "cidr_blocks": null,
            "description": "Node groups to cluster API",
            "from_port": 443,
            "id": "sgrule-3697143320",
            "ipv6_cidr_blocks": null,
            "prefix_list_ids": null,
            "protocol": "tcp",
            "security_group_id": "sg-0d5a85600397c26c9",
            "security_group_rule_id": "sgr-0ec172a589ac84a9f",
            "self": false,
            "source_security_group_id": "sg-0b1350e32de407fc4",
            "timeouts": null,
            "to_port": 443,
            "type": "ingress"
          },
          "sensitive_attributes": [],
          "identity_schema_version": 0,
          "private": "eyJlMmJmYjczMC1lY2FhLTExZTYtOGY4OC0zNDM2M2JjN2M0YzAiOnsiY3JlYXRlIjozMDAwMDAwMDAwMDB9LCJzY2hlbWFfdmVyc2lvbiI6IjIifQ==",
          "dependencies": [
            "module.eks.module.eks.aws_security_group.cluster",
            "module.eks.module.eks.aws_security_group.node",
            "module.vpc.module.vpc.aws_vpc.this"
          ],
          "create_before_destroy": true
        }
      ]
    },
    {
      "module": "module.eks.module.eks",
      "mode": "managed",
      "type": "aws_security_group_rule",
      "name": "node",
      "provider": "provider[\"registry.terraform.io/hashicorp/aws\"]",
      "instances": [
        {
          "index_key": "egress_all",
          "schema_version": 2,
          "attributes": {
            "cidr_blocks": [
              "0.0.0.0/0"
            ],
            "description": "Allow all egress",
            "from_port": 0,
            "id": "sgrule-302343475",
            "ipv6_cidr_blocks": null,
            "prefix_list_ids": [],
            "protocol": "-1",
            "security_group_id": "sg-0b1350e32de407fc4",
            "security_group_rule_id": "sgr-04f2e108742151be1",
            "self": false,
            "source_security_group_id": null,
            "timeouts": null,
            "to_port": 0,
            "type": "egress"
          },
          "sensitive_attributes": [],
          "identity_schema_version": 0,
          "private": "eyJlMmJmYjczMC1lY2FhLTExZTYtOGY4OC0zNDM2M2JjN2M0YzAiOnsiY3JlYXRlIjozMDAwMDAwMDAwMDB9LCJzY2hlbWFfdmVyc2lvbiI6IjIifQ==",
          "dependencies": [
            "module.eks.module.eks.aws_security_group.cluster",
            "module.eks.module.eks.aws_security_group.node",
            "module.vpc.module.vpc.aws_vpc.this"
          ],
          "create_before_destroy": true
        },
        {
          "index_key": "ingress_cluster_443",
          "schema_version": 2,
          "attributes": {
            "cidr_blocks": null,
            "description": "Cluster API to node groups",
            "from_port": 443,
            "id": "sgrule-1897043799",
            "ipv6_cidr_blocks": null,
            "prefix_list_ids": [],
            "protocol": "tcp",
            "security_group_id": "sg-0b1350e32de407fc4",
            "security_group_rule_id": "sgr-0ef42e77b7f822ccc",
            "self": false,
            "source_security_group_id": "sg-0d5a85600397c26c9",
            "timeouts": null,
            "to_port": 443,
            "type": "ingress"
          },
          "sensitive_attributes": [],
          "identity_schema_version": 0,
          "private": "eyJlMmJmYjczMC1lY2FhLTExZTYtOGY4OC0zNDM2M2JjN2M0YzAiOnsiY3JlYXRlIjozMDAwMDAwMDAwMDB9LCJzY2hlbWFfdmVyc2lvbiI6IjIifQ==",
          "dependencies": [
            "module.eks.module.eks.aws_security_group.cluster",
            "module.eks.module.eks.aws_security_group.node",
            "module.vpc.module.vpc.aws_vpc.this"
          ],
          "create_before_destroy": true
        },
        {
          "index_key": "ingress_cluster_4443_webhook",
          "schema_version": 2,
          "attributes": {
            "cidr_blocks": null,
            "description": "Cluster API to node 4443/tcp webhook",
            "from_port": 4443,
            "id": "sgrule-548829725",
            "ipv6_cidr_blocks": null,
            "prefix_list_ids": [],
            "protocol": "tcp",
            "security_group_id": "sg-0b1350e32de407fc4",
            "security_group_rule_id": "sgr-0fc919664785ef653",
            "self": false,
            "source_security_group_id": "sg-0d5a85600397c26c9",
            "timeouts": null,
            "to_port": 4443,
            "type": "ingress"
          },
          "sensitive_attributes": [],
          "identity_schema_version": 0,
          "private": "eyJlMmJmYjczMC1lY2FhLTExZTYtOGY4OC0zNDM2M2JjN2M0YzAiOnsiY3JlYXRlIjozMDAwMDAwMDAwMDB9LCJzY2hlbWFfdmVyc2lvbiI6IjIifQ==",
          "dependencies": [
            "module.eks.module.eks.aws_security_group.cluster",
            "module.eks.module.eks.aws_security_group.node",
            "module.vpc.module.vpc.aws_vpc.this"
          ],
          "create_before_destroy": true
        },
        {
          "index_key": "ingress_cluster_6443_webhook",
          "schema_version": 2,
          "attributes": {
            "cidr_blocks": null,
            "description": "Cluster API to node 6443/tcp webhook",
            "from_port": 6443,
            "id": "sgrule-3925089675",
            "ipv6_cidr_blocks": null,
            "prefix_list_ids": [],
            "protocol": "tcp",
            "security_group_id": "sg-0b1350e32de407fc4",
            "security_group_rule_id": "sgr-0f1c6f0816557da14",
            "self": false,
            "source_security_group_id": "sg-0d5a85600397c26c9",
            "timeouts": null,
            "to_port": 6443,
            "type": "ingress"
          },
          "sensitive_attributes": [],
          "identity_schema_version": 0,
          "private": "eyJlMmJmYjczMC1lY2FhLTExZTYtOGY4OC0zNDM2M2JjN2M0YzAiOnsiY3JlYXRlIjozMDAwMDAwMDAwMDB9LCJzY2hlbWFfdmVyc2lvbiI6IjIifQ==",
          "dependencies": [
            "module.eks.module.eks.aws_security_group.cluster",
            "module.eks.module.eks.aws_security_group.node",
            "module.vpc.module.vpc.aws_vpc.this"
          ],
          "create_before_destroy": true
        },
        {
          "index_key": "ingress_cluster_8443_webhook",
          "schema_version": 2,
          "attributes": {
            "cidr_blocks": null,
            "description": "Cluster API to node 8443/tcp webhook",
            "from_port": 8443,
            "id": "sgrule-4205322666",
            "ipv6_cidr_blocks": null,
            "prefix_list_ids": [],
            "protocol": "tcp",
            "security_group_id": "sg-0b1350e32de407fc4",
            "security_group_rule_id": "sgr-00d55bb42aeb58328",
            "self": false,
            "source_security_group_id": "sg-0d5a85600397c26c9",
            "timeouts": null,
            "to_port": 8443,
            "type": "ingress"
          },
          "sensitive_attributes": [],
          "identity_schema_version": 0,
          "private": "eyJlMmJmYjczMC1lY2FhLTExZTYtOGY4OC0zNDM2M2JjN2M0YzAiOnsiY3JlYXRlIjozMDAwMDAwMDAwMDB9LCJzY2hlbWFfdmVyc2lvbiI6IjIifQ==",
          "dependencies": [
            "module.eks.module.eks.aws_security_group.cluster",
            "module.eks.module.eks.aws_security_group.node",
            "module.vpc.module.vpc.aws_vpc.this"
          ],
          "create_before_destroy": true
        },
        {
          "index_key": "ingress_cluster_9443_webhook",
          "schema_version": 2,
          "attributes": {
            "cidr_blocks": null,
            "description": "Cluster API to node 9443/tcp webhook",
            "from_port": 9443,
            "id": "sgrule-2651394657",
            "ipv6_cidr_blocks": null,
            "prefix_list_ids": [],
            "protocol": "tcp",
            "security_group_id": "sg-0b1350e32de407fc4",
            "security_group_rule_id": "sgr-0067a96d91cc27e1c",
            "self": false,
            "source_security_group_id": "sg-0d5a85600397c26c9",
            "timeouts": null,
            "to_port": 9443,
            "type": "ingress"
          },
          "sensitive_attributes": [],
          "identity_schema_version": 0,
          "private": "eyJlMmJmYjczMC1lY2FhLTExZTYtOGY4OC0zNDM2M2JjN2M0YzAiOnsiY3JlYXRlIjozMDAwMDAwMDAwMDB9LCJzY2hlbWFfdmVyc2lvbiI6IjIifQ==",
          "dependencies": [
            "module.eks.module.eks.aws_security_group.cluster",
            "module.eks.module.eks.aws_security_group.node",
            "module.vpc.module.vpc.aws_vpc.this"
          ],
          "create_before_destroy": true
        },
        {
          "index_key": "ingress_cluster_kubelet",
          "schema_version": 2,
          "attributes": {
            "cidr_blocks": null,
            "description": "Cluster API to node kubelets",
            "from_port": 10250,
            "id": "sgrule-1342031229",
            "ipv6_cidr_blocks": null,
            "prefix_list_ids": [],
            "protocol": "tcp",
            "security_group_id": "sg-0b1350e32de407fc4",
            "security_group_rule_id": "sgr-0c7c560ddd3a12d51",
            "self": false,
            "source_security_group_id": "sg-0d5a85600397c26c9",
            "timeouts": null,
            "to_port": 10250,
            "type": "ingress"
          },
          "sensitive_attributes": [],
          "identity_schema_version": 0,
          "private": "eyJlMmJmYjczMC1lY2FhLTExZTYtOGY4OC0zNDM2M2JjN2M0YzAiOnsiY3JlYXRlIjozMDAwMDAwMDAwMDB9LCJzY2hlbWFfdmVyc2lvbiI6IjIifQ==",
          "dependencies": [
            "module.eks.module.eks.aws_security_group.cluster",
            "module.eks.module.eks.aws_security_group.node",
            "module.vpc.module.vpc.aws_vpc.this"
          ],
          "create_before_destroy": true
        },
        {
          "index_key": "ingress_nodes_ephemeral",
          "schema_version": 2,
          "attributes": {
            "cidr_blocks": null,
            "description": "Node to node ingress on ephemeral ports",
            "from_port": 1025,
            "id": "sgrule-3861940515",
            "ipv6_cidr_blocks": null,
            "prefix_list_ids": [],
            "protocol": "tcp",
            "security_group_id": "sg-0b1350e32de407fc4",
            "security_group_rule_id": "sgr-0b4728f33987383b2",
            "self": true,
            "source_security_group_id": null,
            "timeouts": null,
            "to_port": 65535,
            "type": "ingress"
          },
          "sensitive_attributes": [],
          "identity_schema_version": 0,
          "private": "eyJlMmJmYjczMC1lY2FhLTExZTYtOGY4OC0zNDM2M2JjN2M0YzAiOnsiY3JlYXRlIjozMDAwMDAwMDAwMDB9LCJzY2hlbWFfdmVyc2lvbiI6IjIifQ==",
          "dependencies": [
            "module.eks.module.eks.aws_security_group.cluster",
            "module.eks.module.eks.aws_security_group.node",
            "module.vpc.module.vpc.aws_vpc.this"
          ],
          "create_before_destroy": true
        },
        {
          "index_key": "ingress_self_coredns_tcp",
          "schema_version": 2,
          "attributes": {
            "cidr_blocks": null,
            "description": "Node to node CoreDNS",
            "from_port": 53,
            "id": "sgrule-2381306884",
            "ipv6_cidr_blocks": null,
            "prefix_list_ids": [],
            "protocol": "tcp",
            "security_group_id": "sg-0b1350e32de407fc4",
            "security_group_rule_id": "sgr-0354c21d96e3d7111",
            "self": true,
            "source_security_group_id": null,
            "timeouts": null,
            "to_port": 53,
            "type": "ingress"
          },
          "sensitive_attributes": [],
          "identity_schema_version": 0,
          "private": "eyJlMmJmYjczMC1lY2FhLTExZTYtOGY4OC0zNDM2M2JjN2M0YzAiOnsiY3JlYXRlIjozMDAwMDAwMDAwMDB9LCJzY2hlbWFfdmVyc2lvbiI6IjIifQ==",
          "dependencies": [
            "module.eks.module.eks.aws_security_group.cluster",
            "module.eks.module.eks.aws_security_group.node",
            "module.vpc.module.vpc.aws_vpc.this"
          ],
          "create_before_destroy": true
        },
        {
          "index_key": "ingress_self_coredns_udp",
          "schema_version": 2,
          "attributes": {
            "cidr_blocks": null,
            "description": "Node to node CoreDNS UDP",
            "from_port": 53,
            "id": "sgrule-699432939",
            "ipv6_cidr_blocks": null,
            "prefix_list_ids": [],
            "protocol": "udp",
            "security_group_id": "sg-0b1350e32de407fc4",
            "security_group_rule_id": "sgr-07cac19ed50b2fdf1",
            "self": true,
            "source_security_group_id": null,
            "timeouts": null,
            "to_port": 53,
            "type": "ingress"
          },
          "sensitive_attributes": [],
          "identity_schema_version": 0,
          "private": "eyJlMmJmYjczMC1lY2FhLTExZTYtOGY4OC0zNDM2M2JjN2M0YzAiOnsiY3JlYXRlIjozMDAwMDAwMDAwMDB9LCJzY2hlbWFfdmVyc2lvbiI6IjIifQ==",
          "dependencies": [
            "module.eks.module.eks.aws_security_group.cluster",
            "module.eks.module.eks.aws_security_group.node",
            "module.vpc.module.vpc.aws_vpc.this"
          ],
          "create_before_destroy": true
        }
      ]
    },
    {
      "module": "module.eks.module.eks",
      "mode": "managed",
      "type": "time_sleep",
      "name": "this",
      "provider": "provider[\"registry.terraform.io/hashicorp/time\"]",
      "instances": [
        {
          "index_key": 0,
          "schema_version": 0,
          "attributes": {
            "create_duration": "30s",
            "destroy_duration": null,
            "id": "2025-07-03T02:02:24Z",
            "triggers": {
              "cluster_certificate_authority_data": "LS0tLS1CRUdJTiBDRVJUSUZJQ0FURS0tLS0tCk1JSURCVENDQWUyZ0F3SUJBZ0lJUUZvTWQ1UVR4bU13RFFZSktvWklodmNOQVFFTEJRQXdGVEVUTUJFR0ExVUUKQXhNS2EzVmlaWEp1WlhSbGN6QWVGdzB5TlRBM01ETXdNVFV5TlRaYUZ3MHpOVEEzTURFd01UVTNOVFphTUJVeApFekFSQmdOVkJBTVRDbXQxWW1WeWJtVjBaWE13Z2dFaU1BMEdDU3FHU0liM0RRRUJBUVVBQTRJQkR3QXdnZ0VLCkFvSUJBUUN2Um9QeU01TC9JOWYydjk1V3hRaXFEdGxhWkpRdnZtZ2Yrc0dCd3czUEJ1Rjd1TjhrWUJXd2JqR0IKcUpSVmFneEFsTi9MeW1CRk1rbHlvT3laVXFIUHd3RURFKzlsZy8yWHJmZ0FSaHAwYXFDOWtqdmtMaXVtbUlSdQp2ZHpaSGVMWS9ES3B5cXBJYjRxYW1LejA3UEFHVlBOYk0zZlF6SmxDU3FYdjBTeU0rcmRkSFJPMjRPR2FWWGdiCllvTTFsV1lwZFZmc0lRNWE4Qm0wMDA3VHQzcmpVU3kwSmtha1Ywc1JRbVV2aG9NMWJHMmc3NjNTdmZYQ1ZJNVEKYTNCVkhOS2FWWHJnYVRHM3BuMWhKcWoxK2JubmFhKy92Zkh2MGJlQWlGR2lwY3o5Wi9GNC9QTmdYbzhoZkdVRApJaGphYko4Nm9lY2FLelRDTVhZU05CTEdVNjVQQWdNQkFBR2pXVEJYTUE0R0ExVWREd0VCL3dRRUF3SUNwREFQCkJnTlZIUk1CQWY4RUJUQURBUUgvTUIwR0ExVWREZ1FXQkJTS1pWd091eVgzTkx4bVRvRjRqa3QvRFRTUEhUQVYKQmdOVkhSRUVEakFNZ2dwcmRXSmxjbTVsZEdWek1BMEdDU3FHU0liM0RRRUJDd1VBQTRJQkFRQW5xOGlITGxjTgo1cmkyWWM2MlNQUDljL1dhY0pwWk1ITW1iWGtzTUJkbXNkUzJPdDVQVlVkbWFBRVBlQy9GS0ZHNXlpVHBsNWc1Cnh2RGlsMUdvNEt6S2NhZkdkdlRRWGp3VCtUQTBDSHhaZEtGbGVGZkx3ZHI5MGExdTI0czlEay9TOXFtTEw0N00KcGNMdVlCQlpLckgvZElONmpMUjF4cE5idG8wQUxRU215NUtqS0F3elREN25ZNDVHR1I1L0tGWUxmZWNJODhpbApiL3Q4emgxWjc5TU82eThSYUhKQzFMNEczb1lzZGZ0cWJrMnJqbDdReG5EaWpwRlRiYWZoT1VaaUt4OVU1cGdVCnhpTmFQSWJ2WUhZUTFzK1hBRitJOUVkempOSlNPY2tDT2JYSGxyTXdZZHhPS3VSR1pFdlhZMkN2S3dpR2xJSEUKR0plTjkwY2VlMEI4Ci0tLS0tRU5EIENFUlRJRklDQVRFLS0tLS0K",
              "cluster_endpoint": "https://9F70B750EDF8F237CC310A3124C7A53A.gr7.ap-south-1.eks.amazonaws.com",
              "cluster_name": "learnsphere-cluster",
              "cluster_service_cidr": "172.20.0.0/16",
              "cluster_version": "1.31"
            }
          },
          "sensitive_attributes": [],
          "identity_schema_version": 0,
          "dependencies": [
            "module.eks.module.eks.aws_cloudwatch_log_group.this",
            "module.eks.module.eks.aws_eks_cluster.this",
            "module.eks.module.eks.aws_iam_policy.cni_ipv6_policy",
            "module.eks.module.eks.aws_iam_role.this",
            "module.eks.module.eks.aws_iam_role_policy_attachment.this",
            "module.eks.module.eks.aws_security_group.cluster",
            "module.eks.module.eks.aws_security_group.node",
            "module.eks.module.eks.aws_security_group_rule.cluster",
            "module.eks.module.eks.aws_security_group_rule.node",
            "module.eks.module.eks.data.aws_caller_identity.current",
            "module.eks.module.eks.data.aws_iam_policy_document.assume_role_policy",
            "module.eks.module.eks.data.aws_iam_policy_document.cni_ipv6_policy",
            "module.eks.module.eks.data.aws_iam_session_context.current",
            "module.eks.module.eks.data.aws_partition.current",
            "module.eks.module.eks.module.kms.aws_kms_external_key.this",
            "module.eks.module.eks.module.kms.aws_kms_key.this",
            "module.eks.module.eks.module.kms.aws_kms_replica_external_key.this",
            "module.eks.module.eks.module.kms.aws_kms_replica_key.this",
            "module.eks.module.eks.module.kms.data.aws_caller_identity.current",
            "module.eks.module.eks.module.kms.data.aws_iam_policy_document.this",
            "module.eks.module.eks.module.kms.data.aws_partition.current",
            "module.vpc.module.vpc.aws_subnet.private",
            "module.vpc.module.vpc.aws_vpc.this",
            "module.vpc.module.vpc.aws_vpc_ipv4_cidr_block_association.this"
          ],
          "create_before_destroy": true
        }
      ]
    },
    {
      "module": "module.eks.module.eks.module.eks_managed_node_group[\"learnsphere_nodes\"]",
      "mode": "data",
      "type": "aws_caller_identity",
      "name": "current",
      "provider": "provider[\"registry.terraform.io/hashicorp/aws\"]",
      "instances": [
        {
          "schema_version": 0,
          "attributes": {
            "account_id": "260123625978",
            "arn": "arn:aws:iam::260123625978:user/badal_cloud",
            "id": "260123625978",
            "user_id": "AIDATZEETRH5HHM2NGIT4"
          },
          "sensitive_attributes": [],
          "identity_schema_version": 0
        }
      ]
    },
    {
      "module": "module.eks.module.eks.module.eks_managed_node_group[\"learnsphere_nodes\"]",
      "mode": "data",
      "type": "aws_iam_policy_document",
      "name": "assume_role_policy",
      "provider": "provider[\"registry.terraform.io/hashicorp/aws\"]",
      "instances": [
        {
          "index_key": 0,
          "schema_version": 0,
          "attributes": {
            "id": "2560088296",
            "json": "{\n  \"Version\": \"2012-10-17\",\n  \"Statement\": [\n    {\n      \"Sid\": \"EKSNodeAssumeRole\",\n      \"Effect\": \"Allow\",\n      \"Action\": \"sts:AssumeRole\",\n      \"Principal\": {\n        \"Service\": \"ec2.amazonaws.com\"\n      }\n    }\n  ]\n}",
            "minified_json": "{\"Version\":\"2012-10-17\",\"Statement\":[{\"Sid\":\"EKSNodeAssumeRole\",\"Effect\":\"Allow\",\"Action\":\"sts:AssumeRole\",\"Principal\":{\"Service\":\"ec2.amazonaws.com\"}}]}",
            "override_json": null,
            "override_policy_documents": null,
            "policy_id": null,
            "source_json": null,
            "source_policy_documents": null,
            "statement": [
              {
                "actions": [
                  "sts:AssumeRole"
                ],
                "condition": [],
                "effect": "Allow",
                "not_actions": [],
                "not_principals": [],
                "not_resources": [],
                "principals": [
                  {
                    "identifiers": [
                      "ec2.amazonaws.com"
                    ],
                    "type": "Service"
                  }
                ],
                "resources": [],
                "sid": "EKSNodeAssumeRole"
              }
            ],
            "version": "2012-10-17"
          },
          "sensitive_attributes": [],
          "identity_schema_version": 0
        }
      ]
    },
    {
      "module": "module.eks.module.eks.module.eks_managed_node_group[\"learnsphere_nodes\"]",
      "mode": "data",
      "type": "aws_partition",
      "name": "current",
      "provider": "provider[\"registry.terraform.io/hashicorp/aws\"]",
      "instances": [
        {
          "schema_version": 0,
          "attributes": {
            "dns_suffix": "amazonaws.com",
            "id": "aws",
            "partition": "aws",
            "reverse_dns_prefix": "com.amazonaws"
          },
          "sensitive_attributes": [],
          "identity_schema_version": 0
        }
      ]
    },
    {
      "module": "module.eks.module.eks.module.eks_managed_node_group[\"learnsphere_nodes\"]",
      "mode": "managed",
      "type": "aws_eks_node_group",
      "name": "this",
      "provider": "provider[\"registry.terraform.io/hashicorp/aws\"]",
      "instances": [
        {
          "index_key": 0,
          "schema_version": 0,
          "attributes": {
            "ami_type": "AL2023_x86_64_STANDARD",
            "arn": "arn:aws:eks:ap-south-1:260123625978:nodegroup/learnsphere-cluster/learnsphere-node-group-20250703020231132800000017/40cbe702-b7f6-0e5f-c611-6245dd1eeb67",
            "capacity_type": "ON_DEMAND",
            "cluster_name": "learnsphere-cluster",
            "disk_size": 0,
            "force_update_version": null,
            "id": "learnsphere-cluster:learnsphere-node-group-20250703020231132800000017",
            "instance_types": [
              "t3.medium"
            ],
            "labels": {},
            "launch_template": [
              {
                "id": "lt-029fdff6d08f9d0fa",
                "name": "learnsphere_nodes-20250703020225001100000015",
                "version": "1"
              }
            ],
            "node_group_name": "learnsphere-node-group-20250703020231132800000017",
            "node_group_name_prefix": "learnsphere-node-group-",
            "node_repair_config": [],
            "node_role_arn": "arn:aws:iam::260123625978:role/learnsphere-node-group-eks-node-group-20250703015323742700000003",
            "release_version": "1.31.7-20250627",
            "remote_access": [],
            "resources": [
              {
                "autoscaling_groups": [
                  {
                    "name": "eks-learnsphere-node-group-20250703020231132800000017-40cbe702-b7f6-0e5f-c611-6245dd1eeb67"
                  }
                ],
                "remote_access_security_group_id": ""
              }
            ],
            "scaling_config": [
              {
                "desired_size": 2,
                "max_size": 4,
                "min_size": 2
              }
            ],
            "status": "ACTIVE",
            "subnet_ids": [
              "subnet-03fbc737a43ee9792",
              "subnet-09d891d297e5da53f",
              "subnet-0b14807209f4d1c1c"
            ],
            "tags": {
              "Environment": "development",
              "Name": "learnsphere-node-group",
              "Project": "learnsphere",
              "Terraform": "true"
            },
            "tags_all": {
              "Environment": "development",
              "Name": "learnsphere-node-group",
              "Project": "learnsphere",
              "Terraform": "true"
            },
            "taint": [],
            "timeouts": {
              "create": null,
              "delete": null,
              "update": null
            },
            "update_config": [
              {
                "max_unavailable": 0,
                "max_unavailable_percentage": 33
              }
            ],
            "version": "1.31"
          },
          "sensitive_attributes": [],
          "identity_schema_version": 0,
          "private": "eyJlMmJmYjczMC1lY2FhLTExZTYtOGY4OC0zNDM2M2JjN2M0YzAiOnsiY3JlYXRlIjozNjAwMDAwMDAwMDAwLCJkZWxldGUiOjM2MDAwMDAwMDAwMDAsInVwZGF0ZSI6MzYwMDAwMDAwMDAwMH19",
          "dependencies": [
            "module.eks.module.eks.aws_cloudwatch_log_group.this",
            "module.eks.module.eks.aws_eks_cluster.this",
            "module.eks.module.eks.aws_iam_policy.cni_ipv6_policy",
            "module.eks.module.eks.aws_iam_role.this",
            "module.eks.module.eks.aws_iam_role_policy_attachment.this",
            "module.eks.module.eks.aws_security_group.cluster",
            "module.eks.module.eks.aws_security_group.node",
            "module.eks.module.eks.aws_security_group_rule.cluster",
            "module.eks.module.eks.aws_security_group_rule.node",
            "module.eks.module.eks.data.aws_caller_identity.current",
            "module.eks.module.eks.data.aws_iam_policy_document.assume_role_policy",
            "module.eks.module.eks.data.aws_iam_policy_document.cni_ipv6_policy",
            "module.eks.module.eks.data.aws_iam_session_context.current",
            "module.eks.module.eks.data.aws_partition.current",
            "module.eks.module.eks.module.eks_managed_node_group.aws_iam_role.this",
            "module.eks.module.eks.module.eks_managed_node_group.aws_iam_role_policy_attachment.this",
            "module.eks.module.eks.module.eks_managed_node_group.aws_launch_template.this",
            "module.eks.module.eks.module.eks_managed_node_group.aws_placement_group.this",
            "module.eks.module.eks.module.eks_managed_node_group.data.aws_caller_identity.current",
            "module.eks.module.eks.module.eks_managed_node_group.data.aws_ec2_instance_type.this",
            "module.eks.module.eks.module.eks_managed_node_group.data.aws_ec2_instance_type_offerings.this",
            "module.eks.module.eks.module.eks_managed_node_group.data.aws_iam_policy_document.assume_role_policy",
            "module.eks.module.eks.module.eks_managed_node_group.data.aws_partition.current",
            "module.eks.module.eks.module.eks_managed_node_group.data.aws_ssm_parameter.ami",
            "module.eks.module.eks.module.eks_managed_node_group.data.aws_subnets.efa",
            "module.eks.module.eks.module.eks_managed_node_group.module.user_data.data.cloudinit_config.al2023_eks_managed_node_group",
            "module.eks.module.eks.module.eks_managed_node_group.module.user_data.data.cloudinit_config.linux_eks_managed_node_group",
            "module.eks.module.eks.module.kms.aws_kms_external_key.this",
            "module.eks.module.eks.module.kms.aws_kms_key.this",
            "module.eks.module.eks.module.kms.aws_kms_replica_external_key.this",
            "module.eks.module.eks.module.kms.aws_kms_replica_key.this",
            "module.eks.module.eks.module.kms.data.aws_caller_identity.current",
            "module.eks.module.eks.module.kms.data.aws_iam_policy_document.this",
            "module.eks.module.eks.module.kms.data.aws_partition.current",
            "module.eks.module.eks.time_sleep.this",
            "module.vpc.module.vpc.aws_subnet.private",
            "module.vpc.module.vpc.aws_vpc.this",
            "module.vpc.module.vpc.aws_vpc_ipv4_cidr_block_association.this"
          ],
          "create_before_destroy": true
        }
      ]
    },
    {
      "module": "module.eks.module.eks.module.eks_managed_node_group[\"learnsphere_nodes\"]",
      "mode": "managed",
      "type": "aws_iam_role",
      "name": "this",
      "provider": "provider[\"registry.terraform.io/hashicorp/aws\"]",
      "instances": [
        {
          "index_key": 0,
          "schema_version": 0,
          "attributes": {
            "arn": "arn:aws:iam::260123625978:role/learnsphere-node-group-eks-node-group-20250703015323742700000003",
            "assume_role_policy": "{\"Statement\":[{\"Action\":\"sts:AssumeRole\",\"Effect\":\"Allow\",\"Principal\":{\"Service\":\"ec2.amazonaws.com\"},\"Sid\":\"EKSNodeAssumeRole\"}],\"Version\":\"2012-10-17\"}",
            "create_date": "2025-07-03T01:53:25Z",
            "description": "EKS managed node group IAM role",
            "force_detach_policies": true,
            "id": "learnsphere-node-group-eks-node-group-20250703015323742700000003",
            "inline_policy": [],
            "managed_policy_arns": [
              "arn:aws:iam::aws:policy/AmazonEC2ContainerRegistryReadOnly",
              "arn:aws:iam::aws:policy/AmazonEKSWorkerNodePolicy",
              "arn:aws:iam::aws:policy/AmazonEKS_CNI_Policy"
            ],
            "max_session_duration": 3600,
            "name": "learnsphere-node-group-eks-node-group-20250703015323742700000003",
            "name_prefix": "learnsphere-node-group-eks-node-group-",
            "path": "/",
            "permissions_boundary": "",
            "tags": {
              "Environment": "development",
              "Project": "learnsphere",
              "Terraform": "true"
            },
            "tags_all": {
              "Environment": "development",
              "Project": "learnsphere",
              "Terraform": "true"
            },
            "unique_id": "AROATZEETRH5ORUQBDOKF"
          },
          "sensitive_attributes": [],
          "identity_schema_version": 0,
          "private": "bnVsbA==",
          "dependencies": [
            "module.eks.module.eks.module.eks_managed_node_group.data.aws_iam_policy_document.assume_role_policy"
          ],
          "create_before_destroy": true
        }
      ]
    },
    {
      "module": "module.eks.module.eks.module.eks_managed_node_group[\"learnsphere_nodes\"]",
      "mode": "managed",
      "type": "aws_iam_role_policy_attachment",
      "name": "this",
      "provider": "provider[\"registry.terraform.io/hashicorp/aws\"]",
      "instances": [
        {
          "index_key": "AmazonEC2ContainerRegistryReadOnly",
          "schema_version": 0,
          "attributes": {
            "id": "learnsphere-node-group-eks-node-group-20250703015323742700000003-20250703015327290700000004",
            "policy_arn": "arn:aws:iam::aws:policy/AmazonEC2ContainerRegistryReadOnly",
            "role": "learnsphere-node-group-eks-node-group-20250703015323742700000003"
          },
          "sensitive_attributes": [],
          "identity_schema_version": 0,
          "private": "bnVsbA==",
          "dependencies": [
            "module.eks.module.eks.module.eks_managed_node_group.aws_iam_role.this",
            "module.eks.module.eks.module.eks_managed_node_group.data.aws_caller_identity.current",
            "module.eks.module.eks.module.eks_managed_node_group.data.aws_iam_policy_document.assume_role_policy",
            "module.eks.module.eks.module.eks_managed_node_group.data.aws_partition.current"
          ],
          "create_before_destroy": true
        },
        {
          "index_key": "AmazonEKSWorkerNodePolicy",
          "schema_version": 0,
          "attributes": {
            "id": "learnsphere-node-group-eks-node-group-20250703015323742700000003-20250703015327294100000005",
            "policy_arn": "arn:aws:iam::aws:policy/AmazonEKSWorkerNodePolicy",
            "role": "learnsphere-node-group-eks-node-group-20250703015323742700000003"
          },
          "sensitive_attributes": [],
          "identity_schema_version": 0,
          "private": "bnVsbA==",
          "dependencies": [
            "module.eks.module.eks.module.eks_managed_node_group.aws_iam_role.this",
            "module.eks.module.eks.module.eks_managed_node_group.data.aws_caller_identity.current",
            "module.eks.module.eks.module.eks_managed_node_group.data.aws_iam_policy_document.assume_role_policy",
            "module.eks.module.eks.module.eks_managed_node_group.data.aws_partition.current"
          ],
          "create_before_destroy": true
        },
        {
          "index_key": "AmazonEKS_CNI_Policy",
          "schema_version": 0,
          "attributes": {
            "id": "learnsphere-node-group-eks-node-group-20250703015323742700000003-20250703015327315600000006",
            "policy_arn": "arn:aws:iam::aws:policy/AmazonEKS_CNI_Policy",
            "role": "learnsphere-node-group-eks-node-group-20250703015323742700000003"
          },
          "sensitive_attributes": [],
          "identity_schema_version": 0,
          "private": "bnVsbA==",
          "dependencies": [
            "module.eks.module.eks.module.eks_managed_node_group.aws_iam_role.this",
            "module.eks.module.eks.module.eks_managed_node_group.data.aws_caller_identity.current",
            "module.eks.module.eks.module.eks_managed_node_group.data.aws_iam_policy_document.assume_role_policy",
            "module.eks.module.eks.module.eks_managed_node_group.data.aws_partition.current"
          ],
          "create_before_destroy": true
        }
      ]
    },
    {
      "module": "module.eks.module.eks.module.eks_managed_node_group[\"learnsphere_nodes\"]",
      "mode": "managed",
      "type": "aws_launch_template",
      "name": "this",
      "provider": "provider[\"registry.terraform.io/hashicorp/aws\"]",
      "instances": [
        {
          "index_key": 0,
          "schema_version": 0,
          "attributes": {
            "arn": "arn:aws:ec2:ap-south-1:260123625978:launch-template/lt-029fdff6d08f9d0fa",
            "block_device_mappings": [],
            "capacity_reservation_specification": [],
            "cpu_options": [],
            "credit_specification": [],
            "default_version": 1,
            "description": "Custom launch template for learnsphere-node-group EKS managed node group",
            "disable_api_stop": false,
            "disable_api_termination": false,
            "ebs_optimized": "",
            "elastic_gpu_specifications": [],
            "elastic_inference_accelerator": [],
            "enclave_options": [],
            "hibernation_options": [],
            "iam_instance_profile": [],
            "id": "lt-029fdff6d08f9d0fa",
            "image_id": "",
            "instance_initiated_shutdown_behavior": "",
            "instance_market_options": [],
            "instance_requirements": [],
            "instance_type": "",
            "kernel_id": "",
            "key_name": "",
            "latest_version": 1,
            "license_specification": [],
            "maintenance_options": [],
            "metadata_options": [
              {
                "http_endpoint": "enabled",
                "http_protocol_ipv6": "",
                "http_put_response_hop_limit": 2,
                "http_tokens": "required",
                "instance_metadata_tags": ""
              }
            ],
            "monitoring": [
              {
                "enabled": true
              }
            ],
            "name": "learnsphere_nodes-20250703020225001100000015",
            "name_prefix": "learnsphere_nodes-",
            "network_interfaces": [],
            "placement": [],
            "private_dns_name_options": [],
            "ram_disk_id": "",
            "security_group_names": [],
            "tag_specifications": [
              {
                "resource_type": "instance",
                "tags": {
                  "Environment": "development",
                  "Name": "learnsphere-node-group",
                  "Project": "learnsphere",
                  "Terraform": "true"
                }
              },
              {
                "resource_type": "network-interface",
                "tags": {
                  "Environment": "development",
                  "Name": "learnsphere-node-group",
                  "Project": "learnsphere",
                  "Terraform": "true"
                }
              },
              {
                "resource_type": "volume",
                "tags": {
                  "Environment": "development",
                  "Name": "learnsphere-node-group",
                  "Project": "learnsphere",
                  "Terraform": "true"
                }
              }
            ],
            "tags": {
              "Environment": "development",
              "Project": "learnsphere",
              "Terraform": "true"
            },
            "tags_all": {
              "Environment": "development",
              "Project": "learnsphere",
              "Terraform": "true"
            },
            "update_default_version": true,
            "user_data": "",
            "vpc_security_group_ids": [
              "sg-0b1350e32de407fc4"
            ]
          },
          "sensitive_attributes": [],
          "identity_schema_version": 0,
          "private": "bnVsbA==",
          "dependencies": [
            "module.eks.module.eks.aws_cloudwatch_log_group.this",
            "module.eks.module.eks.aws_eks_cluster.this",
            "module.eks.module.eks.aws_iam_policy.cni_ipv6_policy",
            "module.eks.module.eks.aws_iam_role.this",
            "module.eks.module.eks.aws_iam_role_policy_attachment.this",
            "module.eks.module.eks.aws_security_group.cluster",
            "module.eks.module.eks.aws_security_group.node",
            "module.eks.module.eks.aws_security_group_rule.cluster",
            "module.eks.module.eks.aws_security_group_rule.node",
            "module.eks.module.eks.data.aws_caller_identity.current",
            "module.eks.module.eks.data.aws_iam_policy_document.assume_role_policy",
            "module.eks.module.eks.data.aws_iam_policy_document.cni_ipv6_policy",
            "module.eks.module.eks.data.aws_iam_session_context.current",
            "module.eks.module.eks.data.aws_partition.current",
            "module.eks.module.eks.module.eks_managed_node_group.aws_iam_role.this",
            "module.eks.module.eks.module.eks_managed_node_group.aws_iam_role_policy_attachment.this",
            "module.eks.module.eks.module.eks_managed_node_group.aws_placement_group.this",
            "module.eks.module.eks.module.eks_managed_node_group.data.aws_caller_identity.current",
            "module.eks.module.eks.module.eks_managed_node_group.data.aws_ec2_instance_type.this",
            "module.eks.module.eks.module.eks_managed_node_group.data.aws_iam_policy_document.assume_role_policy",
            "module.eks.module.eks.module.eks_managed_node_group.data.aws_partition.current",
            "module.eks.module.eks.module.eks_managed_node_group.module.user_data.data.cloudinit_config.al2023_eks_managed_node_group",
            "module.eks.module.eks.module.eks_managed_node_group.module.user_data.data.cloudinit_config.linux_eks_managed_node_group",
            "module.eks.module.eks.module.kms.aws_kms_external_key.this",
            "module.eks.module.eks.module.kms.aws_kms_key.this",
            "module.eks.module.eks.module.kms.aws_kms_replica_external_key.this",
            "module.eks.module.eks.module.kms.aws_kms_replica_key.this",
            "module.eks.module.eks.module.kms.data.aws_caller_identity.current",
            "module.eks.module.eks.module.kms.data.aws_iam_policy_document.this",
            "module.eks.module.eks.module.kms.data.aws_partition.current",
            "module.eks.module.eks.time_sleep.this",
            "module.vpc.module.vpc.aws_subnet.private",
            "module.vpc.module.vpc.aws_vpc.this",
            "module.vpc.module.vpc.aws_vpc_ipv4_cidr_block_association.this"
          ],
          "create_before_destroy": true
        }
      ]
    },
    {
      "module": "module.eks.module.eks.module.eks_managed_node_group[\"learnsphere_nodes\"].module.user_data",
      "mode": "managed",
      "type": "null_resource",
      "name": "validate_cluster_service_cidr",
      "provider": "provider[\"registry.terraform.io/hashicorp/null\"]",
      "instances": [
        {
          "schema_version": 0,
          "attributes": {
            "id": "5031854098720151986",
            "triggers": null
          },
          "sensitive_attributes": [],
          "identity_schema_version": 0,
          "dependencies": [
            "module.eks.module.eks.aws_cloudwatch_log_group.this",
            "module.eks.module.eks.aws_eks_cluster.this",
            "module.eks.module.eks.aws_iam_policy.cni_ipv6_policy",
            "module.eks.module.eks.aws_iam_role.this",
            "module.eks.module.eks.aws_iam_role_policy_attachment.this",
            "module.eks.module.eks.aws_security_group.cluster",
            "module.eks.module.eks.aws_security_group.node",
            "module.eks.module.eks.aws_security_group_rule.cluster",
            "module.eks.module.eks.aws_security_group_rule.node",
            "module.eks.module.eks.data.aws_caller_identity.current",
            "module.eks.module.eks.data.aws_iam_policy_document.assume_role_policy",
            "module.eks.module.eks.data.aws_iam_policy_document.cni_ipv6_policy",
            "module.eks.module.eks.data.aws_iam_session_context.current",
            "module.eks.module.eks.data.aws_partition.current",
            "module.eks.module.eks.module.kms.aws_kms_external_key.this",
            "module.eks.module.eks.module.kms.aws_kms_key.this",
            "module.eks.module.eks.module.kms.aws_kms_replica_external_key.this",
            "module.eks.module.eks.module.kms.aws_kms_replica_key.this",
            "module.eks.module.eks.module.kms.data.aws_caller_identity.current",
            "module.eks.module.eks.module.kms.data.aws_iam_policy_document.this",
            "module.eks.module.eks.module.kms.data.aws_partition.current",
            "module.eks.module.eks.time_sleep.this",
            "module.vpc.module.vpc.aws_subnet.private",
            "module.vpc.module.vpc.aws_vpc.this",
            "module.vpc.module.vpc.aws_vpc_ipv4_cidr_block_association.this"
          ]
        }
      ]
    },
    {
      "module": "module.eks.module.eks.module.kms",
      "mode": "data",
      "type": "aws_caller_identity",
      "name": "current",
      "provider": "provider[\"registry.terraform.io/hashicorp/aws\"]",
      "instances": [
        {
          "index_key": 0,
          "schema_version": 0,
          "attributes": {
            "account_id": "260123625978",
            "arn": "arn:aws:iam::260123625978:user/badal_cloud",
            "id": "260123625978",
            "user_id": "AIDATZEETRH5HHM2NGIT4"
          },
          "sensitive_attributes": [],
          "identity_schema_version": 0
        }
      ]
    },
    {
      "module": "module.eks.module.eks.module.kms",
      "mode": "data",
      "type": "aws_iam_policy_document",
      "name": "this",
      "provider": "provider[\"registry.terraform.io/hashicorp/aws\"]",
      "instances": [
        {
          "index_key": 0,
          "schema_version": 0,
          "attributes": {
            "id": "1423695555",
            "json": "{\n  \"Version\": \"2012-10-17\",\n  \"Statement\": [\n    {\n      \"Sid\": \"Default\",\n      \"Effect\": \"Allow\",\n      \"Action\": \"kms:*\",\n      \"Resource\": \"*\",\n      \"Principal\": {\n        \"AWS\": \"arn:aws:iam::260123625978:root\"\n      }\n    },\n    {\n      \"Sid\": \"KeyAdministration\",\n      \"Effect\": \"Allow\",\n      \"Action\": [\n        \"kms:Update*\",\n        \"kms:UntagResource\",\n        \"kms:TagResource\",\n        \"kms:ScheduleKeyDeletion\",\n        \"kms:Revoke*\",\n        \"kms:ReplicateKey\",\n        \"kms:Put*\",\n        \"kms:List*\",\n        \"kms:ImportKeyMaterial\",\n        \"kms:Get*\",\n        \"kms:Enable*\",\n        \"kms:Disable*\",\n        \"kms:Describe*\",\n        \"kms:Delete*\",\n        \"kms:Create*\",\n        \"kms:CancelKeyDeletion\"\n      ],\n      \"Resource\": \"*\",\n      \"Principal\": {\n        \"AWS\": \"arn:aws:iam::260123625978:user/badal_cloud\"\n      }\n    },\n    {\n      \"Sid\": \"KeyUsage\",\n      \"Effect\": \"Allow\",\n      \"Action\": [\n        \"kms:ReEncrypt*\",\n        \"kms:GenerateDataKey*\",\n        \"kms:Encrypt\",\n        \"kms:DescribeKey\",\n        \"kms:Decrypt\"\n      ],\n      \"Resource\": \"*\",\n      \"Principal\": {\n        \"AWS\": \"arn:aws:iam::260123625978:role/learnsphere-cluster-cluster-20250703015323654600000001\"\n      }\n    }\n  ]\n}",
            "minified_json": "{\"Version\":\"2012-10-17\",\"Statement\":[{\"Sid\":\"Default\",\"Effect\":\"Allow\",\"Action\":\"kms:*\",\"Resource\":\"*\",\"Principal\":{\"AWS\":\"arn:aws:iam::260123625978:root\"}},{\"Sid\":\"KeyAdministration\",\"Effect\":\"Allow\",\"Action\":[\"kms:Update*\",\"kms:UntagResource\",\"kms:TagResource\",\"kms:ScheduleKeyDeletion\",\"kms:Revoke*\",\"kms:ReplicateKey\",\"kms:Put*\",\"kms:List*\",\"kms:ImportKeyMaterial\",\"kms:Get*\",\"kms:Enable*\",\"kms:Disable*\",\"kms:Describe*\",\"kms:Delete*\",\"kms:Create*\",\"kms:CancelKeyDeletion\"],\"Resource\":\"*\",\"Principal\":{\"AWS\":\"arn:aws:iam::260123625978:user/badal_cloud\"}},{\"Sid\":\"KeyUsage\",\"Effect\":\"Allow\",\"Action\":[\"kms:ReEncrypt*\",\"kms:GenerateDataKey*\",\"kms:Encrypt\",\"kms:DescribeKey\",\"kms:Decrypt\"],\"Resource\":\"*\",\"Principal\":{\"AWS\":\"arn:aws:iam::260123625978:role/learnsphere-cluster-cluster-20250703015323654600000001\"}}]}",
            "override_json": null,
            "override_policy_documents": null,
            "policy_id": null,
            "source_json": null,
            "source_policy_documents": null,
            "statement": [
              {
                "actions": [
                  "kms:*"
                ],
                "condition": [],
                "effect": "Allow",
                "not_actions": [],
                "not_principals": [],
                "not_resources": [],
                "principals": [
                  {
                    "identifiers": [
                      "arn:aws:iam::260123625978:root"
                    ],
                    "type": "AWS"
                  }
                ],
                "resources": [
                  "*"
                ],
                "sid": "Default"
              },
              {
                "actions": [
                  "kms:CancelKeyDeletion",
                  "kms:Create*",
                  "kms:Delete*",
                  "kms:Describe*",
                  "kms:Disable*",
                  "kms:Enable*",
                  "kms:Get*",
                  "kms:ImportKeyMaterial",
                  "kms:List*",
                  "kms:Put*",
                  "kms:ReplicateKey",
                  "kms:Revoke*",
                  "kms:ScheduleKeyDeletion",
                  "kms:TagResource",
                  "kms:UntagResource",
                  "kms:Update*"
                ],
                "condition": [],
                "effect": "Allow",
                "not_actions": [],
                "not_principals": [],
                "not_resources": [],
                "principals": [
                  {
                    "identifiers": [
                      "arn:aws:iam::260123625978:user/badal_cloud"
                    ],
                    "type": "AWS"
                  }
                ],
                "resources": [
                  "*"
                ],
                "sid": "KeyAdministration"
              },
              {
                "actions": [
                  "kms:Decrypt",
                  "kms:DescribeKey",
                  "kms:Encrypt",
                  "kms:GenerateDataKey*",
                  "kms:ReEncrypt*"
                ],
                "condition": [],
                "effect": "Allow",
                "not_actions": [],
                "not_principals": [],
                "not_resources": [],
                "principals": [
                  {
                    "identifiers": [
                      "arn:aws:iam::260123625978:role/learnsphere-cluster-cluster-20250703015323654600000001"
                    ],
                    "type": "AWS"
                  }
                ],
                "resources": [
                  "*"
                ],
                "sid": "KeyUsage"
              }
            ],
            "version": "2012-10-17"
          },
          "sensitive_attributes": [],
          "identity_schema_version": 0
        }
      ]
    },
    {
      "module": "module.eks.module.eks.module.kms",
      "mode": "data",
      "type": "aws_partition",
      "name": "current",
      "provider": "provider[\"registry.terraform.io/hashicorp/aws\"]",
      "instances": [
        {
          "index_key": 0,
          "schema_version": 0,
          "attributes": {
            "dns_suffix": "amazonaws.com",
            "id": "aws",
            "partition": "aws",
            "reverse_dns_prefix": "com.amazonaws"
          },
          "sensitive_attributes": [],
          "identity_schema_version": 0
        }
      ]
    },
    {
      "module": "module.eks.module.eks.module.kms",
      "mode": "managed",
      "type": "aws_kms_alias",
      "name": "this",
      "provider": "provider[\"registry.terraform.io/hashicorp/aws\"]",
      "instances": [
        {
          "index_key": "cluster",
          "schema_version": 0,
          "attributes": {
            "arn": "arn:aws:kms:ap-south-1:260123625978:alias/eks/learnsphere-cluster",
            "id": "alias/eks/learnsphere-cluster",
            "name": "alias/eks/learnsphere-cluster",
            "name_prefix": "",
            "target_key_arn": "arn:aws:kms:ap-south-1:260123625978:key/96e19846-9050-4128-b3b8-c911ed5e5f65",
            "target_key_id": "96e19846-9050-4128-b3b8-c911ed5e5f65"
          },
          "sensitive_attributes": [],
          "identity_schema_version": 0,
          "private": "bnVsbA==",
          "dependencies": [
            "module.eks.module.eks.aws_iam_role.this",
            "module.eks.module.eks.data.aws_caller_identity.current",
            "module.eks.module.eks.data.aws_iam_policy_document.assume_role_policy",
            "module.eks.module.eks.data.aws_iam_session_context.current",
            "module.eks.module.eks.module.kms.aws_kms_external_key.this",
            "module.eks.module.eks.module.kms.aws_kms_key.this",
            "module.eks.module.eks.module.kms.aws_kms_replica_external_key.this",
            "module.eks.module.eks.module.kms.aws_kms_replica_key.this",
            "module.eks.module.eks.module.kms.data.aws_caller_identity.current",
            "module.eks.module.eks.module.kms.data.aws_iam_policy_document.this",
            "module.eks.module.eks.module.kms.data.aws_partition.current"
          ]
        }
      ]
    },
    {
      "module": "module.eks.module.eks.module.kms",
      "mode": "managed",
      "type": "aws_kms_key",
      "name": "this",
      "provider": "provider[\"registry.terraform.io/hashicorp/aws\"]",
      "instances": [
        {
          "index_key": 0,
          "schema_version": 0,
          "attributes": {
            "arn": "arn:aws:kms:ap-south-1:260123625978:key/96e19846-9050-4128-b3b8-c911ed5e5f65",
            "bypass_policy_lockout_safety_check": false,
            "custom_key_store_id": "",
            "customer_master_key_spec": "SYMMETRIC_DEFAULT",
            "deletion_window_in_days": null,
            "description": "learnsphere-cluster cluster encryption key",
            "enable_key_rotation": true,
            "id": "96e19846-9050-4128-b3b8-c911ed5e5f65",
            "is_enabled": true,
            "key_id": "96e19846-9050-4128-b3b8-c911ed5e5f65",
            "key_usage": "ENCRYPT_DECRYPT",
            "multi_region": false,
            "policy": "{\"Statement\":[{\"Action\":\"kms:*\",\"Effect\":\"Allow\",\"Principal\":{\"AWS\":\"arn:aws:iam::260123625978:root\"},\"Resource\":\"*\",\"Sid\":\"Default\"},{\"Action\":[\"kms:Update*\",\"kms:UntagResource\",\"kms:TagResource\",\"kms:ScheduleKeyDeletion\",\"kms:Revoke*\",\"kms:ReplicateKey\",\"kms:Put*\",\"kms:List*\",\"kms:ImportKeyMaterial\",\"kms:Get*\",\"kms:Enable*\",\"kms:Disable*\",\"kms:Describe*\",\"kms:Delete*\",\"kms:Create*\",\"kms:CancelKeyDeletion\"],\"Effect\":\"Allow\",\"Principal\":{\"AWS\":\"arn:aws:iam::260123625978:user/badal_cloud\"},\"Resource\":\"*\",\"Sid\":\"KeyAdministration\"},{\"Action\":[\"kms:ReEncrypt*\",\"kms:GenerateDataKey*\",\"kms:Encrypt\",\"kms:DescribeKey\",\"kms:Decrypt\"],\"Effect\":\"Allow\",\"Principal\":{\"AWS\":\"arn:aws:iam::260123625978:role/learnsphere-cluster-cluster-20250703015323654600000001\"},\"Resource\":\"*\",\"Sid\":\"KeyUsage\"}],\"Version\":\"2012-10-17\"}",
            "rotation_period_in_days": 365,
            "tags": {
              "Environment": "development",
              "Project": "learnsphere",
              "Terraform": "true",
              "terraform-aws-modules": "eks"
            },
            "tags_all": {
              "Environment": "development",
              "Project": "learnsphere",
              "Terraform": "true",
              "terraform-aws-modules": "eks"
            },
            "timeouts": null,
            "xks_key_id": ""
          },
          "sensitive_attributes": [],
          "identity_schema_version": 0,
          "private": "eyJlMmJmYjczMC1lY2FhLTExZTYtOGY4OC0zNDM2M2JjN2M0YzAiOnsiY3JlYXRlIjoxMjAwMDAwMDAwMDB9fQ==",
          "dependencies": [
            "module.eks.module.eks.aws_iam_role.this",
            "module.eks.module.eks.data.aws_caller_identity.current",
            "module.eks.module.eks.data.aws_iam_policy_document.assume_role_policy",
            "module.eks.module.eks.data.aws_iam_session_context.current",
            "module.eks.module.eks.module.kms.data.aws_caller_identity.current",
            "module.eks.module.eks.module.kms.data.aws_iam_policy_document.this",
            "module.eks.module.eks.module.kms.data.aws_partition.current"
          ],
          "create_before_destroy": true
        }
      ]
    },
    {
      "module": "module.vpc.module.vpc",
      "mode": "managed",
      "type": "aws_default_network_acl",
      "name": "this",
      "provider": "provider[\"registry.terraform.io/hashicorp/aws\"]",
      "instances": [
        {
          "index_key": 0,
          "schema_version": 0,
          "attributes": {
            "arn": "arn:aws:ec2:ap-south-1:260123625978:network-acl/acl-0f42532ac4d1f4ae6",
            "default_network_acl_id": "acl-0f42532ac4d1f4ae6",
            "egress": [
              {
                "action": "allow",
                "cidr_block": "",
                "from_port": 0,
                "icmp_code": 0,
                "icmp_type": 0,
                "ipv6_cidr_block": "::/0",
                "protocol": "-1",
                "rule_no": 101,
                "to_port": 0
              },
              {
                "action": "allow",
                "cidr_block": "0.0.0.0/0",
                "from_port": 0,
                "icmp_code": 0,
                "icmp_type": 0,
                "ipv6_cidr_block": "",
                "protocol": "-1",
                "rule_no": 100,
                "to_port": 0
              }
            ],
            "id": "acl-0f42532ac4d1f4ae6",
            "ingress": [
              {
                "action": "allow",
                "cidr_block": "",
                "from_port": 0,
                "icmp_code": 0,
                "icmp_type": 0,
                "ipv6_cidr_block": "::/0",
                "protocol": "-1",
                "rule_no": 101,
                "to_port": 0
              },
              {
                "action": "allow",
                "cidr_block": "0.0.0.0/0",
                "from_port": 0,
                "icmp_code": 0,
                "icmp_type": 0,
                "ipv6_cidr_block": "",
                "protocol": "-1",
                "rule_no": 100,
                "to_port": 0
              }
            ],
            "owner_id": "260123625978",
            "subnet_ids": [
              "subnet-03fbc737a43ee9792",
              "subnet-06bb79fb16ebadf82",
              "subnet-08a135f30d6741541",
              "subnet-09d891d297e5da53f",
              "subnet-0b14807209f4d1c1c",
              "subnet-0e742a7bd61eaaad8"
            ],
            "tags": {
              "Environment": "development",
              "Name": "learnsphere-vpc-default",
              "Project": "learnsphere",
              "Terraform": "true"
            },
            "tags_all": {
              "Environment": "development",
              "Name": "learnsphere-vpc-default",
              "Project": "learnsphere",
              "Terraform": "true"
            },
            "vpc_id": "vpc-035924343cca7a2a3"
          },
          "sensitive_attributes": [],
          "identity_schema_version": 0,
          "private": "bnVsbA==",
          "dependencies": [
            "module.vpc.module.vpc.aws_vpc.this"
          ]
        }
      ]
    },
    {
      "module": "module.vpc.module.vpc",
      "mode": "managed",
      "type": "aws_default_route_table",
      "name": "default",
      "provider": "provider[\"registry.terraform.io/hashicorp/aws\"]",
      "instances": [
        {
          "index_key": 0,
          "schema_version": 0,
          "attributes": {
            "arn": "arn:aws:ec2:ap-south-1:260123625978:route-table/rtb-0b1d8b7b39970b26d",
            "default_route_table_id": "rtb-0b1d8b7b39970b26d",
            "id": "rtb-0b1d8b7b39970b26d",
            "owner_id": "260123625978",
            "propagating_vgws": [],
            "route": [],
            "tags": {
              "Environment": "development",
              "Name": "learnsphere-vpc-default",
              "Project": "learnsphere",
              "Terraform": "true"
            },
            "tags_all": {
              "Environment": "development",
              "Name": "learnsphere-vpc-default",
              "Project": "learnsphere",
              "Terraform": "true"
            },
            "timeouts": {
              "create": "5m",
              "update": "5m"
            },
            "vpc_id": "vpc-035924343cca7a2a3"
          },
          "sensitive_attributes": [],
          "identity_schema_version": 0,
          "private": "eyJlMmJmYjczMC1lY2FhLTExZTYtOGY4OC0zNDM2M2JjN2M0YzAiOnsiY3JlYXRlIjozMDAwMDAwMDAwMDAsInVwZGF0ZSI6MzAwMDAwMDAwMDAwfX0=",
          "dependencies": [
            "module.vpc.module.vpc.aws_vpc.this"
          ]
        }
      ]
    },
    {
      "module": "module.vpc.module.vpc",
      "mode": "managed",
      "type": "aws_default_security_group",
      "name": "this",
      "provider": "provider[\"registry.terraform.io/hashicorp/aws\"]",
      "instances": [
        {
          "index_key": 0,
          "schema_version": 1,
          "attributes": {
            "arn": "arn:aws:ec2:ap-south-1:260123625978:security-group/sg-0a2895d9594a0717b",
            "description": "default VPC security group",
            "egress": [],
            "id": "sg-0a2895d9594a0717b",
            "ingress": [],
            "name": "default",
            "name_prefix": "",
            "owner_id": "260123625978",
            "revoke_rules_on_delete": false,
            "tags": {
              "Environment": "development",
              "Name": "learnsphere-vpc-default",
              "Project": "learnsphere",
              "Terraform": "true"
            },
            "tags_all": {
              "Environment": "development",
              "Name": "learnsphere-vpc-default",
              "Project": "learnsphere",
              "Terraform": "true"
            },
            "vpc_id": "vpc-035924343cca7a2a3"
          },
          "sensitive_attributes": [],
          "identity_schema_version": 0,
          "private": "eyJzY2hlbWFfdmVyc2lvbiI6IjEifQ==",
          "dependencies": [
            "module.vpc.module.vpc.aws_vpc.this"
          ]
        }
      ]
    },
    {
      "module": "module.vpc.module.vpc",
      "mode": "managed",
      "type": "aws_eip",
      "name": "nat",
      "provider": "provider[\"registry.terraform.io/hashicorp/aws\"]",
      "instances": [
        {
          "index_key": 0,
          "schema_version": 0,
          "attributes": {
            "address": null,
            "allocation_id": "eipalloc-02a2cea9ba9105d78",
            "arn": "arn:aws:ec2:ap-south-1:260123625978:elastic-ip/eipalloc-02a2cea9ba9105d78",
            "associate_with_private_ip": null,
            "association_id": "eipassoc-0571bd26b9b53af81",
            "carrier_ip": "",
            "customer_owned_ip": "",
            "customer_owned_ipv4_pool": "",
            "domain": "vpc",
            "id": "eipalloc-02a2cea9ba9105d78",
            "instance": "",
            "ipam_pool_id": null,
            "network_border_group": "ap-south-1",
            "network_interface": "eni-07e44fa32e392c769",
            "private_dns": "ip-10-0-101-243.ap-south-1.compute.internal",
            "private_ip": "10.0.101.243",
            "ptr_record": "",
            "public_dns": "ec2-3-109-168-87.ap-south-1.compute.amazonaws.com",
            "public_ip": "3.109.168.87",
            "public_ipv4_pool": "amazon",
            "tags": {
              "Environment": "development",
              "Name": "learnsphere-vpc-ap-south-1a",
              "Project": "learnsphere",
              "Terraform": "true"
            },
            "tags_all": {
              "Environment": "development",
              "Name": "learnsphere-vpc-ap-south-1a",
              "Project": "learnsphere",
              "Terraform": "true"
            },
            "timeouts": null,
            "vpc": true
          },
          "sensitive_attributes": [],
          "identity_schema_version": 0,
          "private": "eyJlMmJmYjczMC1lY2FhLTExZTYtOGY4OC0zNDM2M2JjN2M0YzAiOnsiZGVsZXRlIjoxODAwMDAwMDAwMDAsInJlYWQiOjkwMDAwMDAwMDAwMCwidXBkYXRlIjozMDAwMDAwMDAwMDB9fQ==",
          "dependencies": [
            "module.vpc.module.vpc.aws_internet_gateway.this",
            "module.vpc.module.vpc.aws_vpc.this",
            "module.vpc.module.vpc.aws_vpc_ipv4_cidr_block_association.this"
          ]
        },
        {
          "index_key": 1,
          "schema_version": 0,
          "attributes": {
            "address": null,
            "allocation_id": "eipalloc-0a4bdee2c4679546b",
            "arn": "arn:aws:ec2:ap-south-1:260123625978:elastic-ip/eipalloc-0a4bdee2c4679546b",
            "associate_with_private_ip": null,
            "association_id": "eipassoc-07e9c9b464ff1bffd",
            "carrier_ip": "",
            "customer_owned_ip": "",
            "customer_owned_ipv4_pool": "",
            "domain": "vpc",
            "id": "eipalloc-0a4bdee2c4679546b",
            "instance": "",
            "ipam_pool_id": null,
            "network_border_group": "ap-south-1",
            "network_interface": "eni-0a03fc03ec2f73938",
            "private_dns": "ip-10-0-102-212.ap-south-1.compute.internal",
            "private_ip": "10.0.102.212",
            "ptr_record": "",
            "public_dns": "ec2-65-0-252-34.ap-south-1.compute.amazonaws.com",
            "public_ip": "65.0.252.34",
            "public_ipv4_pool": "amazon",
            "tags": {
              "Environment": "development",
              "Name": "learnsphere-vpc-ap-south-1b",
              "Project": "learnsphere",
              "Terraform": "true"
            },
            "tags_all": {
              "Environment": "development",
              "Name": "learnsphere-vpc-ap-south-1b",
              "Project": "learnsphere",
              "Terraform": "true"
            },
            "timeouts": null,
            "vpc": true
          },
          "sensitive_attributes": [],
          "identity_schema_version": 0,
          "private": "eyJlMmJmYjczMC1lY2FhLTExZTYtOGY4OC0zNDM2M2JjN2M0YzAiOnsiZGVsZXRlIjoxODAwMDAwMDAwMDAsInJlYWQiOjkwMDAwMDAwMDAwMCwidXBkYXRlIjozMDAwMDAwMDAwMDB9fQ==",
          "dependencies": [
            "module.vpc.module.vpc.aws_internet_gateway.this",
            "module.vpc.module.vpc.aws_vpc.this",
            "module.vpc.module.vpc.aws_vpc_ipv4_cidr_block_association.this"
          ]
        },
        {
          "index_key": 2,
          "schema_version": 0,
          "attributes": {
            "address": null,
            "allocation_id": "eipalloc-09c073329686031e7",
            "arn": "arn:aws:ec2:ap-south-1:260123625978:elastic-ip/eipalloc-09c073329686031e7",
            "associate_with_private_ip": null,
            "association_id": "eipassoc-0561f0790dbc8b43f",
            "carrier_ip": "",
            "customer_owned_ip": "",
            "customer_owned_ipv4_pool": "",
            "domain": "vpc",
            "id": "eipalloc-09c073329686031e7",
            "instance": "",
            "ipam_pool_id": null,
            "network_border_group": "ap-south-1",
            "network_interface": "eni-09a6447a1fb4e82e7",
            "private_dns": "ip-10-0-103-201.ap-south-1.compute.internal",
            "private_ip": "10.0.103.201",
            "ptr_record": "",
            "public_dns": "ec2-13-200-191-13.ap-south-1.compute.amazonaws.com",
            "public_ip": "13.200.191.13",
            "public_ipv4_pool": "amazon",
            "tags": {
              "Environment": "development",
              "Name": "learnsphere-vpc-ap-south-1c",
              "Project": "learnsphere",
              "Terraform": "true"
            },
            "tags_all": {
              "Environment": "development",
              "Name": "learnsphere-vpc-ap-south-1c",
              "Project": "learnsphere",
              "Terraform": "true"
            },
            "timeouts": null,
            "vpc": true
          },
          "sensitive_attributes": [],
          "identity_schema_version": 0,
          "private": "eyJlMmJmYjczMC1lY2FhLTExZTYtOGY4OC0zNDM2M2JjN2M0YzAiOnsiZGVsZXRlIjoxODAwMDAwMDAwMDAsInJlYWQiOjkwMDAwMDAwMDAwMCwidXBkYXRlIjozMDAwMDAwMDAwMDB9fQ==",
          "dependencies": [
            "module.vpc.module.vpc.aws_internet_gateway.this",
            "module.vpc.module.vpc.aws_vpc.this",
            "module.vpc.module.vpc.aws_vpc_ipv4_cidr_block_association.this"
          ]
        }
      ]
    },
    {
      "module": "module.vpc.module.vpc",
      "mode": "managed",
      "type": "aws_internet_gateway",
      "name": "this",
      "provider": "provider[\"registry.terraform.io/hashicorp/aws\"]",
      "instances": [
        {
          "index_key": 0,
          "schema_version": 0,
          "attributes": {
            "arn": "arn:aws:ec2:ap-south-1:260123625978:internet-gateway/igw-0e5a4c54b748749dc",
            "id": "igw-0e5a4c54b748749dc",
            "owner_id": "260123625978",
            "tags": {
              "Environment": "development",
              "Name": "learnsphere-vpc",
              "Project": "learnsphere",
              "Terraform": "true"
            },
            "tags_all": {
              "Environment": "development",
              "Name": "learnsphere-vpc",
              "Project": "learnsphere",
              "Terraform": "true"
            },
            "timeouts": null,
            "vpc_id": "vpc-035924343cca7a2a3"
          },
          "sensitive_attributes": [],
          "identity_schema_version": 0,
          "private": "eyJlMmJmYjczMC1lY2FhLTExZTYtOGY4OC0zNDM2M2JjN2M0YzAiOnsiY3JlYXRlIjoxMjAwMDAwMDAwMDAwLCJkZWxldGUiOjEyMDAwMDAwMDAwMDAsInVwZGF0ZSI6MTIwMDAwMDAwMDAwMH19",
          "dependencies": [
            "module.vpc.module.vpc.aws_vpc.this",
            "module.vpc.module.vpc.aws_vpc_ipv4_cidr_block_association.this"
          ]
        }
      ]
    },
    {
      "module": "module.vpc.module.vpc",
      "mode": "managed",
      "type": "aws_nat_gateway",
      "name": "this",
      "provider": "provider[\"registry.terraform.io/hashicorp/aws\"]",
      "instances": [
        {
          "index_key": 0,
          "schema_version": 0,
          "attributes": {
            "allocation_id": "eipalloc-02a2cea9ba9105d78",
            "association_id": "eipassoc-0571bd26b9b53af81",
            "connectivity_type": "public",
            "id": "nat-0bf1ad8e52ba9fc28",
            "network_interface_id": "eni-07e44fa32e392c769",
            "private_ip": "10.0.101.243",
            "public_ip": "3.109.168.87",
            "secondary_allocation_ids": [],
            "secondary_private_ip_address_count": 0,
            "secondary_private_ip_addresses": [],
            "subnet_id": "subnet-08a135f30d6741541",
            "tags": {
              "Environment": "development",
              "Name": "learnsphere-vpc-ap-south-1a",
              "Project": "learnsphere",
              "Terraform": "true"
            },
            "tags_all": {
              "Environment": "development",
              "Name": "learnsphere-vpc-ap-south-1a",
              "Project": "learnsphere",
              "Terraform": "true"
            },
            "timeouts": null
          },
          "sensitive_attributes": [],
          "identity_schema_version": 0,
          "private": "eyJlMmJmYjczMC1lY2FhLTExZTYtOGY4OC0zNDM2M2JjN2M0YzAiOnsiY3JlYXRlIjo2MDAwMDAwMDAwMDAsImRlbGV0ZSI6MTgwMDAwMDAwMDAwMCwidXBkYXRlIjo2MDAwMDAwMDAwMDB9fQ==",
          "dependencies": [
            "module.vpc.module.vpc.aws_eip.nat",
            "module.vpc.module.vpc.aws_internet_gateway.this",
            "module.vpc.module.vpc.aws_subnet.public",
            "module.vpc.module.vpc.aws_vpc.this",
            "module.vpc.module.vpc.aws_vpc_ipv4_cidr_block_association.this"
          ]
        },
        {
          "index_key": 1,
          "schema_version": 0,
          "attributes": {
            "allocation_id": "eipalloc-0a4bdee2c4679546b",
            "association_id": "eipassoc-07e9c9b464ff1bffd",
            "connectivity_type": "public",
            "id": "nat-05556d1427e7cb650",
            "network_interface_id": "eni-0a03fc03ec2f73938",
            "private_ip": "10.0.102.212",
            "public_ip": "65.0.252.34",
            "secondary_allocation_ids": [],
            "secondary_private_ip_address_count": 0,
            "secondary_private_ip_addresses": [],
            "subnet_id": "subnet-0e742a7bd61eaaad8",
            "tags": {
              "Environment": "development",
              "Name": "learnsphere-vpc-ap-south-1b",
              "Project": "learnsphere",
              "Terraform": "true"
            },
            "tags_all": {
              "Environment": "development",
              "Name": "learnsphere-vpc-ap-south-1b",
              "Project": "learnsphere",
              "Terraform": "true"
            },
            "timeouts": null
          },
          "sensitive_attributes": [],
          "identity_schema_version": 0,
          "private": "eyJlMmJmYjczMC1lY2FhLTExZTYtOGY4OC0zNDM2M2JjN2M0YzAiOnsiY3JlYXRlIjo2MDAwMDAwMDAwMDAsImRlbGV0ZSI6MTgwMDAwMDAwMDAwMCwidXBkYXRlIjo2MDAwMDAwMDAwMDB9fQ==",
          "dependencies": [
            "module.vpc.module.vpc.aws_eip.nat",
            "module.vpc.module.vpc.aws_internet_gateway.this",
            "module.vpc.module.vpc.aws_subnet.public",
            "module.vpc.module.vpc.aws_vpc.this",
            "module.vpc.module.vpc.aws_vpc_ipv4_cidr_block_association.this"
          ]
        },
        {
          "index_key": 2,
          "schema_version": 0,
          "attributes": {
            "allocation_id": "eipalloc-09c073329686031e7",
            "association_id": "eipassoc-0561f0790dbc8b43f",
            "connectivity_type": "public",
            "id": "nat-0cc93b54d5111f5c8",
            "network_interface_id": "eni-09a6447a1fb4e82e7",
            "private_ip": "10.0.103.201",
            "public_ip": "13.200.191.13",
            "secondary_allocation_ids": [],
            "secondary_private_ip_address_count": 0,
            "secondary_private_ip_addresses": [],
            "subnet_id": "subnet-06bb79fb16ebadf82",
            "tags": {
              "Environment": "development",
              "Name": "learnsphere-vpc-ap-south-1c",
              "Project": "learnsphere",
              "Terraform": "true"
            },
            "tags_all": {
              "Environment": "development",
              "Name": "learnsphere-vpc-ap-south-1c",
              "Project": "learnsphere",
              "Terraform": "true"
            },
            "timeouts": null
          },
          "sensitive_attributes": [],
          "identity_schema_version": 0,
          "private": "eyJlMmJmYjczMC1lY2FhLTExZTYtOGY4OC0zNDM2M2JjN2M0YzAiOnsiY3JlYXRlIjo2MDAwMDAwMDAwMDAsImRlbGV0ZSI6MTgwMDAwMDAwMDAwMCwidXBkYXRlIjo2MDAwMDAwMDAwMDB9fQ==",
          "dependencies": [
            "module.vpc.module.vpc.aws_eip.nat",
            "module.vpc.module.vpc.aws_internet_gateway.this",
            "module.vpc.module.vpc.aws_subnet.public",
            "module.vpc.module.vpc.aws_vpc.this",
            "module.vpc.module.vpc.aws_vpc_ipv4_cidr_block_association.this"
          ]
        }
      ]
    },
    {
      "module": "module.vpc.module.vpc",
      "mode": "managed",
      "type": "aws_route",
      "name": "private_nat_gateway",
      "provider": "provider[\"registry.terraform.io/hashicorp/aws\"]",
      "instances": [
        {
          "index_key": 0,
          "schema_version": 0,
          "attributes": {
            "carrier_gateway_id": "",
            "core_network_arn": "",
            "destination_cidr_block": "0.0.0.0/0",
            "destination_ipv6_cidr_block": "",
            "destination_prefix_list_id": "",
            "egress_only_gateway_id": "",
            "gateway_id": "",
            "id": "r-rtb-0ed7c6848fb8457281080289494",
            "instance_id": "",
            "instance_owner_id": "",
            "local_gateway_id": "",
            "nat_gateway_id": "nat-0bf1ad8e52ba9fc28",
            "network_interface_id": "",
            "origin": "CreateRoute",
            "route_table_id": "rtb-0ed7c6848fb845728",
            "state": "active",
            "timeouts": {
              "create": "5m",
              "delete": null,
              "update": null
            },
            "transit_gateway_id": "",
            "vpc_endpoint_id": "",
            "vpc_peering_connection_id": ""
          },
          "sensitive_attributes": [],
          "identity_schema_version": 0,
          "private": "eyJlMmJmYjczMC1lY2FhLTExZTYtOGY4OC0zNDM2M2JjN2M0YzAiOnsiY3JlYXRlIjozMDAwMDAwMDAwMDAsImRlbGV0ZSI6MzAwMDAwMDAwMDAwLCJ1cGRhdGUiOjEyMDAwMDAwMDAwMH19",
          "dependencies": [
            "module.vpc.module.vpc.aws_eip.nat",
            "module.vpc.module.vpc.aws_internet_gateway.this",
            "module.vpc.module.vpc.aws_nat_gateway.this",
            "module.vpc.module.vpc.aws_route_table.private",
            "module.vpc.module.vpc.aws_subnet.public",
            "module.vpc.module.vpc.aws_vpc.this",
            "module.vpc.module.vpc.aws_vpc_ipv4_cidr_block_association.this"
          ]
        },
        {
          "index_key": 1,
          "schema_version": 0,
          "attributes": {
            "carrier_gateway_id": "",
            "core_network_arn": "",
            "destination_cidr_block": "0.0.0.0/0",
            "destination_ipv6_cidr_block": "",
            "destination_prefix_list_id": "",
            "egress_only_gateway_id": "",
            "gateway_id": "",
            "id": "r-rtb-0f1b0ff9d4eaef3f51080289494",
            "instance_id": "",
            "instance_owner_id": "",
            "local_gateway_id": "",
            "nat_gateway_id": "nat-05556d1427e7cb650",
            "network_interface_id": "",
            "origin": "CreateRoute",
            "route_table_id": "rtb-0f1b0ff9d4eaef3f5",
            "state": "active",
            "timeouts": {
              "create": "5m",
              "delete": null,
              "update": null
            },
            "transit_gateway_id": "",
            "vpc_endpoint_id": "",
            "vpc_peering_connection_id": ""
          },
          "sensitive_attributes": [],
          "identity_schema_version": 0,
          "private": "eyJlMmJmYjczMC1lY2FhLTExZTYtOGY4OC0zNDM2M2JjN2M0YzAiOnsiY3JlYXRlIjozMDAwMDAwMDAwMDAsImRlbGV0ZSI6MzAwMDAwMDAwMDAwLCJ1cGRhdGUiOjEyMDAwMDAwMDAwMH19",
          "dependencies": [
            "module.vpc.module.vpc.aws_eip.nat",
            "module.vpc.module.vpc.aws_internet_gateway.this",
            "module.vpc.module.vpc.aws_nat_gateway.this",
            "module.vpc.module.vpc.aws_route_table.private",
            "module.vpc.module.vpc.aws_subnet.public",
            "module.vpc.module.vpc.aws_vpc.this",
            "module.vpc.module.vpc.aws_vpc_ipv4_cidr_block_association.this"
          ]
        },
        {
          "index_key": 2,
          "schema_version": 0,
          "attributes": {
            "carrier_gateway_id": "",
            "core_network_arn": "",
            "destination_cidr_block": "0.0.0.0/0",
            "destination_ipv6_cidr_block": "",
            "destination_prefix_list_id": "",
            "egress_only_gateway_id": "",
            "gateway_id": "",
            "id": "r-rtb-0278f60fd7e0a922c1080289494",
            "instance_id": "",
            "instance_owner_id": "",
            "local_gateway_id": "",
            "nat_gateway_id": "nat-0cc93b54d5111f5c8",
            "network_interface_id": "",
            "origin": "CreateRoute",
            "route_table_id": "rtb-0278f60fd7e0a922c",
            "state": "active",
            "timeouts": {
              "create": "5m",
              "delete": null,
              "update": null
            },
            "transit_gateway_id": "",
            "vpc_endpoint_id": "",
            "vpc_peering_connection_id": ""
          },
          "sensitive_attributes": [],
          "identity_schema_version": 0,
          "private": "eyJlMmJmYjczMC1lY2FhLTExZTYtOGY4OC0zNDM2M2JjN2M0YzAiOnsiY3JlYXRlIjozMDAwMDAwMDAwMDAsImRlbGV0ZSI6MzAwMDAwMDAwMDAwLCJ1cGRhdGUiOjEyMDAwMDAwMDAwMH19",
          "dependencies": [
            "module.vpc.module.vpc.aws_eip.nat",
            "module.vpc.module.vpc.aws_internet_gateway.this",
            "module.vpc.module.vpc.aws_nat_gateway.this",
            "module.vpc.module.vpc.aws_route_table.private",
            "module.vpc.module.vpc.aws_subnet.public",
            "module.vpc.module.vpc.aws_vpc.this",
            "module.vpc.module.vpc.aws_vpc_ipv4_cidr_block_association.this"
          ]
        }
      ]
    },
    {
      "module": "module.vpc.module.vpc",
      "mode": "managed",
      "type": "aws_route",
      "name": "public_internet_gateway",
      "provider": "provider[\"registry.terraform.io/hashicorp/aws\"]",
      "instances": [
        {
          "index_key": 0,
          "schema_version": 0,
          "attributes": {
            "carrier_gateway_id": "",
            "core_network_arn": "",
            "destination_cidr_block": "0.0.0.0/0",
            "destination_ipv6_cidr_block": "",
            "destination_prefix_list_id": "",
            "egress_only_gateway_id": "",
            "gateway_id": "igw-0e5a4c54b748749dc",
            "id": "r-rtb-025a5975b988dd96f1080289494",
            "instance_id": "",
            "instance_owner_id": "",
            "local_gateway_id": "",
            "nat_gateway_id": "",
            "network_interface_id": "",
            "origin": "CreateRoute",
            "route_table_id": "rtb-025a5975b988dd96f",
            "state": "active",
            "timeouts": {
              "create": "5m",
              "delete": null,
              "update": null
            },
            "transit_gateway_id": "",
            "vpc_endpoint_id": "",
            "vpc_peering_connection_id": ""
          },
          "sensitive_attributes": [],
          "identity_schema_version": 0,
          "private": "eyJlMmJmYjczMC1lY2FhLTExZTYtOGY4OC0zNDM2M2JjN2M0YzAiOnsiY3JlYXRlIjozMDAwMDAwMDAwMDAsImRlbGV0ZSI6MzAwMDAwMDAwMDAwLCJ1cGRhdGUiOjEyMDAwMDAwMDAwMH19",
          "dependencies": [
            "module.vpc.module.vpc.aws_internet_gateway.this",
            "module.vpc.module.vpc.aws_route_table.public",
            "module.vpc.module.vpc.aws_vpc.this",
            "module.vpc.module.vpc.aws_vpc_ipv4_cidr_block_association.this"
          ]
        }
      ]
    },
    {
      "module": "module.vpc.module.vpc",
      "mode": "managed",
      "type": "aws_route_table",
      "name": "private",
      "provider": "provider[\"registry.terraform.io/hashicorp/aws\"]",
      "instances": [
        {
          "index_key": 0,
          "schema_version": 0,
          "attributes": {
            "arn": "arn:aws:ec2:ap-south-1:260123625978:route-table/rtb-0ed7c6848fb845728",
            "id": "rtb-0ed7c6848fb845728",
            "owner_id": "260123625978",
            "propagating_vgws": [],
            "route": [
              {
                "carrier_gateway_id": "",
                "cidr_block": "0.0.0.0/0",
                "core_network_arn": "",
                "destination_prefix_list_id": "",
                "egress_only_gateway_id": "",
                "gateway_id": "",
                "ipv6_cidr_block": "",
                "local_gateway_id": "",
                "nat_gateway_id": "nat-0bf1ad8e52ba9fc28",
                "network_interface_id": "",
                "transit_gateway_id": "",
                "vpc_endpoint_id": "",
                "vpc_peering_connection_id": ""
              }
            ],
            "tags": {
              "Environment": "development",
              "Name": "learnsphere-vpc-private-ap-south-1a",
              "Project": "learnsphere",
              "Terraform": "true"
            },
            "tags_all": {
              "Environment": "development",
              "Name": "learnsphere-vpc-private-ap-south-1a",
              "Project": "learnsphere",
              "Terraform": "true"
            },
            "timeouts": null,
            "vpc_id": "vpc-035924343cca7a2a3"
          },
          "sensitive_attributes": [],
          "identity_schema_version": 0,
          "private": "eyJlMmJmYjczMC1lY2FhLTExZTYtOGY4OC0zNDM2M2JjN2M0YzAiOnsiY3JlYXRlIjozMDAwMDAwMDAwMDAsImRlbGV0ZSI6MzAwMDAwMDAwMDAwLCJ1cGRhdGUiOjEyMDAwMDAwMDAwMH19",
          "dependencies": [
            "module.vpc.module.vpc.aws_vpc.this",
            "module.vpc.module.vpc.aws_vpc_ipv4_cidr_block_association.this"
          ]
        },
        {
          "index_key": 1,
          "schema_version": 0,
          "attributes": {
            "arn": "arn:aws:ec2:ap-south-1:260123625978:route-table/rtb-0f1b0ff9d4eaef3f5",
            "id": "rtb-0f1b0ff9d4eaef3f5",
            "owner_id": "260123625978",
            "propagating_vgws": [],
            "route": [
              {
                "carrier_gateway_id": "",
                "cidr_block": "0.0.0.0/0",
                "core_network_arn": "",
                "destination_prefix_list_id": "",
                "egress_only_gateway_id": "",
                "gateway_id": "",
                "ipv6_cidr_block": "",
                "local_gateway_id": "",
                "nat_gateway_id": "nat-05556d1427e7cb650",
                "network_interface_id": "",
                "transit_gateway_id": "",
                "vpc_endpoint_id": "",
                "vpc_peering_connection_id": ""
              }
            ],
            "tags": {
              "Environment": "development",
              "Name": "learnsphere-vpc-private-ap-south-1b",
              "Project": "learnsphere",
              "Terraform": "true"
            },
            "tags_all": {
              "Environment": "development",
              "Name": "learnsphere-vpc-private-ap-south-1b",
              "Project": "learnsphere",
              "Terraform": "true"
            },
            "timeouts": null,
            "vpc_id": "vpc-035924343cca7a2a3"
          },
          "sensitive_attributes": [],
          "identity_schema_version": 0,
          "private": "eyJlMmJmYjczMC1lY2FhLTExZTYtOGY4OC0zNDM2M2JjN2M0YzAiOnsiY3JlYXRlIjozMDAwMDAwMDAwMDAsImRlbGV0ZSI6MzAwMDAwMDAwMDAwLCJ1cGRhdGUiOjEyMDAwMDAwMDAwMH19",
          "dependencies": [
            "module.vpc.module.vpc.aws_vpc.this",
            "module.vpc.module.vpc.aws_vpc_ipv4_cidr_block_association.this"
          ]
        },
        {
          "index_key": 2,
          "schema_version": 0,
          "attributes": {
            "arn": "arn:aws:ec2:ap-south-1:260123625978:route-table/rtb-0278f60fd7e0a922c",
            "id": "rtb-0278f60fd7e0a922c",
            "owner_id": "260123625978",
            "propagating_vgws": [],
            "route": [
              {
                "carrier_gateway_id": "",
                "cidr_block": "0.0.0.0/0",
                "core_network_arn": "",
                "destination_prefix_list_id": "",
                "egress_only_gateway_id": "",
                "gateway_id": "",
                "ipv6_cidr_block": "",
                "local_gateway_id": "",
                "nat_gateway_id": "nat-0cc93b54d5111f5c8",
                "network_interface_id": "",
                "transit_gateway_id": "",
                "vpc_endpoint_id": "",
                "vpc_peering_connection_id": ""
              }
            ],
            "tags": {
              "Environment": "development",
              "Name": "learnsphere-vpc-private-ap-south-1c",
              "Project": "learnsphere",
              "Terraform": "true"
            },
            "tags_all": {
              "Environment": "development",
              "Name": "learnsphere-vpc-private-ap-south-1c",
              "Project": "learnsphere",
              "Terraform": "true"
            },
            "timeouts": null,
            "vpc_id": "vpc-035924343cca7a2a3"
          },
          "sensitive_attributes": [],
          "identity_schema_version": 0,
          "private": "eyJlMmJmYjczMC1lY2FhLTExZTYtOGY4OC0zNDM2M2JjN2M0YzAiOnsiY3JlYXRlIjozMDAwMDAwMDAwMDAsImRlbGV0ZSI6MzAwMDAwMDAwMDAwLCJ1cGRhdGUiOjEyMDAwMDAwMDAwMH19",
          "dependencies": [
            "module.vpc.module.vpc.aws_vpc.this",
            "module.vpc.module.vpc.aws_vpc_ipv4_cidr_block_association.this"
          ]
        }
      ]
    },
    {
      "module": "module.vpc.module.vpc",
      "mode": "managed",
      "type": "aws_route_table",
      "name": "public",
      "provider": "provider[\"registry.terraform.io/hashicorp/aws\"]",
      "instances": [
        {
          "index_key": 0,
          "schema_version": 0,
          "attributes": {
            "arn": "arn:aws:ec2:ap-south-1:260123625978:route-table/rtb-025a5975b988dd96f",
            "id": "rtb-025a5975b988dd96f",
            "owner_id": "260123625978",
            "propagating_vgws": [],
            "route": [
              {
                "carrier_gateway_id": "",
                "cidr_block": "0.0.0.0/0",
                "core_network_arn": "",
                "destination_prefix_list_id": "",
                "egress_only_gateway_id": "",
                "gateway_id": "igw-0e5a4c54b748749dc",
                "ipv6_cidr_block": "",
                "local_gateway_id": "",
                "nat_gateway_id": "",
                "network_interface_id": "",
                "transit_gateway_id": "",
                "vpc_endpoint_id": "",
                "vpc_peering_connection_id": ""
              }
            ],
            "tags": {
              "Environment": "development",
              "Name": "learnsphere-vpc-public",
              "Project": "learnsphere",
              "Terraform": "true"
            },
            "tags_all": {
              "Environment": "development",
              "Name": "learnsphere-vpc-public",
              "Project": "learnsphere",
              "Terraform": "true"
            },
            "timeouts": null,
            "vpc_id": "vpc-035924343cca7a2a3"
          },
          "sensitive_attributes": [],
          "identity_schema_version": 0,
          "private": "eyJlMmJmYjczMC1lY2FhLTExZTYtOGY4OC0zNDM2M2JjN2M0YzAiOnsiY3JlYXRlIjozMDAwMDAwMDAwMDAsImRlbGV0ZSI6MzAwMDAwMDAwMDAwLCJ1cGRhdGUiOjEyMDAwMDAwMDAwMH19",
          "dependencies": [
            "module.vpc.module.vpc.aws_vpc.this",
            "module.vpc.module.vpc.aws_vpc_ipv4_cidr_block_association.this"
          ]
        }
      ]
    },
    {
      "module": "module.vpc.module.vpc",
      "mode": "managed",
      "type": "aws_route_table_association",
      "name": "private",
      "provider": "provider[\"registry.terraform.io/hashicorp/aws\"]",
      "instances": [
        {
          "index_key": 0,
          "schema_version": 0,
          "attributes": {
            "gateway_id": "",
            "id": "rtbassoc-0cee666904638abb9",
            "route_table_id": "rtb-0ed7c6848fb845728",
            "subnet_id": "subnet-09d891d297e5da53f",
            "timeouts": null
          },
          "sensitive_attributes": [],
          "identity_schema_version": 0,
          "private": "eyJlMmJmYjczMC1lY2FhLTExZTYtOGY4OC0zNDM2M2JjN2M0YzAiOnsiY3JlYXRlIjozMDAwMDAwMDAwMDAsImRlbGV0ZSI6MzAwMDAwMDAwMDAwLCJ1cGRhdGUiOjEyMDAwMDAwMDAwMH19",
          "dependencies": [
            "module.vpc.module.vpc.aws_route_table.private",
            "module.vpc.module.vpc.aws_subnet.private",
            "module.vpc.module.vpc.aws_vpc.this",
            "module.vpc.module.vpc.aws_vpc_ipv4_cidr_block_association.this"
          ]
        },
        {
          "index_key": 1,
          "schema_version": 0,
          "attributes": {
            "gateway_id": "",
            "id": "rtbassoc-08858ac899c4d5bf7",
            "route_table_id": "rtb-0f1b0ff9d4eaef3f5",
            "subnet_id": "subnet-03fbc737a43ee9792",
            "timeouts": null
          },
          "sensitive_attributes": [],
          "identity_schema_version": 0,
          "private": "eyJlMmJmYjczMC1lY2FhLTExZTYtOGY4OC0zNDM2M2JjN2M0YzAiOnsiY3JlYXRlIjozMDAwMDAwMDAwMDAsImRlbGV0ZSI6MzAwMDAwMDAwMDAwLCJ1cGRhdGUiOjEyMDAwMDAwMDAwMH19",
          "dependencies": [
            "module.vpc.module.vpc.aws_route_table.private",
            "module.vpc.module.vpc.aws_subnet.private",
            "module.vpc.module.vpc.aws_vpc.this",
            "module.vpc.module.vpc.aws_vpc_ipv4_cidr_block_association.this"
          ]
        },
        {
          "index_key": 2,
          "schema_version": 0,
          "attributes": {
            "gateway_id": "",
            "id": "rtbassoc-084aba369144b3fba",
            "route_table_id": "rtb-0278f60fd7e0a922c",
            "subnet_id": "subnet-0b14807209f4d1c1c",
            "timeouts": null
          },
          "sensitive_attributes": [],
          "identity_schema_version": 0,
          "private": "eyJlMmJmYjczMC1lY2FhLTExZTYtOGY4OC0zNDM2M2JjN2M0YzAiOnsiY3JlYXRlIjozMDAwMDAwMDAwMDAsImRlbGV0ZSI6MzAwMDAwMDAwMDAwLCJ1cGRhdGUiOjEyMDAwMDAwMDAwMH19",
          "dependencies": [
            "module.vpc.module.vpc.aws_route_table.private",
            "module.vpc.module.vpc.aws_subnet.private",
            "module.vpc.module.vpc.aws_vpc.this",
            "module.vpc.module.vpc.aws_vpc_ipv4_cidr_block_association.this"
          ]
        }
      ]
    },
    {
      "module": "module.vpc.module.vpc",
      "mode": "managed",
      "type": "aws_route_table_association",
      "name": "public",
      "provider": "provider[\"registry.terraform.io/hashicorp/aws\"]",
      "instances": [
        {
          "index_key": 0,
          "schema_version": 0,
          "attributes": {
            "gateway_id": "",
            "id": "rtbassoc-061385e9e7a855f66",
            "route_table_id": "rtb-025a5975b988dd96f",
            "subnet_id": "subnet-08a135f30d6741541",
            "timeouts": null
          },
          "sensitive_attributes": [],
          "identity_schema_version": 0,
          "private": "eyJlMmJmYjczMC1lY2FhLTExZTYtOGY4OC0zNDM2M2JjN2M0YzAiOnsiY3JlYXRlIjozMDAwMDAwMDAwMDAsImRlbGV0ZSI6MzAwMDAwMDAwMDAwLCJ1cGRhdGUiOjEyMDAwMDAwMDAwMH19",
          "dependencies": [
            "module.vpc.module.vpc.aws_route_table.public",
            "module.vpc.module.vpc.aws_subnet.public",
            "module.vpc.module.vpc.aws_vpc.this",
            "module.vpc.module.vpc.aws_vpc_ipv4_cidr_block_association.this"
          ]
        },
        {
          "index_key": 1,
          "schema_version": 0,
          "attributes": {
            "gateway_id": "",
            "id": "rtbassoc-0402c8aad086cccc2",
            "route_table_id": "rtb-025a5975b988dd96f",
            "subnet_id": "subnet-0e742a7bd61eaaad8",
            "timeouts": null
          },
          "sensitive_attributes": [],
          "identity_schema_version": 0,
          "private": "eyJlMmJmYjczMC1lY2FhLTExZTYtOGY4OC0zNDM2M2JjN2M0YzAiOnsiY3JlYXRlIjozMDAwMDAwMDAwMDAsImRlbGV0ZSI6MzAwMDAwMDAwMDAwLCJ1cGRhdGUiOjEyMDAwMDAwMDAwMH19",
          "dependencies": [
            "module.vpc.module.vpc.aws_route_table.public",
            "module.vpc.module.vpc.aws_subnet.public",
            "module.vpc.module.vpc.aws_vpc.this",
            "module.vpc.module.vpc.aws_vpc_ipv4_cidr_block_association.this"
          ]
        },
        {
          "index_key": 2,
          "schema_version": 0,
          "attributes": {
            "gateway_id": "",
            "id": "rtbassoc-0517c14423b4b3ec0",
            "route_table_id": "rtb-025a5975b988dd96f",
            "subnet_id": "subnet-06bb79fb16ebadf82",
            "timeouts": null
          },
          "sensitive_attributes": [],
          "identity_schema_version": 0,
          "private": "eyJlMmJmYjczMC1lY2FhLTExZTYtOGY4OC0zNDM2M2JjN2M0YzAiOnsiY3JlYXRlIjozMDAwMDAwMDAwMDAsImRlbGV0ZSI6MzAwMDAwMDAwMDAwLCJ1cGRhdGUiOjEyMDAwMDAwMDAwMH19",
          "dependencies": [
            "module.vpc.module.vpc.aws_route_table.public",
            "module.vpc.module.vpc.aws_subnet.public",
            "module.vpc.module.vpc.aws_vpc.this",
            "module.vpc.module.vpc.aws_vpc_ipv4_cidr_block_association.this"
          ]
        }
      ]
    },
    {
      "module": "module.vpc.module.vpc",
      "mode": "managed",
      "type": "aws_subnet",
      "name": "private",
      "provider": "provider[\"registry.terraform.io/hashicorp/aws\"]",
      "instances": [
        {
          "index_key": 0,
          "schema_version": 1,
          "attributes": {
            "arn": "arn:aws:ec2:ap-south-1:260123625978:subnet/subnet-09d891d297e5da53f",
            "assign_ipv6_address_on_creation": false,
            "availability_zone": "ap-south-1a",
            "availability_zone_id": "aps1-az1",
            "cidr_block": "10.0.1.0/24",
            "customer_owned_ipv4_pool": "",
            "enable_dns64": false,
            "enable_lni_at_device_index": 0,
            "enable_resource_name_dns_a_record_on_launch": false,
            "enable_resource_name_dns_aaaa_record_on_launch": false,
            "id": "subnet-09d891d297e5da53f",
            "ipv6_cidr_block": "",
            "ipv6_cidr_block_association_id": "",
            "ipv6_native": false,
            "map_customer_owned_ip_on_launch": false,
            "map_public_ip_on_launch": false,
            "outpost_arn": "",
            "owner_id": "260123625978",
            "private_dns_hostname_type_on_launch": "ip-name",
            "tags": {
              "Environment": "development",
              "Name": "learnsphere-vpc-private-ap-south-1a",
              "Project": "learnsphere",
              "Terraform": "true"
            },
            "tags_all": {
              "Environment": "development",
              "Name": "learnsphere-vpc-private-ap-south-1a",
              "Project": "learnsphere",
              "Terraform": "true"
            },
            "timeouts": null,
            "vpc_id": "vpc-035924343cca7a2a3"
          },
          "sensitive_attributes": [],
          "identity_schema_version": 0,
          "private": "eyJlMmJmYjczMC1lY2FhLTExZTYtOGY4OC0zNDM2M2JjN2M0YzAiOnsiY3JlYXRlIjo2MDAwMDAwMDAwMDAsImRlbGV0ZSI6MTIwMDAwMDAwMDAwMH0sInNjaGVtYV92ZXJzaW9uIjoiMSJ9",
          "dependencies": [
            "module.vpc.module.vpc.aws_vpc.this",
            "module.vpc.module.vpc.aws_vpc_ipv4_cidr_block_association.this"
          ],
          "create_before_destroy": true
        },
        {
          "index_key": 1,
          "schema_version": 1,
          "attributes": {
            "arn": "arn:aws:ec2:ap-south-1:260123625978:subnet/subnet-03fbc737a43ee9792",
            "assign_ipv6_address_on_creation": false,
            "availability_zone": "ap-south-1b",
            "availability_zone_id": "aps1-az3",
            "cidr_block": "10.0.2.0/24",
            "customer_owned_ipv4_pool": "",
            "enable_dns64": false,
            "enable_lni_at_device_index": 0,
            "enable_resource_name_dns_a_record_on_launch": false,
            "enable_resource_name_dns_aaaa_record_on_launch": false,
            "id": "subnet-03fbc737a43ee9792",
            "ipv6_cidr_block": "",
            "ipv6_cidr_block_association_id": "",
            "ipv6_native": false,
            "map_customer_owned_ip_on_launch": false,
            "map_public_ip_on_launch": false,
            "outpost_arn": "",
            "owner_id": "260123625978",
            "private_dns_hostname_type_on_launch": "ip-name",
            "tags": {
              "Environment": "development",
              "Name": "learnsphere-vpc-private-ap-south-1b",
              "Project": "learnsphere",
              "Terraform": "true"
            },
            "tags_all": {
              "Environment": "development",
              "Name": "learnsphere-vpc-private-ap-south-1b",
              "Project": "learnsphere",
              "Terraform": "true"
            },
            "timeouts": null,
            "vpc_id": "vpc-035924343cca7a2a3"
          },
          "sensitive_attributes": [],
          "identity_schema_version": 0,
          "private": "eyJlMmJmYjczMC1lY2FhLTExZTYtOGY4OC0zNDM2M2JjN2M0YzAiOnsiY3JlYXRlIjo2MDAwMDAwMDAwMDAsImRlbGV0ZSI6MTIwMDAwMDAwMDAwMH0sInNjaGVtYV92ZXJzaW9uIjoiMSJ9",
          "dependencies": [
            "module.vpc.module.vpc.aws_vpc.this",
            "module.vpc.module.vpc.aws_vpc_ipv4_cidr_block_association.this"
          ],
          "create_before_destroy": true
        },
        {
          "index_key": 2,
          "schema_version": 1,
          "attributes": {
            "arn": "arn:aws:ec2:ap-south-1:260123625978:subnet/subnet-0b14807209f4d1c1c",
            "assign_ipv6_address_on_creation": false,
            "availability_zone": "ap-south-1c",
            "availability_zone_id": "aps1-az2",
            "cidr_block": "10.0.3.0/24",
            "customer_owned_ipv4_pool": "",
            "enable_dns64": false,
            "enable_lni_at_device_index": 0,
            "enable_resource_name_dns_a_record_on_launch": false,
            "enable_resource_name_dns_aaaa_record_on_launch": false,
            "id": "subnet-0b14807209f4d1c1c",
            "ipv6_cidr_block": "",
            "ipv6_cidr_block_association_id": "",
            "ipv6_native": false,
            "map_customer_owned_ip_on_launch": false,
            "map_public_ip_on_launch": false,
            "outpost_arn": "",
            "owner_id": "260123625978",
            "private_dns_hostname_type_on_launch": "ip-name",
            "tags": {
              "Environment": "development",
              "Name": "learnsphere-vpc-private-ap-south-1c",
              "Project": "learnsphere",
              "Terraform": "true"
            },
            "tags_all": {
              "Environment": "development",
              "Name": "learnsphere-vpc-private-ap-south-1c",
              "Project": "learnsphere",
              "Terraform": "true"
            },
            "timeouts": null,
            "vpc_id": "vpc-035924343cca7a2a3"
          },
          "sensitive_attributes": [],
          "identity_schema_version": 0,
          "private": "eyJlMmJmYjczMC1lY2FhLTExZTYtOGY4OC0zNDM2M2JjN2M0YzAiOnsiY3JlYXRlIjo2MDAwMDAwMDAwMDAsImRlbGV0ZSI6MTIwMDAwMDAwMDAwMH0sInNjaGVtYV92ZXJzaW9uIjoiMSJ9",
          "dependencies": [
            "module.vpc.module.vpc.aws_vpc.this",
            "module.vpc.module.vpc.aws_vpc_ipv4_cidr_block_association.this"
          ],
          "create_before_destroy": true
        }
      ]
    },
    {
      "module": "module.vpc.module.vpc",
      "mode": "managed",
      "type": "aws_subnet",
      "name": "public",
      "provider": "provider[\"registry.terraform.io/hashicorp/aws\"]",
      "instances": [
        {
          "index_key": 0,
          "schema_version": 1,
          "attributes": {
            "arn": "arn:aws:ec2:ap-south-1:260123625978:subnet/subnet-08a135f30d6741541",
            "assign_ipv6_address_on_creation": false,
            "availability_zone": "ap-south-1a",
            "availability_zone_id": "aps1-az1",
            "cidr_block": "10.0.101.0/24",
            "customer_owned_ipv4_pool": "",
            "enable_dns64": false,
            "enable_lni_at_device_index": 0,
            "enable_resource_name_dns_a_record_on_launch": false,
            "enable_resource_name_dns_aaaa_record_on_launch": false,
            "id": "subnet-08a135f30d6741541",
            "ipv6_cidr_block": "",
            "ipv6_cidr_block_association_id": "",
            "ipv6_native": false,
            "map_customer_owned_ip_on_launch": false,
            "map_public_ip_on_launch": false,
            "outpost_arn": "",
            "owner_id": "260123625978",
            "private_dns_hostname_type_on_launch": "ip-name",
            "tags": {
              "Environment": "development",
              "Name": "learnsphere-vpc-public-ap-south-1a",
              "Project": "learnsphere",
              "Terraform": "true"
            },
            "tags_all": {
              "Environment": "development",
              "Name": "learnsphere-vpc-public-ap-south-1a",
              "Project": "learnsphere",
              "Terraform": "true"
            },
            "timeouts": null,
            "vpc_id": "vpc-035924343cca7a2a3"
          },
          "sensitive_attributes": [],
          "identity_schema_version": 0,
          "private": "eyJlMmJmYjczMC1lY2FhLTExZTYtOGY4OC0zNDM2M2JjN2M0YzAiOnsiY3JlYXRlIjo2MDAwMDAwMDAwMDAsImRlbGV0ZSI6MTIwMDAwMDAwMDAwMH0sInNjaGVtYV92ZXJzaW9uIjoiMSJ9",
          "dependencies": [
            "module.vpc.module.vpc.aws_vpc.this",
            "module.vpc.module.vpc.aws_vpc_ipv4_cidr_block_association.this"
          ]
        },
        {
          "index_key": 1,
          "schema_version": 1,
          "attributes": {
            "arn": "arn:aws:ec2:ap-south-1:260123625978:subnet/subnet-0e742a7bd61eaaad8",
            "assign_ipv6_address_on_creation": false,
            "availability_zone": "ap-south-1b",
            "availability_zone_id": "aps1-az3",
            "cidr_block": "10.0.102.0/24",
            "customer_owned_ipv4_pool": "",
            "enable_dns64": false,
            "enable_lni_at_device_index": 0,
            "enable_resource_name_dns_a_record_on_launch": false,
            "enable_resource_name_dns_aaaa_record_on_launch": false,
            "id": "subnet-0e742a7bd61eaaad8",
            "ipv6_cidr_block": "",
            "ipv6_cidr_block_association_id": "",
            "ipv6_native": false,
            "map_customer_owned_ip_on_launch": false,
            "map_public_ip_on_launch": false,
            "outpost_arn": "",
            "owner_id": "260123625978",
            "private_dns_hostname_type_on_launch": "ip-name",
            "tags": {
              "Environment": "development",
              "Name": "learnsphere-vpc-public-ap-south-1b",
              "Project": "learnsphere",
              "Terraform": "true"
            },
            "tags_all": {
              "Environment": "development",
              "Name": "learnsphere-vpc-public-ap-south-1b",
              "Project": "learnsphere",
              "Terraform": "true"
            },
            "timeouts": null,
            "vpc_id": "vpc-035924343cca7a2a3"
          },
          "sensitive_attributes": [],
          "identity_schema_version": 0,
          "private": "eyJlMmJmYjczMC1lY2FhLTExZTYtOGY4OC0zNDM2M2JjN2M0YzAiOnsiY3JlYXRlIjo2MDAwMDAwMDAwMDAsImRlbGV0ZSI6MTIwMDAwMDAwMDAwMH0sInNjaGVtYV92ZXJzaW9uIjoiMSJ9",
          "dependencies": [
            "module.vpc.module.vpc.aws_vpc.this",
            "module.vpc.module.vpc.aws_vpc_ipv4_cidr_block_association.this"
          ]
        },
        {
          "index_key": 2,
          "schema_version": 1,
          "attributes": {
            "arn": "arn:aws:ec2:ap-south-1:260123625978:subnet/subnet-06bb79fb16ebadf82",
            "assign_ipv6_address_on_creation": false,
            "availability_zone": "ap-south-1c",
            "availability_zone_id": "aps1-az2",
            "cidr_block": "10.0.103.0/24",
            "customer_owned_ipv4_pool": "",
            "enable_dns64": false,
            "enable_lni_at_device_index": 0,
            "enable_resource_name_dns_a_record_on_launch": false,
            "enable_resource_name_dns_aaaa_record_on_launch": false,
            "id": "subnet-06bb79fb16ebadf82",
            "ipv6_cidr_block": "",
            "ipv6_cidr_block_association_id": "",
            "ipv6_native": false,
            "map_customer_owned_ip_on_launch": false,
            "map_public_ip_on_launch": false,
            "outpost_arn": "",
            "owner_id": "260123625978",
            "private_dns_hostname_type_on_launch": "ip-name",
            "tags": {
              "Environment": "development",
              "Name": "learnsphere-vpc-public-ap-south-1c",
              "Project": "learnsphere",
              "Terraform": "true"
            },
            "tags_all": {
              "Environment": "development",
              "Name": "learnsphere-vpc-public-ap-south-1c",
              "Project": "learnsphere",
              "Terraform": "true"
            },
            "timeouts": null,
            "vpc_id": "vpc-035924343cca7a2a3"
          },
          "sensitive_attributes": [],
          "identity_schema_version": 0,
          "private": "eyJlMmJmYjczMC1lY2FhLTExZTYtOGY4OC0zNDM2M2JjN2M0YzAiOnsiY3JlYXRlIjo2MDAwMDAwMDAwMDAsImRlbGV0ZSI6MTIwMDAwMDAwMDAwMH0sInNjaGVtYV92ZXJzaW9uIjoiMSJ9",
          "dependencies": [
            "module.vpc.module.vpc.aws_vpc.this",
            "module.vpc.module.vpc.aws_vpc_ipv4_cidr_block_association.this"
          ]
        }
      ]
    },
    {
      "module": "module.vpc.module.vpc",
      "mode": "managed",
      "type": "aws_vpc",
      "name": "this",
      "provider": "provider[\"registry.terraform.io/hashicorp/aws\"]",
      "instances": [
        {
          "index_key": 0,
          "schema_version": 1,
          "attributes": {
            "arn": "arn:aws:ec2:ap-south-1:260123625978:vpc/vpc-035924343cca7a2a3",
            "assign_generated_ipv6_cidr_block": false,
            "cidr_block": "10.0.0.0/16",
            "default_network_acl_id": "acl-0f42532ac4d1f4ae6",
            "default_route_table_id": "rtb-0b1d8b7b39970b26d",
            "default_security_group_id": "sg-0a2895d9594a0717b",
            "dhcp_options_id": "dopt-0dd87a0fc7d3dd598",
            "enable_dns_hostnames": true,
            "enable_dns_support": true,
            "enable_network_address_usage_metrics": false,
            "id": "vpc-035924343cca7a2a3",
            "instance_tenancy": "default",
            "ipv4_ipam_pool_id": null,
            "ipv4_netmask_length": null,
            "ipv6_association_id": "",
            "ipv6_cidr_block": "",
            "ipv6_cidr_block_network_border_group": "",
            "ipv6_ipam_pool_id": "",
            "ipv6_netmask_length": 0,
            "main_route_table_id": "rtb-0b1d8b7b39970b26d",
            "owner_id": "260123625978",
            "tags": {
              "Environment": "development",
              "Name": "learnsphere-vpc",
              "Project": "learnsphere",
              "Terraform": "true"
            },
            "tags_all": {
              "Environment": "development",
              "Name": "learnsphere-vpc",
              "Project": "learnsphere",
              "Terraform": "true"
            }
          },
          "sensitive_attributes": [],
          "identity_schema_version": 0,
          "private": "eyJzY2hlbWFfdmVyc2lvbiI6IjEifQ==",
          "create_before_destroy": true
        }
      ]
    },
    {
      "module": "module.vpc.module.vpc",
      "mode": "managed",
      "type": "aws_vpn_gateway",
      "name": "this",
      "provider": "provider[\"registry.terraform.io/hashicorp/aws\"]",
      "instances": [
        {
          "index_key": 0,
          "schema_version": 0,
          "attributes": {
            "amazon_side_asn": "64512",
            "arn": "arn:aws:ec2:ap-south-1:260123625978:vpn-gateway/vgw-0400b3b9e1da1a65d",
            "availability_zone": null,
            "id": "vgw-0400b3b9e1da1a65d",
            "tags": {
              "Environment": "development",
              "Name": "learnsphere-vpc",
              "Project": "learnsphere",
              "Terraform": "true"
            },
            "tags_all": {
              "Environment": "development",
              "Name": "learnsphere-vpc",
              "Project": "learnsphere",
              "Terraform": "true"
            },
            "vpc_id": "vpc-035924343cca7a2a3"
          },
          "sensitive_attributes": [],
          "identity_schema_version": 0,
          "private": "bnVsbA==",
          "dependencies": [
            "module.vpc.module.vpc.aws_vpc.this",
            "module.vpc.module.vpc.aws_vpc_ipv4_cidr_block_association.this"
          ]
        }
      ]
    }
  ],
  "check_results": [
    {
      "object_kind": "resource",
      "config_addr": "module.eks.module.eks.module.self_managed_node_group.module.user_data.null_resource.validate_cluster_service_cidr",
      "status": "pass",
      "objects": null
    },
    {
      "object_kind": "resource",
      "config_addr": "module.eks.module.eks.module.eks_managed_node_group.module.user_data.null_resource.validate_cluster_service_cidr",
      "status": "pass",
      "objects": [
        {
          "object_addr": "module.eks.module.eks.module.eks_managed_node_group[\"learnsphere_nodes\"].module.user_data.null_resource.validate_cluster_service_cidr",
          "status": "pass"
        }
      ]
    }
  ]
}
